
Microsoft Visual Studio Solution File, Format Version 12.00
# Visual Studio 2013
VisualStudioVersion = 12.0.21005.1
MinimumVisualStudioVersion = 10.0.40219.1
Project("{FAE04EC0-301F-11D3-BF4B-00C04F79EFBC}") = "Neuroflow", "Neuroflow\Neuroflow.csproj", "{EB83BF8D-63AD-4D0F-9F1C-686A4F04475C}"
EndProject
Project("{FAE04EC0-301F-11D3-BF4B-00C04F79EFBC}") = "Neuroflow.UT", "Neuroflow.UT\Neuroflow.UT.csproj", "{259845FA-9834-41E9-A53E-8AE96E1A09EA}"
	ProjectSection(ProjectDependencies) = postProject
		{6417A480-6C0D-4F73-8447-CE864B378204} = {6417A480-6C0D-4F73-8447-CE864B378204}
	EndProjectSection
EndProject
Project("{FAE04EC0-301F-11D3-BF4B-00C04F79EFBC}") = "TestConsole", "TestConsole\TestConsole.csproj", "{DF6AD2FA-8708-4E0F-B873-E85F6E6B69E6}"
EndProject
Project("{8BC9CEB8-8B4A-11D0-8D11-00A0C91BC942}") = "Neuroflow.Native", "Neuroflow.Native\Neuroflow.Native.vcxproj", "{137F4CFE-529F-4886-9FAF-BE4B4847C754}"
EndProject
Project("{8BC9CEB8-8B4A-11D0-8D11-00A0C91BC942}") = "NeuroflowN", "NeuroflowN\NeuroflowN.vcxproj", "{6417A480-6C0D-4F73-8447-CE864B378204}"
EndProject
Project("{2150E333-8FDC-42A3-9474-1A3956D46DE8}") = ".nuget", ".nuget", "{A1338E53-0327-466A-8A8F-AF1B23687D87}"
	ProjectSection(SolutionItems) = preProject
		.nuget\NuGet.Config = .nuget\NuGet.Config
		.nuget\NuGet.exe = .nuget\NuGet.exe
		.nuget\NuGet.targets = .nuget\NuGet.targets
	EndProjectSection
EndProject
Project("{2150E333-8FDC-42A3-9474-1A3956D46DE8}") = "!GIT", "!GIT", "{4722DFEF-F10F-43C4-80B8-EAA5B0BC73BB}"
	ProjectSection(SolutionItems) = preProject
		COPYRIGHT.md = COPYRIGHT.md
		LICENSE.md = LICENSE.md
		README.md = README.md
	EndProjectSection
EndProject
Project("{8BC9CEB8-8B4A-11D0-8D11-00A0C91BC942}") = "NeuroflowN.UT", "NeuroflowN.UT\NeuroflowN.UT.vcxproj", "{698EBDD7-4FEB-4FD5-89FA-5A269EC610F3}"
EndProject
Project("{2150E333-8FDC-42A3-9474-1A3956D46DE8}") = "1. KernelPlans", "1. KernelPlans", "{37FDC73D-9010-4519-8667-E2B960BF98CA}"
	ProjectSection(SolutionItems) = preProject
		KernelPlans\RTLR_CPU.cpp = KernelPlans\RTLR_CPU.cpp
		KernelPlans\RTLR_GPU.cpp = KernelPlans\RTLR_GPU.cpp
	EndProjectSection
EndProject
Project("{2150E333-8FDC-42A3-9474-1A3956D46DE8}") = ".new", ".new", "{AE357080-8CFF-4E31-ACDF-82227214EB57}"
EndProject
Project("{8BC9CEB8-8B4A-11D0-8D11-00A0C91BC942}") = "NeuroflowLib", "NeuroflowLib\NeuroflowLib.vcxproj", "{1E3F9155-8960-457D-8A38-9F1E20F07763}"
EndProject
Project("{8BC9CEB8-8B4A-11D0-8D11-00A0C91BC942}") = "NeuroflowTestConsole", "NeuroflowTestConsole\NeuroflowTestConsole.vcxproj", "{D8C45AC1-FEB7-4465-98A2-D868168330F3}"
EndProject
Global
	GlobalSection(SolutionConfigurationPlatforms) = preSolution
		Debug|Mixed Platforms = Debug|Mixed Platforms
		Debug|Win32 = Debug|Win32
		Debug|x64 = Debug|x64
		Debug|x86 = Debug|x86
		Release|Mixed Platforms = Release|Mixed Platforms
		Release|Win32 = Release|Win32
		Release|x64 = Release|x64
		Release|x86 = Release|x86
	EndGlobalSection
	GlobalSection(ProjectConfigurationPlatforms) = postSolution
		{EB83BF8D-63AD-4D0F-9F1C-686A4F04475C}.Debug|Mixed Platforms.ActiveCfg = Debug|x86
		{EB83BF8D-63AD-4D0F-9F1C-686A4F04475C}.Debug|Mixed Platforms.Build.0 = Debug|x86
		{EB83BF8D-63AD-4D0F-9F1C-686A4F04475C}.Debug|Win32.ActiveCfg = Debug|x86
		{EB83BF8D-63AD-4D0F-9F1C-686A4F04475C}.Debug|Win32.Build.0 = Debug|x86
		{EB83BF8D-63AD-4D0F-9F1C-686A4F04475C}.Debug|x64.ActiveCfg = Debug|x64
		{EB83BF8D-63AD-4D0F-9F1C-686A4F04475C}.Debug|x64.Build.0 = Debug|x64
		{EB83BF8D-63AD-4D0F-9F1C-686A4F04475C}.Debug|x86.ActiveCfg = Debug|x86
		{EB83BF8D-63AD-4D0F-9F1C-686A4F04475C}.Debug|x86.Build.0 = Debug|x86
		{EB83BF8D-63AD-4D0F-9F1C-686A4F04475C}.Release|Mixed Platforms.ActiveCfg = Release|x86
		{EB83BF8D-63AD-4D0F-9F1C-686A4F04475C}.Release|Mixed Platforms.Build.0 = Release|x86
		{EB83BF8D-63AD-4D0F-9F1C-686A4F04475C}.Release|Win32.ActiveCfg = Release|x86
		{EB83BF8D-63AD-4D0F-9F1C-686A4F04475C}.Release|Win32.Build.0 = Release|x86
		{EB83BF8D-63AD-4D0F-9F1C-686A4F04475C}.Release|x64.ActiveCfg = Release|x64
		{EB83BF8D-63AD-4D0F-9F1C-686A4F04475C}.Release|x64.Build.0 = Release|x64
		{EB83BF8D-63AD-4D0F-9F1C-686A4F04475C}.Release|x86.ActiveCfg = Release|x86
		{EB83BF8D-63AD-4D0F-9F1C-686A4F04475C}.Release|x86.Build.0 = Release|x86
		{259845FA-9834-41E9-A53E-8AE96E1A09EA}.Debug|Mixed Platforms.ActiveCfg = Debug|x86
		{259845FA-9834-41E9-A53E-8AE96E1A09EA}.Debug|Mixed Platforms.Build.0 = Debug|x86
		{259845FA-9834-41E9-A53E-8AE96E1A09EA}.Debug|Win32.ActiveCfg = Debug|x86
		{259845FA-9834-41E9-A53E-8AE96E1A09EA}.Debug|Win32.Build.0 = Debug|x86
		{259845FA-9834-41E9-A53E-8AE96E1A09EA}.Debug|x64.ActiveCfg = Debug|x64
		{259845FA-9834-41E9-A53E-8AE96E1A09EA}.Debug|x64.Build.0 = Debug|x64
		{259845FA-9834-41E9-A53E-8AE96E1A09EA}.Debug|x86.ActiveCfg = Debug|x86
		{259845FA-9834-41E9-A53E-8AE96E1A09EA}.Debug|x86.Build.0 = Debug|x86
		{259845FA-9834-41E9-A53E-8AE96E1A09EA}.Release|Mixed Platforms.ActiveCfg = Release|x86
		{259845FA-9834-41E9-A53E-8AE96E1A09EA}.Release|Mixed Platforms.Build.0 = Release|x86
		{259845FA-9834-41E9-A53E-8AE96E1A09EA}.Release|Win32.ActiveCfg = Release|x86
		{259845FA-9834-41E9-A53E-8AE96E1A09EA}.Release|Win32.Build.0 = Release|x86
		{259845FA-9834-41E9-A53E-8AE96E1A09EA}.Release|x64.ActiveCfg = Release|x64
		{259845FA-9834-41E9-A53E-8AE96E1A09EA}.Release|x64.Build.0 = Release|x64
		{259845FA-9834-41E9-A53E-8AE96E1A09EA}.Release|x86.ActiveCfg = Release|x86
		{259845FA-9834-41E9-A53E-8AE96E1A09EA}.Release|x86.Build.0 = Release|x86
		{DF6AD2FA-8708-4E0F-B873-E85F6E6B69E6}.Debug|Mixed Platforms.ActiveCfg = Debug|x86
		{DF6AD2FA-8708-4E0F-B873-E85F6E6B69E6}.Debug|Mixed Platforms.Build.0 = Debug|x86
		{DF6AD2FA-8708-4E0F-B873-E85F6E6B69E6}.Debug|Win32.ActiveCfg = Debug|x86
		{DF6AD2FA-8708-4E0F-B873-E85F6E6B69E6}.Debug|Win32.Build.0 = Debug|x86
		{DF6AD2FA-8708-4E0F-B873-E85F6E6B69E6}.Debug|x64.ActiveCfg = Debug|x64
		{DF6AD2FA-8708-4E0F-B873-E85F6E6B69E6}.Debug|x64.Build.0 = Debug|x64
		{DF6AD2FA-8708-4E0F-B873-E85F6E6B69E6}.Debug|x86.ActiveCfg = Debug|x86
		{DF6AD2FA-8708-4E0F-B873-E85F6E6B69E6}.Debug|x86.Build.0 = Debug|x86
		{DF6AD2FA-8708-4E0F-B873-E85F6E6B69E6}.Release|Mixed Platforms.ActiveCfg = Release|x86
		{DF6AD2FA-8708-4E0F-B873-E85F6E6B69E6}.Release|Mixed Platforms.Build.0 = Release|x86
		{DF6AD2FA-8708-4E0F-B873-E85F6E6B69E6}.Release|Win32.ActiveCfg = Release|x86
		{DF6AD2FA-8708-4E0F-B873-E85F6E6B69E6}.Release|Win32.Build.0 = Release|x86
		{DF6AD2FA-8708-4E0F-B873-E85F6E6B69E6}.Release|x64.ActiveCfg = Release|x64
		{DF6AD2FA-8708-4E0F-B873-E85F6E6B69E6}.Release|x64.Build.0 = Release|x64
		{DF6AD2FA-8708-4E0F-B873-E85F6E6B69E6}.Release|x86.ActiveCfg = Release|x86
		{DF6AD2FA-8708-4E0F-B873-E85F6E6B69E6}.Release|x86.Build.0 = Release|x86
		{137F4CFE-529F-4886-9FAF-BE4B4847C754}.Debug|Mixed Platforms.ActiveCfg = Debug|Win32
		{137F4CFE-529F-4886-9FAF-BE4B4847C754}.Debug|Mixed Platforms.Build.0 = Debug|Win32
		{137F4CFE-529F-4886-9FAF-BE4B4847C754}.Debug|Win32.ActiveCfg = Debug|Win32
		{137F4CFE-529F-4886-9FAF-BE4B4847C754}.Debug|Win32.Build.0 = Debug|Win32
		{137F4CFE-529F-4886-9FAF-BE4B4847C754}.Debug|x64.ActiveCfg = Debug|x64
		{137F4CFE-529F-4886-9FAF-BE4B4847C754}.Debug|x64.Build.0 = Debug|x64
		{137F4CFE-529F-4886-9FAF-BE4B4847C754}.Debug|x86.ActiveCfg = Debug|Win32
		{137F4CFE-529F-4886-9FAF-BE4B4847C754}.Debug|x86.Build.0 = Debug|Win32
		{137F4CFE-529F-4886-9FAF-BE4B4847C754}.Release|Mixed Platforms.ActiveCfg = Release|Win32
		{137F4CFE-529F-4886-9FAF-BE4B4847C754}.Release|Mixed Platforms.Build.0 = Release|Win32
		{137F4CFE-529F-4886-9FAF-BE4B4847C754}.Release|Win32.ActiveCfg = Release|Win32
		{137F4CFE-529F-4886-9FAF-BE4B4847C754}.Release|Win32.Build.0 = Release|Win32
		{137F4CFE-529F-4886-9FAF-BE4B4847C754}.Release|x64.ActiveCfg = Release|x64
		{137F4CFE-529F-4886-9FAF-BE4B4847C754}.Release|x64.Build.0 = Release|x64
		{137F4CFE-529F-4886-9FAF-BE4B4847C754}.Release|x86.ActiveCfg = Release|Win32
		{137F4CFE-529F-4886-9FAF-BE4B4847C754}.Release|x86.Build.0 = Release|Win32
		{6417A480-6C0D-4F73-8447-CE864B378204}.Debug|Mixed Platforms.ActiveCfg = Debug|Win32
		{6417A480-6C0D-4F73-8447-CE864B378204}.Debug|Mixed Platforms.Build.0 = Debug|Win32
		{6417A480-6C0D-4F73-8447-CE864B378204}.Debug|Win32.ActiveCfg = Debug|Win32
		{6417A480-6C0D-4F73-8447-CE864B378204}.Debug|Win32.Build.0 = Debug|Win32
		{6417A480-6C0D-4F73-8447-CE864B378204}.Debug|x64.ActiveCfg = Debug|x64
		{6417A480-6C0D-4F73-8447-CE864B378204}.Debug|x64.Build.0 = Debug|x64
		{6417A480-6C0D-4F73-8447-CE864B378204}.Debug|x86.ActiveCfg = Debug|Win32
		{6417A480-6C0D-4F73-8447-CE864B378204}.Debug|x86.Build.0 = Debug|Win32
		{6417A480-6C0D-4F73-8447-CE864B378204}.Release|Mixed Platforms.ActiveCfg = Release|Win32
		{6417A480-6C0D-4F73-8447-CE864B378204}.Release|Mixed Platforms.Build.0 = Release|Win32
		{6417A480-6C0D-4F73-8447-CE864B378204}.Release|Win32.ActiveCfg = Release|Win32
		{6417A480-6C0D-4F73-8447-CE864B378204}.Release|Win32.Build.0 = Release|Win32
		{6417A480-6C0D-4F73-8447-CE864B378204}.Release|x64.ActiveCfg = Release|x64
		{6417A480-6C0D-4F73-8447-CE864B378204}.Release|x64.Build.0 = Release|x64
		{6417A480-6C0D-4F73-8447-CE864B378204}.Release|x86.ActiveCfg = Release|Win32
		{6417A480-6C0D-4F73-8447-CE864B378204}.Release|x86.Build.0 = Release|Win32
		{698EBDD7-4FEB-4FD5-89FA-5A269EC610F3}.Debug|Mixed Platforms.ActiveCfg = Debug|Win32
		{698EBDD7-4FEB-4FD5-89FA-5A269EC610F3}.Debug|Mixed Platforms.Build.0 = Debug|Win32
		{698EBDD7-4FEB-4FD5-89FA-5A269EC610F3}.Debug|Win32.ActiveCfg = Debug|Win32
		{698EBDD7-4FEB-4FD5-89FA-5A269EC610F3}.Debug|Win32.Build.0 = Debug|Win32
		{698EBDD7-4FEB-4FD5-89FA-5A269EC610F3}.Debug|x64.ActiveCfg = Debug|x64
		{698EBDD7-4FEB-4FD5-89FA-5A269EC610F3}.Debug|x64.Build.0 = Debug|x64
		{698EBDD7-4FEB-4FD5-89FA-5A269EC610F3}.Debug|x86.ActiveCfg = Debug|Win32
		{698EBDD7-4FEB-4FD5-89FA-5A269EC610F3}.Debug|x86.Build.0 = Debug|Win32
		{698EBDD7-4FEB-4FD5-89FA-5A269EC610F3}.Release|Mixed Platforms.ActiveCfg = Release|Win32
		{698EBDD7-4FEB-4FD5-89FA-5A269EC610F3}.Release|Mixed Platforms.Build.0 = Release|Win32
		{698EBDD7-4FEB-4FD5-89FA-5A269EC610F3}.Release|Win32.ActiveCfg = Release|Win32
		{698EBDD7-4FEB-4FD5-89FA-5A269EC610F3}.Release|Win32.Build.0 = Release|Win32
		{698EBDD7-4FEB-4FD5-89FA-5A269EC610F3}.Release|x64.ActiveCfg = Release|x64
		{698EBDD7-4FEB-4FD5-89FA-5A269EC610F3}.Release|x64.Build.0 = Release|x64
		{698EBDD7-4FEB-4FD5-89FA-5A269EC610F3}.Release|x86.ActiveCfg = Release|Win32
		{698EBDD7-4FEB-4FD5-89FA-5A269EC610F3}.Release|x86.Build.0 = Release|Win32
		{1E3F9155-8960-457D-8A38-9F1E20F07763}.Debug|Mixed Platforms.ActiveCfg = Debug|Win32
		{1E3F9155-8960-457D-8A38-9F1E20F07763}.Debug|Mixed Platforms.Build.0 = Debug|Win32
		{1E3F9155-8960-457D-8A38-9F1E20F07763}.Debug|Win32.ActiveCfg = Debug|Win32
		{1E3F9155-8960-457D-8A38-9F1E20F07763}.Debug|Win32.Build.0 = Debug|Win32
		{1E3F9155-8960-457D-8A38-9F1E20F07763}.Debug|x64.ActiveCfg = Debug|Win32
		{1E3F9155-8960-457D-8A38-9F1E20F07763}.Debug|x86.ActiveCfg = Debug|Win32
		{1E3F9155-8960-457D-8A38-9F1E20F07763}.Debug|x86.Build.0 = Debug|Win32
		{1E3F9155-8960-457D-8A38-9F1E20F07763}.Release|Mixed Platforms.ActiveCfg = Release|Win32
		{1E3F9155-8960-457D-8A38-9F1E20F07763}.Release|Mixed Platforms.Build.0 = Release|Win32
		{1E3F9155-8960-457D-8A38-9F1E20F07763}.Release|Win32.ActiveCfg = Release|Win32
		{1E3F9155-8960-457D-8A38-9F1E20F07763}.Release|Win32.Build.0 = Release|Win32
		{1E3F9155-8960-457D-8A38-9F1E20F07763}.Release|x64.ActiveCfg = Release|Win32
		{1E3F9155-8960-457D-8A38-9F1E20F07763}.Release|x86.ActiveCfg = Release|Win32
		{1E3F9155-8960-457D-8A38-9F1E20F07763}.Release|x86.Build.0 = Release|Win32
		{D8C45AC1-FEB7-4465-98A2-D868168330F3}.Debug|Mixed Platforms.ActiveCfg = Debug|Win32
		{D8C45AC1-FEB7-4465-98A2-D868168330F3}.Debug|Mixed Platforms.Build.0 = Debug|Win32
		{D8C45AC1-FEB7-4465-98A2-D868168330F3}.Debug|Win32.ActiveCfg = Debug|Win32
		{D8C45AC1-FEB7-4465-98A2-D868168330F3}.Debug|Win32.Build.0 = Debug|Win32
		{D8C45AC1-FEB7-4465-98A2-D868168330F3}.Debug|x64.ActiveCfg = Debug|Win32
		{D8C45AC1-FEB7-4465-98A2-D868168330F3}.Debug|x86.ActiveCfg = Debug|Win32
		{D8C45AC1-FEB7-4465-98A2-D868168330F3}.Debug|x86.Build.0 = Debug|Win32
		{D8C45AC1-FEB7-4465-98A2-D868168330F3}.Release|Mixed Platforms.ActiveCfg = Release|Win32
		{D8C45AC1-FEB7-4465-98A2-D868168330F3}.Release|Mixed Platforms.Build.0 = Release|Win32
		{D8C45AC1-FEB7-4465-98A2-D868168330F3}.Release|Win32.ActiveCfg = Release|Win32
		{D8C45AC1-FEB7-4465-98A2-D868168330F3}.Release|Win32.Build.0 = Release|Win32
		{D8C45AC1-FEB7-4465-98A2-D868168330F3}.Release|x64.ActiveCfg = Release|Win32
		{D8C45AC1-FEB7-4465-98A2-D868168330F3}.Release|x86.ActiveCfg = Release|Win32
		{D8C45AC1-FEB7-4465-98A2-D868168330F3}.Release|x86.Build.0 = Release|Win32
	EndGlobalSection
	GlobalSection(SolutionProperties) = preSolution
		HideSolutionNode = FALSE
	EndGlobalSection
	GlobalSection(NestedProjects) = preSolution
		{1E3F9155-8960-457D-8A38-9F1E20F07763} = {AE357080-8CFF-4E31-ACDF-82227214EB57}
		{D8C45AC1-FEB7-4465-98A2-D868168330F3} = {AE357080-8CFF-4E31-ACDF-82227214EB57}
	EndGlobalSection
EndGlobal
