
Microsoft Visual Studio Solution File, Format Version 11.00
# Visual Studio 2010
Project("{2150E333-8FDC-42A3-9474-1A3956D46DE8}") = "ImageNoiseRemoval", "ImageNoiseRemoval", "{916723F2-A8C8-4B68-AF3B-32AB2235628E}"
EndProject
Project("{FAE04EC0-301F-11D3-BF4B-00C04F79EFBC}") = "ImgNoise.Training", "ImgNoise\ImgNoise.Training\ImgNoise.Training.csproj", "{633369D6-BDE8-4B48-A831-3D15EDA1716A}"
EndProject
Project("{FAE04EC0-301F-11D3-BF4B-00C04F79EFBC}") = "ImgNoise.Test", "ImgNoise\ImgNoise.Test\ImgNoise.Test.csproj", "{65B96E86-5FEF-4F2D-A439-71ED2AF6733C}"
EndProject
Project("{FAE04EC0-301F-11D3-BF4B-00C04F79EFBC}") = "NeoComp", "NeoComp\NeoComp.csproj", "{C0E027E3-EF01-442E-91A6-52C59BCAA93B}"
EndProject
Project("{FAE04EC0-301F-11D3-BF4B-00C04F79EFBC}") = "ImgNoise.Features", "ImgNoise\ImgNoise.Features\ImgNoise.Features.csproj", "{C1DA8E48-8E5A-481F-B4D1-C58D983A8A51}"
EndProject
Project("{2150E333-8FDC-42A3-9474-1A3956D46DE8}") = "Gender", "Gender", "{5B47DE5C-BEAD-4838-9E32-33033B92E70E}"
EndProject
Project("{FAE04EC0-301F-11D3-BF4B-00C04F79EFBC}") = "Gender.Data", "Gender\Gender.Data\Gender.Data.csproj", "{0F44F959-FA22-42C8-BC14-4B4119178A4C}"
EndProject
Project("{FAE04EC0-301F-11D3-BF4B-00C04F79EFBC}") = "Gender.Training", "Gender\Gender.Training\Gender.Training.csproj", "{3CA426BE-7B53-4E1D-BE87-4D90E863A656}"
EndProject
Project("{2150E333-8FDC-42A3-9474-1A3956D46DE8}") = "Logic", "Logic", "{55E32EEE-CD7E-4C0E-A31F-E394BC1EA495}"
EndProject
Project("{FAE04EC0-301F-11D3-BF4B-00C04F79EFBC}") = "LogicTest", "LogicTest\LogicTest.csproj", "{FE182185-DDFE-4F4D-867B-1BA8324EB520}"
EndProject
Global
	GlobalSection(SolutionConfigurationPlatforms) = preSolution
		Debug|Any CPU = Debug|Any CPU
		Debug|Mixed Platforms = Debug|Mixed Platforms
		Debug|x86 = Debug|x86
		Release|Any CPU = Release|Any CPU
		Release|Mixed Platforms = Release|Mixed Platforms
		Release|x86 = Release|x86
	EndGlobalSection
	GlobalSection(ProjectConfigurationPlatforms) = postSolution
		{633369D6-BDE8-4B48-A831-3D15EDA1716A}.Debug|Any CPU.ActiveCfg = Debug|Any CPU
		{633369D6-BDE8-4B48-A831-3D15EDA1716A}.Debug|Any CPU.Build.0 = Debug|Any CPU
		{633369D6-BDE8-4B48-A831-3D15EDA1716A}.Debug|Mixed Platforms.ActiveCfg = Debug|x86
		{633369D6-BDE8-4B48-A831-3D15EDA1716A}.Debug|Mixed Platforms.Build.0 = Debug|x86
		{633369D6-BDE8-4B48-A831-3D15EDA1716A}.Debug|x86.ActiveCfg = Debug|x86
		{633369D6-BDE8-4B48-A831-3D15EDA1716A}.Debug|x86.Build.0 = Debug|x86
		{633369D6-BDE8-4B48-A831-3D15EDA1716A}.Release|Any CPU.ActiveCfg = Release|Any CPU
		{633369D6-BDE8-4B48-A831-3D15EDA1716A}.Release|Any CPU.Build.0 = Release|Any CPU
		{633369D6-BDE8-4B48-A831-3D15EDA1716A}.Release|Mixed Platforms.ActiveCfg = Release|x86
		{633369D6-BDE8-4B48-A831-3D15EDA1716A}.Release|Mixed Platforms.Build.0 = Release|x86
		{633369D6-BDE8-4B48-A831-3D15EDA1716A}.Release|x86.ActiveCfg = Release|x86
		{633369D6-BDE8-4B48-A831-3D15EDA1716A}.Release|x86.Build.0 = Release|x86
		{65B96E86-5FEF-4F2D-A439-71ED2AF6733C}.Debug|Any CPU.ActiveCfg = Debug|Any CPU
		{65B96E86-5FEF-4F2D-A439-71ED2AF6733C}.Debug|Any CPU.Build.0 = Debug|Any CPU
		{65B96E86-5FEF-4F2D-A439-71ED2AF6733C}.Debug|Mixed Platforms.ActiveCfg = Debug|x86
		{65B96E86-5FEF-4F2D-A439-71ED2AF6733C}.Debug|Mixed Platforms.Build.0 = Debug|x86
		{65B96E86-5FEF-4F2D-A439-71ED2AF6733C}.Debug|x86.ActiveCfg = Debug|x86
		{65B96E86-5FEF-4F2D-A439-71ED2AF6733C}.Debug|x86.Build.0 = Debug|x86
		{65B96E86-5FEF-4F2D-A439-71ED2AF6733C}.Release|Any CPU.ActiveCfg = Release|Any CPU
		{65B96E86-5FEF-4F2D-A439-71ED2AF6733C}.Release|Any CPU.Build.0 = Release|Any CPU
		{65B96E86-5FEF-4F2D-A439-71ED2AF6733C}.Release|Mixed Platforms.ActiveCfg = Release|x86
		{65B96E86-5FEF-4F2D-A439-71ED2AF6733C}.Release|Mixed Platforms.Build.0 = Release|x86
		{65B96E86-5FEF-4F2D-A439-71ED2AF6733C}.Release|x86.ActiveCfg = Release|x86
		{65B96E86-5FEF-4F2D-A439-71ED2AF6733C}.Release|x86.Build.0 = Release|x86
		{C0E027E3-EF01-442E-91A6-52C59BCAA93B}.Debug|Any CPU.ActiveCfg = Debug|Any CPU
		{C0E027E3-EF01-442E-91A6-52C59BCAA93B}.Debug|Any CPU.Build.0 = Debug|Any CPU
		{C0E027E3-EF01-442E-91A6-52C59BCAA93B}.Debug|Mixed Platforms.ActiveCfg = Debug|Any CPU
		{C0E027E3-EF01-442E-91A6-52C59BCAA93B}.Debug|Mixed Platforms.Build.0 = Debug|Any CPU
		{C0E027E3-EF01-442E-91A6-52C59BCAA93B}.Debug|x86.ActiveCfg = Debug|Any CPU
		{C0E027E3-EF01-442E-91A6-52C59BCAA93B}.Release|Any CPU.ActiveCfg = Release|Any CPU
		{C0E027E3-EF01-442E-91A6-52C59BCAA93B}.Release|Any CPU.Build.0 = Release|Any CPU
		{C0E027E3-EF01-442E-91A6-52C59BCAA93B}.Release|Mixed Platforms.ActiveCfg = Release|Any CPU
		{C0E027E3-EF01-442E-91A6-52C59BCAA93B}.Release|Mixed Platforms.Build.0 = Release|Any CPU
		{C0E027E3-EF01-442E-91A6-52C59BCAA93B}.Release|x86.ActiveCfg = Release|Any CPU
		{C1DA8E48-8E5A-481F-B4D1-C58D983A8A51}.Debug|Any CPU.ActiveCfg = Debug|Any CPU
		{C1DA8E48-8E5A-481F-B4D1-C58D983A8A51}.Debug|Any CPU.Build.0 = Debug|Any CPU
		{C1DA8E48-8E5A-481F-B4D1-C58D983A8A51}.Debug|Mixed Platforms.ActiveCfg = Debug|x86
		{C1DA8E48-8E5A-481F-B4D1-C58D983A8A51}.Debug|Mixed Platforms.Build.0 = Debug|x86
		{C1DA8E48-8E5A-481F-B4D1-C58D983A8A51}.Debug|x86.ActiveCfg = Debug|x86
		{C1DA8E48-8E5A-481F-B4D1-C58D983A8A51}.Debug|x86.Build.0 = Debug|x86
		{C1DA8E48-8E5A-481F-B4D1-C58D983A8A51}.Release|Any CPU.ActiveCfg = Release|Any CPU
		{C1DA8E48-8E5A-481F-B4D1-C58D983A8A51}.Release|Any CPU.Build.0 = Release|Any CPU
		{C1DA8E48-8E5A-481F-B4D1-C58D983A8A51}.Release|Mixed Platforms.ActiveCfg = Release|x86
		{C1DA8E48-8E5A-481F-B4D1-C58D983A8A51}.Release|Mixed Platforms.Build.0 = Release|x86
		{C1DA8E48-8E5A-481F-B4D1-C58D983A8A51}.Release|x86.ActiveCfg = Release|x86
		{C1DA8E48-8E5A-481F-B4D1-C58D983A8A51}.Release|x86.Build.0 = Release|x86
		{0F44F959-FA22-42C8-BC14-4B4119178A4C}.Debug|Any CPU.ActiveCfg = Debug|Any CPU
		{0F44F959-FA22-42C8-BC14-4B4119178A4C}.Debug|Mixed Platforms.ActiveCfg = Debug|Any CPU
		{0F44F959-FA22-42C8-BC14-4B4119178A4C}.Debug|Mixed Platforms.Build.0 = Debug|Any CPU
		{0F44F959-FA22-42C8-BC14-4B4119178A4C}.Debug|x86.ActiveCfg = Debug|x86
		{0F44F959-FA22-42C8-BC14-4B4119178A4C}.Debug|x86.Build.0 = Debug|x86
		{0F44F959-FA22-42C8-BC14-4B4119178A4C}.Release|Any CPU.ActiveCfg = Release|Any CPU
		{0F44F959-FA22-42C8-BC14-4B4119178A4C}.Release|Any CPU.Build.0 = Release|Any CPU
		{0F44F959-FA22-42C8-BC14-4B4119178A4C}.Release|Mixed Platforms.ActiveCfg = Release|Any CPU
		{0F44F959-FA22-42C8-BC14-4B4119178A4C}.Release|Mixed Platforms.Build.0 = Release|Any CPU
		{0F44F959-FA22-42C8-BC14-4B4119178A4C}.Release|x86.ActiveCfg = Release|x86
		{0F44F959-FA22-42C8-BC14-4B4119178A4C}.Release|x86.Build.0 = Release|x86
		{3CA426BE-7B53-4E1D-BE87-4D90E863A656}.Debug|Any CPU.ActiveCfg = Debug|Any CPU
		{3CA426BE-7B53-4E1D-BE87-4D90E863A656}.Debug|Mixed Platforms.ActiveCfg = Debug|Any CPU
		{3CA426BE-7B53-4E1D-BE87-4D90E863A656}.Debug|Mixed Platforms.Build.0 = Debug|Any CPU
		{3CA426BE-7B53-4E1D-BE87-4D90E863A656}.Debug|x86.ActiveCfg = Debug|x86
		{3CA426BE-7B53-4E1D-BE87-4D90E863A656}.Debug|x86.Build.0 = Debug|x86
		{3CA426BE-7B53-4E1D-BE87-4D90E863A656}.Release|Any CPU.ActiveCfg = Release|Any CPU
		{3CA426BE-7B53-4E1D-BE87-4D90E863A656}.Release|Any CPU.Build.0 = Release|Any CPU
		{3CA426BE-7B53-4E1D-BE87-4D90E863A656}.Release|Mixed Platforms.ActiveCfg = Release|Any CPU
		{3CA426BE-7B53-4E1D-BE87-4D90E863A656}.Release|Mixed Platforms.Build.0 = Release|Any CPU
		{3CA426BE-7B53-4E1D-BE87-4D90E863A656}.Release|x86.ActiveCfg = Release|x86
		{3CA426BE-7B53-4E1D-BE87-4D90E863A656}.Release|x86.Build.0 = Release|x86
		{FE182185-DDFE-4F4D-867B-1BA8324EB520}.Debug|Any CPU.ActiveCfg = Debug|Any CPU
		{FE182185-DDFE-4F4D-867B-1BA8324EB520}.Debug|Mixed Platforms.ActiveCfg = Debug|x86
		{FE182185-DDFE-4F4D-867B-1BA8324EB520}.Debug|Mixed Platforms.Build.0 = Debug|x86
		{FE182185-DDFE-4F4D-867B-1BA8324EB520}.Debug|x86.ActiveCfg = Debug|x86
		{FE182185-DDFE-4F4D-867B-1BA8324EB520}.Debug|x86.Build.0 = Debug|x86
		{FE182185-DDFE-4F4D-867B-1BA8324EB520}.Release|Any CPU.ActiveCfg = Release|Any CPU
		{FE182185-DDFE-4F4D-867B-1BA8324EB520}.Release|Any CPU.Build.0 = Release|Any CPU
		{FE182185-DDFE-4F4D-867B-1BA8324EB520}.Release|Mixed Platforms.ActiveCfg = Release|x86
		{FE182185-DDFE-4F4D-867B-1BA8324EB520}.Release|Mixed Platforms.Build.0 = Release|x86
		{FE182185-DDFE-4F4D-867B-1BA8324EB520}.Release|x86.ActiveCfg = Release|x86
		{FE182185-DDFE-4F4D-867B-1BA8324EB520}.Release|x86.Build.0 = Release|x86
	EndGlobalSection
	GlobalSection(SolutionProperties) = preSolution
		HideSolutionNode = FALSE
	EndGlobalSection
	GlobalSection(NestedProjects) = preSolution
		{633369D6-BDE8-4B48-A831-3D15EDA1716A} = {916723F2-A8C8-4B68-AF3B-32AB2235628E}
		{65B96E86-5FEF-4F2D-A439-71ED2AF6733C} = {916723F2-A8C8-4B68-AF3B-32AB2235628E}
		{C1DA8E48-8E5A-481F-B4D1-C58D983A8A51} = {916723F2-A8C8-4B68-AF3B-32AB2235628E}
		{0F44F959-FA22-42C8-BC14-4B4119178A4C} = {5B47DE5C-BEAD-4838-9E32-33033B92E70E}
		{3CA426BE-7B53-4E1D-BE87-4D90E863A656} = {5B47DE5C-BEAD-4838-9E32-33033B92E70E}
		{FE182185-DDFE-4F4D-867B-1BA8324EB520} = {55E32EEE-CD7E-4C0E-A31F-E394BC1EA495}
	EndGlobalSection
EndGlobal
