<?xml version="1.0" encoding="utf-8"?>
<Project DefaultTargets="Build" ToolsVersion="4.0" xmlns="http://schemas.microsoft.com/developer/msbuild/2003">
  <PropertyGroup>
    <Configuration Condition=" '$(Configuration)' == '' ">Debug</Configuration>
    <Platform Condition=" '$(Platform)' == '' ">AnyCPU</Platform>
    <ProjectGuid>{E29219AC-4F64-48EA-97D6-DF2B67AF6CAE}</ProjectGuid>
    <Compiler>DMD2</Compiler>
    <PreferOneStepBuild>true</PreferOneStepBuild>
    <UseDefaultCompiler>true</UseDefaultCompiler>
    <IncrementalLinking>true</IncrementalLinking>
    <ReleaseVersion>0.1.*</ReleaseVersion>
  </PropertyGroup>
  <PropertyGroup Condition=" '$(Configuration)|$(Platform)' == 'Debug|AnyCPU' ">
    <DebugSymbols>true</DebugSymbols>
    <OutputPath>bin\Debug</OutputPath>
    <ObjectsDirectory>obj/Debug</ObjectsDirectory>
    <LinkinThirdPartyLibraries>false</LinkinThirdPartyLibraries>
    <UnittestMode>false</UnittestMode>
    <OutputName>libnf_core</OutputName>
    <Target>StaticLibrary</Target>
    <Externalconsole>true</Externalconsole>
    <DebugLevel>0</DebugLevel>
  </PropertyGroup>
  <PropertyGroup Condition=" '$(Configuration)|$(Platform)' == 'Release|AnyCPU' ">
    <OutputPath>bin\Release</OutputPath>
    <ObjectsDirectory>obj/Release</ObjectsDirectory>
    <LinkinThirdPartyLibraries>false</LinkinThirdPartyLibraries>
    <UnittestMode>false</UnittestMode>
    <OutputName>libnf_core</OutputName>
    <Target>StaticLibrary</Target>
    <Externalconsole>true</Externalconsole>
    <DebugLevel>0</DebugLevel>
  </PropertyGroup>
  <PropertyGroup Condition=" '$(Configuration)|$(Platform)' == 'Unittest|AnyCPU' ">
    <DebugSymbols>true</DebugSymbols>
    <OutputPath>bin\Unittest</OutputPath>
    <ObjectsDirectory>obj/Unittest</ObjectsDirectory>
    <LinkinThirdPartyLibraries>false</LinkinThirdPartyLibraries>
    <UnittestMode>true</UnittestMode>
    <OutputName>libnf_core</OutputName>
    <Target>Executable</Target>
    <DebugLevel>0</DebugLevel>
    <Externalconsole>true</Externalconsole>
  </PropertyGroup>
  <ItemGroup>
    <Compile Include="devicearray.d" />
    <Compile Include="dataarray.d" />
    <Compile Include="aliases.d" />
    <Compile Include="dataarrayfactory.d" />
    <Compile Include="devicearray2.d" />
    <Compile Include="devicearray2group.d" />
    <Compile Include="devicearraygroup.d" />
    <Compile Include="devicearraymanagement.d" />
    <Compile Include="devicearraypool.d" />
    <Compile Include="ccinitpars.d" />
    <Compile Include="computationcontext.d" />
    <Compile Include="computationcontextfactory.d" />
    <Compile Include="deviceinfo.d" />
    <Compile Include="ccfactoryadapter.d" />
    <Compile Include="main.d" />
    <Compile Include="nfdefs.d" />
    <Compile Include="native\nccfactoryadapter.d" />
    <Compile Include="native\ndevicearray.d" />
    <Compile Include="native\ndevicearraypool.d" />
    <Compile Include="native\ncomputationcontext.d" />
    <Compile Include="native\ndataarray.d" />
    <Compile Include="native\ndataarrayfactory.d" />
    <Compile Include="native\ndevicearraymanagement.d" />
    <Compile Include="native\ndevicearray2.d" />
    <Compile Include="dataarray_ut.d" />
    <Compile Include="computationcontext_ut.d" />
    <Compile Include="utils.d" />
    <Compile Include="supervisedbatch.d" />
    <Compile Include="native\nutils.d" />
    <Compile Include="supervisedsampleentry.d" />
    <Compile Include="supervisedsample.d" />
    <Compile Include="utils_ut.d" />
    <Compile Include="native\nconv.d" />
    <Compile Include="nfobject.d" />
  </ItemGroup>
  <ItemGroup>
    <Folder Include="ocl\" />
    <Folder Include="native\" />
  </ItemGroup>
</Project>