<?xml version="1.0" encoding="utf-8"?>
<Project DefaultTargets="Build" ToolsVersion="4.0" xmlns="http://schemas.microsoft.com/developer/msbuild/2003">
  <PropertyGroup>
    <Configuration Condition=" '$(Configuration)' == '' ">Debug</Configuration>
    <Platform Condition=" '$(Platform)' == '' ">AnyCPU</Platform>
    <ProjectGuid>{E29219AC-4F64-48EA-97D6-DF2B67AF6CAE}</ProjectGuid>
    <BaseDirectory>.</BaseDirectory>
    <Compiler>GDC</Compiler>
    <PreferOneStepBuild>true</PreferOneStepBuild>
    <UseDefaultCompiler>true</UseDefaultCompiler>
    <IncrementalLinking>true</IncrementalLinking>
  </PropertyGroup>
  <PropertyGroup Condition=" '$(Configuration)|$(Platform)' == 'Debug|AnyCPU' ">
    <DebugSymbols>true</DebugSymbols>
    <OutputPath>bin\Debug</OutputPath>
    <ObjectsDirectory>obj/Debug</ObjectsDirectory>
    <LinkinThirdPartyLibraries>false</LinkinThirdPartyLibraries>
    <UnittestMode>false</UnittestMode>
    <OutputName>libnf_core</OutputName>
    <Target>StaticLibrary</Target>
    <Externalconsole>true</Externalconsole>
    <DebugLevel>0</DebugLevel>
  </PropertyGroup>
  <PropertyGroup Condition=" '$(Configuration)|$(Platform)' == 'Release|AnyCPU' ">
    <OutputPath>bin\Release</OutputPath>
    <ObjectsDirectory>obj/Release</ObjectsDirectory>
    <LinkinThirdPartyLibraries>false</LinkinThirdPartyLibraries>
    <UnittestMode>false</UnittestMode>
    <OutputName>libnf_core</OutputName>
    <Target>StaticLibrary</Target>
    <Externalconsole>true</Externalconsole>
    <DebugLevel>0</DebugLevel>
  </PropertyGroup>
  <PropertyGroup Condition=" '$(Configuration)|$(Platform)' == 'Unittest|AnyCPU' ">
    <DebugSymbols>true</DebugSymbols>
    <OutputPath>bin\Unittest</OutputPath>
    <ObjectsDirectory>obj/Unittest</ObjectsDirectory>
    <LinkinThirdPartyLibraries>false</LinkinThirdPartyLibraries>
    <UnittestMode>true</UnittestMode>
    <OutputName>libnf_core</OutputName>
    <Target>Executable</Target>
    <Externalconsole>true</Externalconsole>
    <DebugLevel>0</DebugLevel>
  </PropertyGroup>
  <ItemGroup>
    <Compile Include="devicearray.d">
      <LastGenOutput>obj/Debug/devicearray.o</LastGenOutput>
    </Compile>
    <Compile Include="dataarray.d">
      <LastGenOutput>obj/Debug/dataarray.o</LastGenOutput>
    </Compile>
    <Compile Include="aliases.d">
      <LastGenOutput>obj/Debug/aliases.o</LastGenOutput>
    </Compile>
    <Compile Include="dataarrayfactory.d">
      <LastGenOutput>obj/Debug/dataarrayfactory.o</LastGenOutput>
    </Compile>
    <Compile Include="devicearray2.d">
      <LastGenOutput>obj/Debug/devicearray2.o</LastGenOutput>
    </Compile>
    <Compile Include="devicearray2group.d">
      <LastGenOutput>obj/Debug/devicearray2group.o</LastGenOutput>
    </Compile>
    <Compile Include="devicearraygroup.d">
      <LastGenOutput>obj/Debug/devicearraygroup.o</LastGenOutput>
    </Compile>
    <Compile Include="devicearraymanagement.d">
      <LastGenOutput>obj/Debug/devicearraymanagement.o</LastGenOutput>
    </Compile>
    <Compile Include="devicearraypool.d">
      <LastGenOutput>obj/Debug/devicearraypool.o</LastGenOutput>
    </Compile>
    <Compile Include="ccinitpars.d">
      <LastGenOutput>obj/Debug/ccinitpars.o</LastGenOutput>
    </Compile>
    <Compile Include="randomgenerator.d">
      <LastGenOutput>obj/Debug/randomgenerator.o</LastGenOutput>
    </Compile>
    <Compile Include="computationcontext.d">
      <LastGenOutput>obj/Debug/computationcontext.o</LastGenOutput>
    </Compile>
    <Compile Include="computationcontextfactory.d">
      <LastGenOutput>obj/Debug/computationcontextfactory.o</LastGenOutput>
    </Compile>
    <Compile Include="deviceinfo.d">
      <LastGenOutput>obj/Debug/deviceinfo.o</LastGenOutput>
    </Compile>
    <Compile Include="ccfactoryadapter.d">
      <LastGenOutput>obj/Debug/ccfactoryadapter.o</LastGenOutput>
    </Compile>
    <Compile Include="main.d" />
    <Compile Include="nfdefs.d" />
    <Compile Include="native\nccfactoryadapter.d" />
    <Compile Include="native\ndevicearray.d" />
    <Compile Include="native\ndevicearraypool.d" />
    <Compile Include="native\ncomputationcontext.d" />
    <Compile Include="native\ndataarray.d" />
    <Compile Include="native\ndataarrayfactory.d" />
    <Compile Include="native\ndevicearraymanagement.d" />
    <Compile Include="native\ndevicearray2.d" />
    <Compile Include="dataarray_ut.d" />
    <Compile Include="computationcontext_ut.d" />
  </ItemGroup>
  <ItemGroup>
    <Folder Include="ocl\" />
    <Folder Include="native\" />
  </ItemGroup>
</Project>