<?xml version="1.0" encoding="utf-8"?>
<Project ToolsVersion="4.0" xmlns="http://schemas.microsoft.com/developer/msbuild/2003">
  <ItemGroup>
    <Filter Include="Resource Files">
      <UniqueIdentifier>{67DA6AB6-F800-4c08-8B7A-83BB121AAD01}</UniqueIdentifier>
      <Extensions>rc;ico;cur;bmp;dlg;rc2;rct;bin;rgs;gif;jpg;jpeg;jpe;resx;tiff;tif;png;wav;mfcribbon-ms</Extensions>
    </Filter>
    <Filter Include="VS">
      <UniqueIdentifier>{082e5d84-fc05-4554-ba99-caf7bb5a7217}</UniqueIdentifier>
    </Filter>
    <Filter Include="Cpp">
      <UniqueIdentifier>{8114df76-6c02-454b-8900-45c5e4e8aba0}</UniqueIdentifier>
    </Filter>
    <Filter Include="Ocl">
      <UniqueIdentifier>{c43e386b-669a-4ad6-b566-2293bdd158a7}</UniqueIdentifier>
    </Filter>
    <Filter Include="Base">
      <UniqueIdentifier>{28ae8289-9819-4083-aff7-875ed92126c7}</UniqueIdentifier>
    </Filter>
    <Filter Include="Lib">
      <UniqueIdentifier>{5a94e9e8-b409-41fd-8880-2272a1a856ae}</UniqueIdentifier>
    </Filter>
    <Filter Include="Base\NN">
      <UniqueIdentifier>{bb314351-44b0-459c-92e8-0f132e86dcec}</UniqueIdentifier>
    </Filter>
    <Filter Include="Cpp\NN">
      <UniqueIdentifier>{6070b760-634c-4437-bed2-af8b0cb767de}</UniqueIdentifier>
    </Filter>
    <Filter Include="Ocl\NN">
      <UniqueIdentifier>{17a7821d-fc0b-4323-9902-451fc7ed3eeb}</UniqueIdentifier>
    </Filter>
    <Filter Include="Base\NN\LearningInit">
      <UniqueIdentifier>{c8663f74-1c9d-43c4-abba-b6a87db455e3}</UniqueIdentifier>
    </Filter>
    <Filter Include="Base\NN\Learning">
      <UniqueIdentifier>{4dfcc3b6-f489-402c-9384-dfda01339a58}</UniqueIdentifier>
    </Filter>
  </ItemGroup>
  <ItemGroup>
    <ClInclude Include="stdafx.h">
      <Filter>VS</Filter>
    </ClInclude>
    <ClInclude Include="targetver.h">
      <Filter>VS</Filter>
    </ClInclude>
    <ClInclude Include="nf_object.h">
      <Filter>Base</Filter>
    </ClInclude>
    <ClInclude Include="device_array.h">
      <Filter>Base</Filter>
    </ClInclude>
    <ClInclude Include="device_array2.h">
      <Filter>Base</Filter>
    </ClInclude>
    <ClInclude Include="device_array_pool.h">
      <Filter>Base</Filter>
    </ClInclude>
    <ClInclude Include="device_array_management.h">
      <Filter>Base</Filter>
    </ClInclude>
    <ClInclude Include="error.h">
      <Filter>Base</Filter>
    </ClInclude>
    <ClInclude Include="cpp_device_array.h">
      <Filter>Cpp</Filter>
    </ClInclude>
    <ClInclude Include="cpp_device_array_pool.h">
      <Filter>Cpp</Filter>
    </ClInclude>
    <ClInclude Include="cpp_device_array2.h">
      <Filter>Cpp</Filter>
    </ClInclude>
    <ClInclude Include="cpp_device_array_management.h">
      <Filter>Cpp</Filter>
    </ClInclude>
    <ClInclude Include="cpp_conv.h">
      <Filter>Cpp</Filter>
    </ClInclude>
    <ClInclude Include="ocl_device_array.h">
      <Filter>Ocl</Filter>
    </ClInclude>
    <ClInclude Include="ocl.h">
      <Filter>Ocl</Filter>
    </ClInclude>
    <ClInclude Include="ocl_device_array_pool.h">
      <Filter>Ocl</Filter>
    </ClInclude>
    <ClInclude Include="ocl_device_array2.h">
      <Filter>Ocl</Filter>
    </ClInclude>
    <ClInclude Include="ocl_device_array_management.h">
      <Filter>Ocl</Filter>
    </ClInclude>
    <ClInclude Include="ocl_conv.h">
      <Filter>Ocl</Filter>
    </ClInclude>
    <ClInclude Include="ocl_error.h">
      <Filter>Ocl</Filter>
    </ClInclude>
    <ClInclude Include="utils.h">
      <Filter>Base</Filter>
    </ClInclude>
    <ClInclude Include="cpp_utils.h">
      <Filter>Cpp</Filter>
    </ClInclude>
    <ClInclude Include="device_info.h">
      <Filter>Base</Filter>
    </ClInclude>
    <ClInclude Include="ocl_utils.h">
      <Filter>Ocl</Filter>
    </ClInclude>
    <ClInclude Include="ocl_sizes.h">
      <Filter>Ocl</Filter>
    </ClInclude>
    <ClInclude Include="ocl_kernel_name.h">
      <Filter>Ocl</Filter>
    </ClInclude>
    <ClInclude Include="ocl_exec.h">
      <Filter>Ocl</Filter>
    </ClInclude>
    <ClInclude Include="ocl_program_unit.h">
      <Filter>Ocl</Filter>
    </ClInclude>
    <ClInclude Include="ocl_program.h">
      <Filter>Ocl</Filter>
    </ClInclude>
    <ClInclude Include="version.h">
      <Filter>Base</Filter>
    </ClInclude>
    <ClInclude Include="data_array.h">
      <Filter>Base</Filter>
    </ClInclude>
    <ClInclude Include="data_array_factory.h">
      <Filter>Base</Filter>
    </ClInclude>
    <ClInclude Include="supervised_sample_entry.h">
      <Filter>Base</Filter>
    </ClInclude>
    <ClInclude Include="supervised_sample.h">
      <Filter>Base</Filter>
    </ClInclude>
    <ClInclude Include="supervised_batch.h">
      <Filter>Base</Filter>
    </ClInclude>
    <ClInclude Include="cpp_data_array.h">
      <Filter>Cpp</Filter>
    </ClInclude>
    <ClInclude Include="nf_helpers.h">
      <Filter>Base</Filter>
    </ClInclude>
    <ClInclude Include="cpp_data_array_factory.h">
      <Filter>Cpp</Filter>
    </ClInclude>
    <ClInclude Include="ocl_data_array.h">
      <Filter>Ocl</Filter>
    </ClInclude>
    <ClInclude Include="ocl_data_array_factory.h">
      <Filter>Ocl</Filter>
    </ClInclude>
    <ClInclude Include="computation_context_factory.h">
      <Filter>Base</Filter>
    </ClInclude>
    <ClInclude Include="computation_context.h">
      <Filter>Base</Filter>
    </ClInclude>
    <ClInclude Include="cc_factory_adapter.h">
      <Filter>Base</Filter>
    </ClInclude>
    <ClInclude Include="cpp_cc_factory_adapter.h">
      <Filter>Cpp</Filter>
    </ClInclude>
    <ClInclude Include="cpp_computation_context.h">
      <Filter>Cpp</Filter>
    </ClInclude>
    <ClInclude Include="nfdev.h">
      <Filter>Base</Filter>
    </ClInclude>
    <ClInclude Include="cpp_nfdev.h">
      <Filter>Cpp</Filter>
    </ClInclude>
    <ClInclude Include="ocl_nfdev.h">
      <Filter>Ocl</Filter>
    </ClInclude>
    <ClInclude Include="nf.h">
      <Filter>Lib</Filter>
    </ClInclude>
    <ClInclude Include="typedefs.h">
      <Filter>Base</Filter>
    </ClInclude>
    <ClInclude Include="ocl_computation_context.h">
      <Filter>Ocl</Filter>
    </ClInclude>
    <ClInclude Include="ocl_cc_factory_adapter.h">
      <Filter>Ocl</Filter>
    </ClInclude>
    <ClInclude Include="prop_def.h">
      <Filter>Base</Filter>
    </ClInclude>
    <ClInclude Include="ocl_units.h">
      <Filter>Ocl</Filter>
    </ClInclude>
    <ClInclude Include="get_vector_size.h">
      <Filter>Base</Filter>
    </ClInclude>
    <ClInclude Include="contexted.h">
      <Filter>Base</Filter>
    </ClInclude>
    <ClInclude Include="multilayer_perceptron.h">
      <Filter>Base\NN</Filter>
    </ClInclude>
    <ClInclude Include="compute_activation.h">
      <Filter>Base\NN</Filter>
    </ClInclude>
    <ClInclude Include="weak_contexted.h">
      <Filter>Base</Filter>
    </ClInclude>
    <ClInclude Include="neural_network_factory.h">
      <Filter>Base\NN</Filter>
    </ClInclude>
    <ClInclude Include="cpp_compute_activation.h">
      <Filter>Cpp\NN</Filter>
    </ClInclude>
    <ClInclude Include="ocl_compute_activation.h">
      <Filter>Ocl\NN</Filter>
    </ClInclude>
    <ClInclude Include="layer_behavior.h">
      <Filter>Base\NN</Filter>
    </ClInclude>
    <ClInclude Include="layer.h">
      <Filter>Base\NN</Filter>
    </ClInclude>
    <ClInclude Include="layer_connections.h">
      <Filter>Base\NN</Filter>
    </ClInclude>
    <ClInclude Include="finally.h">
      <Filter>Base</Filter>
    </ClInclude>
    <ClInclude Include="enum_flags.h">
      <Filter>Base</Filter>
    </ClInclude>
    <ClInclude Include="ocl_props.h">
      <Filter>Ocl</Filter>
    </ClInclude>
    <ClInclude Include="props.h">
      <Filter>Base</Filter>
    </ClInclude>
    <ClInclude Include="enum_to_string.h">
      <Filter>Base</Filter>
    </ClInclude>
    <ClInclude Include="layer_order_comparer.h">
      <Filter>Base\NN</Filter>
    </ClInclude>
    <ClInclude Include="libs.h">
      <Filter>Base</Filter>
    </ClInclude>
    <ClInclude Include="device_array2_group.h">
      <Filter>Base</Filter>
    </ClInclude>
    <ClInclude Include="rtlr.h">
      <Filter>Base\NN</Filter>
    </ClInclude>
    <ClInclude Include="device_array_group.h">
      <Filter>Base</Filter>
    </ClInclude>
    <ClInclude Include="mlp_forward_node.h">
      <Filter>Base\NN</Filter>
    </ClInclude>
    <ClInclude Include="weighted_inputs.h">
      <Filter>Base\NN</Filter>
    </ClInclude>
    <ClInclude Include="layer_description.h">
      <Filter>Base\NN</Filter>
    </ClInclude>
    <ClInclude Include="activation_description.h">
      <Filter>Base\NN</Filter>
    </ClInclude>
    <ClInclude Include="cpp_compute_activation_forward.h">
      <Filter>Cpp\NN</Filter>
    </ClInclude>
    <ClInclude Include="weighted_errors.h">
      <Filter>Base\NN</Filter>
    </ClInclude>
    <ClInclude Include="mlp_backward_node.h">
      <Filter>Base\NN</Filter>
    </ClInclude>
    <ClInclude Include="supervised_outputs.h">
      <Filter>Base\NN</Filter>
    </ClInclude>
    <ClInclude Include="cpp_compute_activation_backward.h">
      <Filter>Cpp\NN</Filter>
    </ClInclude>
    <ClInclude Include="learning_behavior.h">
      <Filter>Base\NN\Learning</Filter>
    </ClInclude>
    <ClInclude Include="supervised_learning_behavior.h">
      <Filter>Base\NN\Learning</Filter>
    </ClInclude>
    <ClInclude Include="gradient_descent_learning_rule.h">
      <Filter>Base\NN\Learning</Filter>
    </ClInclude>
    <ClInclude Include="learning_init_behavior.h">
      <Filter>Base\NN\LearningInit</Filter>
    </ClInclude>
    <ClInclude Include="randomize_weights_uniform.h">
      <Filter>Base\NN\LearningInit</Filter>
    </ClInclude>
    <ClInclude Include="equatable.h">
      <Filter>Base</Filter>
    </ClInclude>
    <ClInclude Include="equatable_ptr.h">
      <Filter>Base</Filter>
    </ClInclude>
  </ItemGroup>
  <ItemGroup>
    <ClCompile Include="stdafx.cpp">
      <Filter>VS</Filter>
    </ClCompile>
    <ClCompile Include="cpp_device_array.cpp">
      <Filter>Cpp</Filter>
    </ClCompile>
    <ClCompile Include="cpp_device_array_pool.cpp">
      <Filter>Cpp</Filter>
    </ClCompile>
    <ClCompile Include="cpp_device_array2.cpp">
      <Filter>Cpp</Filter>
    </ClCompile>
    <ClCompile Include="cpp_device_array_management.cpp">
      <Filter>Cpp</Filter>
    </ClCompile>
    <ClCompile Include="ocl_device_array.cpp">
      <Filter>Ocl</Filter>
    </ClCompile>
    <ClCompile Include="ocl_device_array_pool.cpp">
      <Filter>Ocl</Filter>
    </ClCompile>
    <ClCompile Include="ocl_device_array2.cpp">
      <Filter>Ocl</Filter>
    </ClCompile>
    <ClCompile Include="ocl_device_array_management.cpp">
      <Filter>Ocl</Filter>
    </ClCompile>
    <ClCompile Include="cpp_utils.cpp">
      <Filter>Cpp</Filter>
    </ClCompile>
    <ClCompile Include="ocl_utils.cpp">
      <Filter>Ocl</Filter>
    </ClCompile>
    <ClCompile Include="ocl_sizes.cpp">
      <Filter>Ocl</Filter>
    </ClCompile>
    <ClCompile Include="ocl_kernel_name.cpp">
      <Filter>Ocl</Filter>
    </ClCompile>
    <ClCompile Include="ocl_exec.cpp">
      <Filter>Ocl</Filter>
    </ClCompile>
    <ClCompile Include="ocl_program_unit.cpp">
      <Filter>Ocl</Filter>
    </ClCompile>
    <ClCompile Include="ocl_program.cpp">
      <Filter>Ocl</Filter>
    </ClCompile>
    <ClCompile Include="supervised_sample_entry.cpp">
      <Filter>Base</Filter>
    </ClCompile>
    <ClCompile Include="supervised_sample.cpp">
      <Filter>Base</Filter>
    </ClCompile>
    <ClCompile Include="supervised_batch.cpp">
      <Filter>Base</Filter>
    </ClCompile>
    <ClCompile Include="cpp_data_array.cpp">
      <Filter>Cpp</Filter>
    </ClCompile>
    <ClCompile Include="cpp_data_array_factory.cpp">
      <Filter>Cpp</Filter>
    </ClCompile>
    <ClCompile Include="ocl_data_array.cpp">
      <Filter>Ocl</Filter>
    </ClCompile>
    <ClCompile Include="ocl_data_array_factory.cpp">
      <Filter>Ocl</Filter>
    </ClCompile>
    <ClCompile Include="computation_context_factory.cpp">
      <Filter>Base</Filter>
    </ClCompile>
    <ClCompile Include="cpp_cc_factory_adapter.cpp">
      <Filter>Cpp</Filter>
    </ClCompile>
    <ClCompile Include="cpp_computation_context.cpp">
      <Filter>Cpp</Filter>
    </ClCompile>
    <ClCompile Include="version.cpp">
      <Filter>Base</Filter>
    </ClCompile>
    <ClCompile Include="ocl_cc_factory_adapter.cpp">
      <Filter>Ocl</Filter>
    </ClCompile>
    <ClCompile Include="ocl_computation_context.cpp">
      <Filter>Ocl</Filter>
    </ClCompile>
    <ClCompile Include="ocl_units.cpp">
      <Filter>Ocl</Filter>
    </ClCompile>
    <ClCompile Include="multilayer_perceptron.cpp">
      <Filter>Base\NN</Filter>
    </ClCompile>
    <ClCompile Include="neural_network_factory.cpp">
      <Filter>Base\NN</Filter>
    </ClCompile>
    <ClCompile Include="computation_context.cpp">
      <Filter>Base</Filter>
    </ClCompile>
    <ClCompile Include="cpp_compute_activation.cpp">
      <Filter>Cpp\NN</Filter>
    </ClCompile>
    <ClCompile Include="ocl_compute_activation.cpp">
      <Filter>Ocl\NN</Filter>
    </ClCompile>
    <ClCompile Include="layer_connections.cpp">
      <Filter>Base\NN</Filter>
    </ClCompile>
    <ClCompile Include="layer.cpp">
      <Filter>Base\NN</Filter>
    </ClCompile>
    <ClCompile Include="layer_order_comparer.cpp">
      <Filter>Base\NN</Filter>
    </ClCompile>
    <ClCompile Include="device_array_group.cpp">
      <Filter>Base</Filter>
    </ClCompile>
    <ClCompile Include="device_array2_group.cpp">
      <Filter>Base</Filter>
    </ClCompile>
    <ClCompile Include="cpp_compute_activation_forward.cpp">
      <Filter>Cpp\NN</Filter>
    </ClCompile>
    <ClCompile Include="mlp_forward_node.cpp">
      <Filter>Base\NN</Filter>
    </ClCompile>
    <ClCompile Include="mlp_backward_node.cpp">
      <Filter>Base\NN</Filter>
    </ClCompile>
    <ClCompile Include="cpp_compute_activation_backward.cpp">
      <Filter>Cpp\NN</Filter>
    </ClCompile>
    <ClCompile Include="layer_behavior.cpp">
      <Filter>Base\NN</Filter>
    </ClCompile>
    <ClCompile Include="gradient_descent_learning_rule.cpp">
      <Filter>Base\NN\Learning</Filter>
    </ClCompile>
    <ClCompile Include="randomize_weights_uniform.cpp">
      <Filter>Base\NN\LearningInit</Filter>
    </ClCompile>
  </ItemGroup>
</Project>