<?xml version="1.0" encoding="utf-8"?>
<Project ToolsVersion="4.0" xmlns="http://schemas.microsoft.com/developer/msbuild/2003">
  <ItemGroup>
    <Filter Include="Resource Files">
      <UniqueIdentifier>{67DA6AB6-F800-4c08-8B7A-83BB121AAD01}</UniqueIdentifier>
      <Extensions>rc;ico;cur;bmp;dlg;rc2;rct;bin;rgs;gif;jpg;jpeg;jpe;resx;tiff;tif;png;wav;mfcribbon-ms</Extensions>
    </Filter>
    <Filter Include="VS">
      <UniqueIdentifier>{082e5d84-fc05-4554-ba99-caf7bb5a7217}</UniqueIdentifier>
    </Filter>
    <Filter Include="Cpp">
      <UniqueIdentifier>{8114df76-6c02-454b-8900-45c5e4e8aba0}</UniqueIdentifier>
    </Filter>
    <Filter Include="Ocl">
      <UniqueIdentifier>{c43e386b-669a-4ad6-b566-2293bdd158a7}</UniqueIdentifier>
    </Filter>
    <Filter Include="Base">
      <UniqueIdentifier>{28ae8289-9819-4083-aff7-875ed92126c7}</UniqueIdentifier>
    </Filter>
    <Filter Include="Lib">
      <UniqueIdentifier>{5a94e9e8-b409-41fd-8880-2272a1a856ae}</UniqueIdentifier>
    </Filter>
  </ItemGroup>
  <ItemGroup>
    <ClInclude Include="stdafx.h">
      <Filter>VS</Filter>
    </ClInclude>
    <ClInclude Include="targetver.h">
      <Filter>VS</Filter>
    </ClInclude>
    <ClInclude Include="nf_object.h">
      <Filter>Base</Filter>
    </ClInclude>
    <ClInclude Include="device_array.h">
      <Filter>Base</Filter>
    </ClInclude>
    <ClInclude Include="device_array2.h">
      <Filter>Base</Filter>
    </ClInclude>
    <ClInclude Include="device_array_pool.h">
      <Filter>Base</Filter>
    </ClInclude>
    <ClInclude Include="device_array_management.h">
      <Filter>Base</Filter>
    </ClInclude>
    <ClInclude Include="error.h">
      <Filter>Base</Filter>
    </ClInclude>
    <ClInclude Include="cpp_device_array.h">
      <Filter>Cpp</Filter>
    </ClInclude>
    <ClInclude Include="cpp_device_array_pool.h">
      <Filter>Cpp</Filter>
    </ClInclude>
    <ClInclude Include="cpp_device_array2.h">
      <Filter>Cpp</Filter>
    </ClInclude>
    <ClInclude Include="cpp_device_array_management.h">
      <Filter>Cpp</Filter>
    </ClInclude>
    <ClInclude Include="cpp_conv.h">
      <Filter>Cpp</Filter>
    </ClInclude>
    <ClInclude Include="get_size.h">
      <Filter>Base</Filter>
    </ClInclude>
    <ClInclude Include="ocl_device_array.h">
      <Filter>Ocl</Filter>
    </ClInclude>
    <ClInclude Include="ocl.h">
      <Filter>Ocl</Filter>
    </ClInclude>
    <ClInclude Include="ocl_device_array_pool.h">
      <Filter>Ocl</Filter>
    </ClInclude>
    <ClInclude Include="ocl_device_array2.h">
      <Filter>Ocl</Filter>
    </ClInclude>
    <ClInclude Include="ocl_internal_context.h">
      <Filter>Ocl</Filter>
    </ClInclude>
    <ClInclude Include="ocl_device_array_management.h">
      <Filter>Ocl</Filter>
    </ClInclude>
    <ClInclude Include="ocl_contexted.h">
      <Filter>Ocl</Filter>
    </ClInclude>
    <ClInclude Include="ocl_conv.h">
      <Filter>Ocl</Filter>
    </ClInclude>
    <ClInclude Include="ocl_error.h">
      <Filter>Ocl</Filter>
    </ClInclude>
    <ClInclude Include="utils.h">
      <Filter>Base</Filter>
    </ClInclude>
    <ClInclude Include="cpp_utils.h">
      <Filter>Cpp</Filter>
    </ClInclude>
    <ClInclude Include="device_info.h">
      <Filter>Base</Filter>
    </ClInclude>
    <ClInclude Include="ocl_utils.h">
      <Filter>Ocl</Filter>
    </ClInclude>
    <ClInclude Include="ocl_sizes.h">
      <Filter>Ocl</Filter>
    </ClInclude>
    <ClInclude Include="ocl_kernel_name.h">
      <Filter>Ocl</Filter>
    </ClInclude>
    <ClInclude Include="ocl_exec.h">
      <Filter>Ocl</Filter>
    </ClInclude>
    <ClInclude Include="ocl_program_unit.h">
      <Filter>Ocl</Filter>
    </ClInclude>
    <ClInclude Include="ocl_program.h">
      <Filter>Ocl</Filter>
    </ClInclude>
    <ClInclude Include="version.h">
      <Filter>Base</Filter>
    </ClInclude>
    <ClInclude Include="data_array.h">
      <Filter>Base</Filter>
    </ClInclude>
    <ClInclude Include="data_array_factory.h">
      <Filter>Base</Filter>
    </ClInclude>
    <ClInclude Include="supervised_sample_entry.h">
      <Filter>Base</Filter>
    </ClInclude>
    <ClInclude Include="supervised_sample.h">
      <Filter>Base</Filter>
    </ClInclude>
    <ClInclude Include="supervised_batch.h">
      <Filter>Base</Filter>
    </ClInclude>
    <ClInclude Include="cpp_data_array.h">
      <Filter>Cpp</Filter>
    </ClInclude>
    <ClInclude Include="nf_helpers.h">
      <Filter>Base</Filter>
    </ClInclude>
    <ClInclude Include="cpp_data_array_factory.h">
      <Filter>Cpp</Filter>
    </ClInclude>
    <ClInclude Include="ocl_data_array.h">
      <Filter>Ocl</Filter>
    </ClInclude>
    <ClInclude Include="ocl_data_array_factory.h">
      <Filter>Ocl</Filter>
    </ClInclude>
    <ClInclude Include="computation_context_factory.h">
      <Filter>Base</Filter>
    </ClInclude>
    <ClInclude Include="computation_context.h">
      <Filter>Base</Filter>
    </ClInclude>
    <ClInclude Include="cc_factory_adapter.h">
      <Filter>Base</Filter>
    </ClInclude>
    <ClInclude Include="cpp_cc_factory_adapter.h">
      <Filter>Cpp</Filter>
    </ClInclude>
    <ClInclude Include="cpp_computation_context.h">
      <Filter>Cpp</Filter>
    </ClInclude>
    <ClInclude Include="nfdev.h">
      <Filter>Base</Filter>
    </ClInclude>
    <ClInclude Include="cpp_nfdev.h">
      <Filter>Cpp</Filter>
    </ClInclude>
    <ClInclude Include="ocl_nfdev.h">
      <Filter>Ocl</Filter>
    </ClInclude>
    <ClInclude Include="nf.h">
      <Filter>Lib</Filter>
    </ClInclude>
    <ClInclude Include="typedefs.h">
      <Filter>Base</Filter>
    </ClInclude>
  </ItemGroup>
  <ItemGroup>
    <ClCompile Include="stdafx.cpp">
      <Filter>VS</Filter>
    </ClCompile>
    <ClCompile Include="cpp_device_array.cpp">
      <Filter>Cpp</Filter>
    </ClCompile>
    <ClCompile Include="cpp_device_array_pool.cpp">
      <Filter>Cpp</Filter>
    </ClCompile>
    <ClCompile Include="cpp_device_array2.cpp">
      <Filter>Cpp</Filter>
    </ClCompile>
    <ClCompile Include="cpp_device_array_management.cpp">
      <Filter>Cpp</Filter>
    </ClCompile>
    <ClCompile Include="ocl_device_array.cpp">
      <Filter>Ocl</Filter>
    </ClCompile>
    <ClCompile Include="ocl_device_array_pool.cpp">
      <Filter>Ocl</Filter>
    </ClCompile>
    <ClCompile Include="ocl_device_array2.cpp">
      <Filter>Ocl</Filter>
    </ClCompile>
    <ClCompile Include="ocl_device_array_management.cpp">
      <Filter>Ocl</Filter>
    </ClCompile>
    <ClCompile Include="cpp_utils.cpp">
      <Filter>Cpp</Filter>
    </ClCompile>
    <ClCompile Include="ocl_internal_context.cpp">
      <Filter>Ocl</Filter>
    </ClCompile>
    <ClCompile Include="ocl_utils.cpp">
      <Filter>Ocl</Filter>
    </ClCompile>
    <ClCompile Include="ocl_sizes.cpp">
      <Filter>Ocl</Filter>
    </ClCompile>
    <ClCompile Include="ocl_kernel_name.cpp">
      <Filter>Ocl</Filter>
    </ClCompile>
    <ClCompile Include="ocl_exec.cpp">
      <Filter>Ocl</Filter>
    </ClCompile>
    <ClCompile Include="ocl_program_unit.cpp">
      <Filter>Ocl</Filter>
    </ClCompile>
    <ClCompile Include="ocl_program.cpp">
      <Filter>Ocl</Filter>
    </ClCompile>
    <ClCompile Include="supervised_sample_entry.cpp">
      <Filter>Base</Filter>
    </ClCompile>
    <ClCompile Include="supervised_sample.cpp">
      <Filter>Base</Filter>
    </ClCompile>
    <ClCompile Include="supervised_batch.cpp">
      <Filter>Base</Filter>
    </ClCompile>
    <ClCompile Include="cpp_data_array.cpp">
      <Filter>Cpp</Filter>
    </ClCompile>
    <ClCompile Include="cpp_data_array_factory.cpp">
      <Filter>Cpp</Filter>
    </ClCompile>
    <ClCompile Include="ocl_data_array.cpp">
      <Filter>Ocl</Filter>
    </ClCompile>
    <ClCompile Include="ocl_data_array_factory.cpp">
      <Filter>Ocl</Filter>
    </ClCompile>
    <ClCompile Include="computation_context_factory.cpp">
      <Filter>Base</Filter>
    </ClCompile>
    <ClCompile Include="cpp_cc_factory_adapter.cpp">
      <Filter>Cpp</Filter>
    </ClCompile>
    <ClCompile Include="cpp_computation_context.cpp">
      <Filter>Cpp</Filter>
    </ClCompile>
    <ClCompile Include="version.cpp">
      <Filter>Base</Filter>
    </ClCompile>
  </ItemGroup>
</Project>