
Microsoft Visual Studio Solution File, Format Version 12.00
# Visual Studio 2012
Project("{FAE04EC0-301F-11D3-BF4B-00C04F79EFBC}") = "Neuroflow.Core", "Neuroflow.Core\Neuroflow.Core.csproj", "{E2D86FD1-227B-4E8D-8C34-9892C953D923}"
EndProject
Project("{FAE04EC0-301F-11D3-BF4B-00C04F79EFBC}") = "Neuroflow.Networks", "Neuroflow.Networks\Neuroflow.Networks.csproj", "{9EB30E0A-B087-4ED3-83C7-4FCA289DABE5}"
EndProject
Project("{FAE04EC0-301F-11D3-BF4B-00C04F79EFBC}") = "Neuroflow.Activities", "Neuroflow.Activities\Neuroflow.Activities.csproj", "{8A10FA2B-D645-4113-AB71-F6700E5045E4}"
EndProject
Project("{FAE04EC0-301F-11D3-BF4B-00C04F79EFBC}") = "Neuroflow.Activities.Design", "Neuroflow.Activities.Design\Neuroflow.Activities.Design.csproj", "{3789DF89-7DD0-43EA-9F47-9CC609903A38}"
EndProject
Project("{FAE04EC0-301F-11D3-BF4B-00C04F79EFBC}") = "ImgNoise", "Tests\ImgNoise\ImgNoise.csproj", "{2BAF4D57-FD06-4DF5-83CA-6D359E2A99E9}"
EndProject
Project("{FAE04EC0-301F-11D3-BF4B-00C04F79EFBC}") = "PussyDetector", "Tests\PussyDetector\PussyDetector.csproj", "{CE6D5FF8-70F8-438D-843E-9647C1DFB2E9}"
EndProject
Project("{8BC9CEB8-8B4A-11D0-8D11-00A0C91BC942}") = "Neuroflow.Native.Impl", "Neuroflow.Native.Impl\Neuroflow.Networks.Native.Impl.vcxproj", "{84DE7FA1-3632-2536-186A-D74658C0D4D8}"
EndProject
Project("{8BC9CEB8-8B4A-11D0-8D11-00A0C91BC942}") = "Neuroflow.Native", "Neuroflow.Native\Neuroflow.Networks.Native.vcxproj", "{79E7415D-B26E-8A1D-702B-C5A8B35B9D06}"
EndProject
Project("{FAE04EC0-301F-11D3-BF4B-00C04F79EFBC}") = "TestConsole", "TestConsole\TestConsole.csproj", "{059C6DFC-EFBB-4146-9621-C1B9BFB30A32}"
EndProject
Project("{FAE04EC0-301F-11D3-BF4B-00C04F79EFBC}") = "WFTestConsole", "WFTestConsole\WFTestConsole.csproj", "{1AB38759-9CF3-416C-BD8B-62B8F1E10D52}"
EndProject
Global
	GlobalSection(TeamFoundationVersionControl) = preSolution
		SccNumberOfProjects = 11
		SccEnterpriseProvider = {4CA58AB2-18FA-4F8D-95D4-32DDF27D184C}
		SccTeamFoundationServer = https://gabormezo.visualstudio.com/defaultcollection
		SccLocalPath0 = .
		SccProjectUniqueName1 = Neuroflow.Activities.Design\\Neuroflow.Activities.Design.csproj
		SccProjectName1 = Neuroflow.Activities.Design
		SccLocalPath1 = Neuroflow.Activities.Design
		SccProjectUniqueName2 = Neuroflow.Activities\\Neuroflow.Activities.csproj
		SccProjectName2 = Neuroflow.Activities
		SccLocalPath2 = Neuroflow.Activities
		SccProjectUniqueName3 = Neuroflow.Core\\Neuroflow.Core.csproj
		SccProjectName3 = Neuroflow.Core
		SccLocalPath3 = Neuroflow.Core
		SccProjectUniqueName4 = Neuroflow.Native.Impl\\Neuroflow.Networks.Native.Impl.vcxproj
		SccProjectName4 = Neuroflow.Native.Impl
		SccLocalPath4 = Neuroflow.Native.Impl
		SccProjectUniqueName5 = Neuroflow.Native\\Neuroflow.Networks.Native.vcxproj
		SccProjectName5 = Neuroflow.Native
		SccLocalPath5 = Neuroflow.Native
		SccProjectUniqueName6 = Neuroflow.Networks\\Neuroflow.Networks.csproj
		SccProjectName6 = Neuroflow.Networks
		SccLocalPath6 = Neuroflow.Networks
		SccProjectUniqueName7 = TestConsole\\TestConsole.csproj
		SccProjectName7 = TestConsole
		SccLocalPath7 = TestConsole
		SccProjectUniqueName8 = Tests\\ImgNoise\\ImgNoise.csproj
		SccProjectName8 = Tests/ImgNoise
		SccLocalPath8 = Tests\\ImgNoise
		SccProjectUniqueName9 = Tests\\PussyDetector\\PussyDetector.csproj
		SccProjectName9 = Tests/PussyDetector
		SccLocalPath9 = Tests\\PussyDetector
		SccProjectUniqueName10 = WFTestConsole\\WFTestConsole.csproj
		SccProjectName10 = WFTestConsole
		SccLocalPath10 = WFTestConsole
	EndGlobalSection
	GlobalSection(TestCaseManagementSettings) = postSolution
		CategoryFile = Neuroflow OpenCL.vsmdi
	EndGlobalSection
	GlobalSection(SolutionConfigurationPlatforms) = preSolution
		Debug|Any CPU = Debug|Any CPU
		Debug|Mixed Platforms = Debug|Mixed Platforms
		Debug|Win32 = Debug|Win32
		Debug|x64 = Debug|x64
		Debug|x86 = Debug|x86
		Release|Any CPU = Release|Any CPU
		Release|Mixed Platforms = Release|Mixed Platforms
		Release|Win32 = Release|Win32
		Release|x64 = Release|x64
		Release|x86 = Release|x86
	EndGlobalSection
	GlobalSection(ProjectConfigurationPlatforms) = postSolution
		{E2D86FD1-227B-4E8D-8C34-9892C953D923}.Debug|Any CPU.ActiveCfg = Debug|Any CPU
		{E2D86FD1-227B-4E8D-8C34-9892C953D923}.Debug|Any CPU.Build.0 = Debug|Any CPU
		{E2D86FD1-227B-4E8D-8C34-9892C953D923}.Debug|Mixed Platforms.ActiveCfg = Debug|Any CPU
		{E2D86FD1-227B-4E8D-8C34-9892C953D923}.Debug|Mixed Platforms.Build.0 = Debug|Any CPU
		{E2D86FD1-227B-4E8D-8C34-9892C953D923}.Debug|Win32.ActiveCfg = Debug|x86
		{E2D86FD1-227B-4E8D-8C34-9892C953D923}.Debug|Win32.Build.0 = Debug|x86
		{E2D86FD1-227B-4E8D-8C34-9892C953D923}.Debug|x64.ActiveCfg = Debug|x64
		{E2D86FD1-227B-4E8D-8C34-9892C953D923}.Debug|x64.Build.0 = Debug|x64
		{E2D86FD1-227B-4E8D-8C34-9892C953D923}.Debug|x86.ActiveCfg = Debug|x86
		{E2D86FD1-227B-4E8D-8C34-9892C953D923}.Debug|x86.Build.0 = Debug|x86
		{E2D86FD1-227B-4E8D-8C34-9892C953D923}.Release|Any CPU.ActiveCfg = Release|Any CPU
		{E2D86FD1-227B-4E8D-8C34-9892C953D923}.Release|Any CPU.Build.0 = Release|Any CPU
		{E2D86FD1-227B-4E8D-8C34-9892C953D923}.Release|Mixed Platforms.ActiveCfg = Release|Any CPU
		{E2D86FD1-227B-4E8D-8C34-9892C953D923}.Release|Mixed Platforms.Build.0 = Release|Any CPU
		{E2D86FD1-227B-4E8D-8C34-9892C953D923}.Release|Win32.ActiveCfg = Release|x86
		{E2D86FD1-227B-4E8D-8C34-9892C953D923}.Release|Win32.Build.0 = Release|x86
		{E2D86FD1-227B-4E8D-8C34-9892C953D923}.Release|x64.ActiveCfg = Release|x64
		{E2D86FD1-227B-4E8D-8C34-9892C953D923}.Release|x64.Build.0 = Release|x64
		{E2D86FD1-227B-4E8D-8C34-9892C953D923}.Release|x86.ActiveCfg = Release|x86
		{E2D86FD1-227B-4E8D-8C34-9892C953D923}.Release|x86.Build.0 = Release|x86
		{9EB30E0A-B087-4ED3-83C7-4FCA289DABE5}.Debug|Any CPU.ActiveCfg = Debug|Any CPU
		{9EB30E0A-B087-4ED3-83C7-4FCA289DABE5}.Debug|Any CPU.Build.0 = Debug|Any CPU
		{9EB30E0A-B087-4ED3-83C7-4FCA289DABE5}.Debug|Mixed Platforms.ActiveCfg = Debug|Any CPU
		{9EB30E0A-B087-4ED3-83C7-4FCA289DABE5}.Debug|Mixed Platforms.Build.0 = Debug|Any CPU
		{9EB30E0A-B087-4ED3-83C7-4FCA289DABE5}.Debug|Win32.ActiveCfg = Debug|x86
		{9EB30E0A-B087-4ED3-83C7-4FCA289DABE5}.Debug|Win32.Build.0 = Debug|x86
		{9EB30E0A-B087-4ED3-83C7-4FCA289DABE5}.Debug|x64.ActiveCfg = Debug|x64
		{9EB30E0A-B087-4ED3-83C7-4FCA289DABE5}.Debug|x64.Build.0 = Debug|x64
		{9EB30E0A-B087-4ED3-83C7-4FCA289DABE5}.Debug|x86.ActiveCfg = Debug|x86
		{9EB30E0A-B087-4ED3-83C7-4FCA289DABE5}.Debug|x86.Build.0 = Debug|x86
		{9EB30E0A-B087-4ED3-83C7-4FCA289DABE5}.Release|Any CPU.ActiveCfg = Release|Any CPU
		{9EB30E0A-B087-4ED3-83C7-4FCA289DABE5}.Release|Any CPU.Build.0 = Release|Any CPU
		{9EB30E0A-B087-4ED3-83C7-4FCA289DABE5}.Release|Mixed Platforms.ActiveCfg = Release|Any CPU
		{9EB30E0A-B087-4ED3-83C7-4FCA289DABE5}.Release|Mixed Platforms.Build.0 = Release|Any CPU
		{9EB30E0A-B087-4ED3-83C7-4FCA289DABE5}.Release|Win32.ActiveCfg = Release|x86
		{9EB30E0A-B087-4ED3-83C7-4FCA289DABE5}.Release|Win32.Build.0 = Release|x86
		{9EB30E0A-B087-4ED3-83C7-4FCA289DABE5}.Release|x64.ActiveCfg = Release|x64
		{9EB30E0A-B087-4ED3-83C7-4FCA289DABE5}.Release|x64.Build.0 = Release|x64
		{9EB30E0A-B087-4ED3-83C7-4FCA289DABE5}.Release|x86.ActiveCfg = Release|x86
		{9EB30E0A-B087-4ED3-83C7-4FCA289DABE5}.Release|x86.Build.0 = Release|x86
		{8A10FA2B-D645-4113-AB71-F6700E5045E4}.Debug|Any CPU.ActiveCfg = Debug|Any CPU
		{8A10FA2B-D645-4113-AB71-F6700E5045E4}.Debug|Any CPU.Build.0 = Debug|Any CPU
		{8A10FA2B-D645-4113-AB71-F6700E5045E4}.Debug|Mixed Platforms.ActiveCfg = Debug|Any CPU
		{8A10FA2B-D645-4113-AB71-F6700E5045E4}.Debug|Mixed Platforms.Build.0 = Debug|Any CPU
		{8A10FA2B-D645-4113-AB71-F6700E5045E4}.Debug|Win32.ActiveCfg = Debug|x86
		{8A10FA2B-D645-4113-AB71-F6700E5045E4}.Debug|Win32.Build.0 = Debug|x86
		{8A10FA2B-D645-4113-AB71-F6700E5045E4}.Debug|x64.ActiveCfg = Debug|x64
		{8A10FA2B-D645-4113-AB71-F6700E5045E4}.Debug|x64.Build.0 = Debug|x64
		{8A10FA2B-D645-4113-AB71-F6700E5045E4}.Debug|x86.ActiveCfg = Debug|x86
		{8A10FA2B-D645-4113-AB71-F6700E5045E4}.Debug|x86.Build.0 = Debug|x86
		{8A10FA2B-D645-4113-AB71-F6700E5045E4}.Release|Any CPU.ActiveCfg = Release|Any CPU
		{8A10FA2B-D645-4113-AB71-F6700E5045E4}.Release|Any CPU.Build.0 = Release|Any CPU
		{8A10FA2B-D645-4113-AB71-F6700E5045E4}.Release|Mixed Platforms.ActiveCfg = Release|Any CPU
		{8A10FA2B-D645-4113-AB71-F6700E5045E4}.Release|Mixed Platforms.Build.0 = Release|Any CPU
		{8A10FA2B-D645-4113-AB71-F6700E5045E4}.Release|Win32.ActiveCfg = Release|x86
		{8A10FA2B-D645-4113-AB71-F6700E5045E4}.Release|Win32.Build.0 = Release|x86
		{8A10FA2B-D645-4113-AB71-F6700E5045E4}.Release|x64.ActiveCfg = Release|x64
		{8A10FA2B-D645-4113-AB71-F6700E5045E4}.Release|x86.ActiveCfg = Release|x86
		{8A10FA2B-D645-4113-AB71-F6700E5045E4}.Release|x86.Build.0 = Release|x86
		{3789DF89-7DD0-43EA-9F47-9CC609903A38}.Debug|Any CPU.ActiveCfg = Debug|Any CPU
		{3789DF89-7DD0-43EA-9F47-9CC609903A38}.Debug|Any CPU.Build.0 = Debug|Any CPU
		{3789DF89-7DD0-43EA-9F47-9CC609903A38}.Debug|Mixed Platforms.ActiveCfg = Debug|Any CPU
		{3789DF89-7DD0-43EA-9F47-9CC609903A38}.Debug|Mixed Platforms.Build.0 = Debug|Any CPU
		{3789DF89-7DD0-43EA-9F47-9CC609903A38}.Debug|Win32.ActiveCfg = Debug|x86
		{3789DF89-7DD0-43EA-9F47-9CC609903A38}.Debug|Win32.Build.0 = Debug|x86
		{3789DF89-7DD0-43EA-9F47-9CC609903A38}.Debug|x64.ActiveCfg = Debug|x64
		{3789DF89-7DD0-43EA-9F47-9CC609903A38}.Debug|x64.Build.0 = Debug|x64
		{3789DF89-7DD0-43EA-9F47-9CC609903A38}.Debug|x86.ActiveCfg = Debug|x86
		{3789DF89-7DD0-43EA-9F47-9CC609903A38}.Debug|x86.Build.0 = Debug|x86
		{3789DF89-7DD0-43EA-9F47-9CC609903A38}.Release|Any CPU.ActiveCfg = Release|Any CPU
		{3789DF89-7DD0-43EA-9F47-9CC609903A38}.Release|Any CPU.Build.0 = Release|Any CPU
		{3789DF89-7DD0-43EA-9F47-9CC609903A38}.Release|Mixed Platforms.ActiveCfg = Release|Any CPU
		{3789DF89-7DD0-43EA-9F47-9CC609903A38}.Release|Mixed Platforms.Build.0 = Release|Any CPU
		{3789DF89-7DD0-43EA-9F47-9CC609903A38}.Release|Win32.ActiveCfg = Release|x86
		{3789DF89-7DD0-43EA-9F47-9CC609903A38}.Release|Win32.Build.0 = Release|x86
		{3789DF89-7DD0-43EA-9F47-9CC609903A38}.Release|x64.ActiveCfg = Release|x64
		{3789DF89-7DD0-43EA-9F47-9CC609903A38}.Release|x86.ActiveCfg = Release|x86
		{3789DF89-7DD0-43EA-9F47-9CC609903A38}.Release|x86.Build.0 = Release|x86
		{2BAF4D57-FD06-4DF5-83CA-6D359E2A99E9}.Debug|Any CPU.ActiveCfg = Debug|Any CPU
		{2BAF4D57-FD06-4DF5-83CA-6D359E2A99E9}.Debug|Any CPU.Build.0 = Debug|Any CPU
		{2BAF4D57-FD06-4DF5-83CA-6D359E2A99E9}.Debug|Mixed Platforms.ActiveCfg = Debug|Any CPU
		{2BAF4D57-FD06-4DF5-83CA-6D359E2A99E9}.Debug|Mixed Platforms.Build.0 = Debug|Any CPU
		{2BAF4D57-FD06-4DF5-83CA-6D359E2A99E9}.Debug|Win32.ActiveCfg = Debug|x86
		{2BAF4D57-FD06-4DF5-83CA-6D359E2A99E9}.Debug|Win32.Build.0 = Debug|x86
		{2BAF4D57-FD06-4DF5-83CA-6D359E2A99E9}.Debug|x64.ActiveCfg = Debug|x64
		{2BAF4D57-FD06-4DF5-83CA-6D359E2A99E9}.Debug|x64.Build.0 = Debug|x64
		{2BAF4D57-FD06-4DF5-83CA-6D359E2A99E9}.Debug|x86.ActiveCfg = Debug|x86
		{2BAF4D57-FD06-4DF5-83CA-6D359E2A99E9}.Debug|x86.Build.0 = Debug|x86
		{2BAF4D57-FD06-4DF5-83CA-6D359E2A99E9}.Release|Any CPU.ActiveCfg = Release|Any CPU
		{2BAF4D57-FD06-4DF5-83CA-6D359E2A99E9}.Release|Any CPU.Build.0 = Release|Any CPU
		{2BAF4D57-FD06-4DF5-83CA-6D359E2A99E9}.Release|Mixed Platforms.ActiveCfg = Release|Any CPU
		{2BAF4D57-FD06-4DF5-83CA-6D359E2A99E9}.Release|Mixed Platforms.Build.0 = Release|Any CPU
		{2BAF4D57-FD06-4DF5-83CA-6D359E2A99E9}.Release|Win32.ActiveCfg = Release|x86
		{2BAF4D57-FD06-4DF5-83CA-6D359E2A99E9}.Release|Win32.Build.0 = Release|x86
		{2BAF4D57-FD06-4DF5-83CA-6D359E2A99E9}.Release|x64.ActiveCfg = Release|x64
		{2BAF4D57-FD06-4DF5-83CA-6D359E2A99E9}.Release|x86.ActiveCfg = Release|x86
		{2BAF4D57-FD06-4DF5-83CA-6D359E2A99E9}.Release|x86.Build.0 = Release|x86
		{CE6D5FF8-70F8-438D-843E-9647C1DFB2E9}.Debug|Any CPU.ActiveCfg = Debug|Any CPU
		{CE6D5FF8-70F8-438D-843E-9647C1DFB2E9}.Debug|Any CPU.Build.0 = Debug|Any CPU
		{CE6D5FF8-70F8-438D-843E-9647C1DFB2E9}.Debug|Mixed Platforms.ActiveCfg = Debug|Any CPU
		{CE6D5FF8-70F8-438D-843E-9647C1DFB2E9}.Debug|Mixed Platforms.Build.0 = Debug|Any CPU
		{CE6D5FF8-70F8-438D-843E-9647C1DFB2E9}.Debug|Win32.ActiveCfg = Debug|x86
		{CE6D5FF8-70F8-438D-843E-9647C1DFB2E9}.Debug|x64.ActiveCfg = Debug|x64
		{CE6D5FF8-70F8-438D-843E-9647C1DFB2E9}.Debug|x86.ActiveCfg = Debug|x86
		{CE6D5FF8-70F8-438D-843E-9647C1DFB2E9}.Release|Any CPU.ActiveCfg = Release|Any CPU
		{CE6D5FF8-70F8-438D-843E-9647C1DFB2E9}.Release|Any CPU.Build.0 = Release|Any CPU
		{CE6D5FF8-70F8-438D-843E-9647C1DFB2E9}.Release|Mixed Platforms.ActiveCfg = Release|Any CPU
		{CE6D5FF8-70F8-438D-843E-9647C1DFB2E9}.Release|Mixed Platforms.Build.0 = Release|Any CPU
		{CE6D5FF8-70F8-438D-843E-9647C1DFB2E9}.Release|Win32.ActiveCfg = Release|x86
		{CE6D5FF8-70F8-438D-843E-9647C1DFB2E9}.Release|x64.ActiveCfg = Release|x64
		{CE6D5FF8-70F8-438D-843E-9647C1DFB2E9}.Release|x86.ActiveCfg = Release|x86
		{84DE7FA1-3632-2536-186A-D74658C0D4D8}.Debug|Any CPU.ActiveCfg = Debug|Win32
		{84DE7FA1-3632-2536-186A-D74658C0D4D8}.Debug|Any CPU.Build.0 = Debug|Win32
		{84DE7FA1-3632-2536-186A-D74658C0D4D8}.Debug|Mixed Platforms.ActiveCfg = Debug|Win32
		{84DE7FA1-3632-2536-186A-D74658C0D4D8}.Debug|Mixed Platforms.Build.0 = Debug|Win32
		{84DE7FA1-3632-2536-186A-D74658C0D4D8}.Debug|Win32.ActiveCfg = Debug|Win32
		{84DE7FA1-3632-2536-186A-D74658C0D4D8}.Debug|Win32.Build.0 = Debug|Win32
		{84DE7FA1-3632-2536-186A-D74658C0D4D8}.Debug|x64.ActiveCfg = Debug|x64
		{84DE7FA1-3632-2536-186A-D74658C0D4D8}.Debug|x64.Build.0 = Debug|x64
		{84DE7FA1-3632-2536-186A-D74658C0D4D8}.Debug|x86.ActiveCfg = Debug|Win32
		{84DE7FA1-3632-2536-186A-D74658C0D4D8}.Debug|x86.Build.0 = Debug|Win32
		{84DE7FA1-3632-2536-186A-D74658C0D4D8}.Release|Any CPU.ActiveCfg = Release|Win32
		{84DE7FA1-3632-2536-186A-D74658C0D4D8}.Release|Mixed Platforms.ActiveCfg = Release|Win32
		{84DE7FA1-3632-2536-186A-D74658C0D4D8}.Release|Mixed Platforms.Build.0 = Release|Win32
		{84DE7FA1-3632-2536-186A-D74658C0D4D8}.Release|Win32.ActiveCfg = Release|Win32
		{84DE7FA1-3632-2536-186A-D74658C0D4D8}.Release|Win32.Build.0 = Release|Win32
		{84DE7FA1-3632-2536-186A-D74658C0D4D8}.Release|x64.ActiveCfg = Release|x64
		{84DE7FA1-3632-2536-186A-D74658C0D4D8}.Release|x64.Build.0 = Release|x64
		{84DE7FA1-3632-2536-186A-D74658C0D4D8}.Release|x86.ActiveCfg = Release|Win32
		{84DE7FA1-3632-2536-186A-D74658C0D4D8}.Release|x86.Build.0 = Release|Win32
		{79E7415D-B26E-8A1D-702B-C5A8B35B9D06}.Debug|Any CPU.ActiveCfg = Debug|Win32
		{79E7415D-B26E-8A1D-702B-C5A8B35B9D06}.Debug|Any CPU.Build.0 = Debug|Win32
		{79E7415D-B26E-8A1D-702B-C5A8B35B9D06}.Debug|Mixed Platforms.ActiveCfg = Debug|Win32
		{79E7415D-B26E-8A1D-702B-C5A8B35B9D06}.Debug|Mixed Platforms.Build.0 = Debug|Win32
		{79E7415D-B26E-8A1D-702B-C5A8B35B9D06}.Debug|Win32.ActiveCfg = Debug|Win32
		{79E7415D-B26E-8A1D-702B-C5A8B35B9D06}.Debug|Win32.Build.0 = Debug|Win32
		{79E7415D-B26E-8A1D-702B-C5A8B35B9D06}.Debug|x64.ActiveCfg = Debug|x64
		{79E7415D-B26E-8A1D-702B-C5A8B35B9D06}.Debug|x64.Build.0 = Debug|x64
		{79E7415D-B26E-8A1D-702B-C5A8B35B9D06}.Debug|x86.ActiveCfg = Debug|Win32
		{79E7415D-B26E-8A1D-702B-C5A8B35B9D06}.Debug|x86.Build.0 = Debug|Win32
		{79E7415D-B26E-8A1D-702B-C5A8B35B9D06}.Release|Any CPU.ActiveCfg = Release|Win32
		{79E7415D-B26E-8A1D-702B-C5A8B35B9D06}.Release|Mixed Platforms.ActiveCfg = Release|Win32
		{79E7415D-B26E-8A1D-702B-C5A8B35B9D06}.Release|Mixed Platforms.Build.0 = Release|Win32
		{79E7415D-B26E-8A1D-702B-C5A8B35B9D06}.Release|Win32.ActiveCfg = Release|Win32
		{79E7415D-B26E-8A1D-702B-C5A8B35B9D06}.Release|Win32.Build.0 = Release|Win32
		{79E7415D-B26E-8A1D-702B-C5A8B35B9D06}.Release|x64.ActiveCfg = Release|x64
		{79E7415D-B26E-8A1D-702B-C5A8B35B9D06}.Release|x64.Build.0 = Release|x64
		{79E7415D-B26E-8A1D-702B-C5A8B35B9D06}.Release|x86.ActiveCfg = Release|Win32
		{79E7415D-B26E-8A1D-702B-C5A8B35B9D06}.Release|x86.Build.0 = Release|Win32
		{059C6DFC-EFBB-4146-9621-C1B9BFB30A32}.Debug|Any CPU.ActiveCfg = Debug|Any CPU
		{059C6DFC-EFBB-4146-9621-C1B9BFB30A32}.Debug|Any CPU.Build.0 = Debug|Any CPU
		{059C6DFC-EFBB-4146-9621-C1B9BFB30A32}.Debug|Mixed Platforms.ActiveCfg = Debug|Any CPU
		{059C6DFC-EFBB-4146-9621-C1B9BFB30A32}.Debug|Mixed Platforms.Build.0 = Debug|Any CPU
		{059C6DFC-EFBB-4146-9621-C1B9BFB30A32}.Debug|Win32.ActiveCfg = Debug|x86
		{059C6DFC-EFBB-4146-9621-C1B9BFB30A32}.Debug|Win32.Build.0 = Debug|x86
		{059C6DFC-EFBB-4146-9621-C1B9BFB30A32}.Debug|x64.ActiveCfg = Debug|x64
		{059C6DFC-EFBB-4146-9621-C1B9BFB30A32}.Debug|x64.Build.0 = Debug|x64
		{059C6DFC-EFBB-4146-9621-C1B9BFB30A32}.Debug|x86.ActiveCfg = Debug|x86
		{059C6DFC-EFBB-4146-9621-C1B9BFB30A32}.Debug|x86.Build.0 = Debug|x86
		{059C6DFC-EFBB-4146-9621-C1B9BFB30A32}.Release|Any CPU.ActiveCfg = Release|Any CPU
		{059C6DFC-EFBB-4146-9621-C1B9BFB30A32}.Release|Any CPU.Build.0 = Release|Any CPU
		{059C6DFC-EFBB-4146-9621-C1B9BFB30A32}.Release|Mixed Platforms.ActiveCfg = Release|Any CPU
		{059C6DFC-EFBB-4146-9621-C1B9BFB30A32}.Release|Mixed Platforms.Build.0 = Release|Any CPU
		{059C6DFC-EFBB-4146-9621-C1B9BFB30A32}.Release|Win32.ActiveCfg = Release|x86
		{059C6DFC-EFBB-4146-9621-C1B9BFB30A32}.Release|Win32.Build.0 = Release|x86
		{059C6DFC-EFBB-4146-9621-C1B9BFB30A32}.Release|x64.ActiveCfg = Release|x64
		{059C6DFC-EFBB-4146-9621-C1B9BFB30A32}.Release|x64.Build.0 = Release|x64
		{059C6DFC-EFBB-4146-9621-C1B9BFB30A32}.Release|x86.ActiveCfg = Release|x86
		{1AB38759-9CF3-416C-BD8B-62B8F1E10D52}.Debug|Any CPU.ActiveCfg = Debug|Any CPU
		{1AB38759-9CF3-416C-BD8B-62B8F1E10D52}.Debug|Any CPU.Build.0 = Debug|Any CPU
		{1AB38759-9CF3-416C-BD8B-62B8F1E10D52}.Debug|Mixed Platforms.ActiveCfg = Debug|x86
		{1AB38759-9CF3-416C-BD8B-62B8F1E10D52}.Debug|Mixed Platforms.Build.0 = Debug|x86
		{1AB38759-9CF3-416C-BD8B-62B8F1E10D52}.Debug|Win32.ActiveCfg = Debug|x86
		{1AB38759-9CF3-416C-BD8B-62B8F1E10D52}.Debug|Win32.Build.0 = Debug|x86
		{1AB38759-9CF3-416C-BD8B-62B8F1E10D52}.Debug|x64.ActiveCfg = Debug|x64
		{1AB38759-9CF3-416C-BD8B-62B8F1E10D52}.Debug|x64.Build.0 = Debug|x64
		{1AB38759-9CF3-416C-BD8B-62B8F1E10D52}.Debug|x86.ActiveCfg = Debug|x86
		{1AB38759-9CF3-416C-BD8B-62B8F1E10D52}.Debug|x86.Build.0 = Debug|x86
		{1AB38759-9CF3-416C-BD8B-62B8F1E10D52}.Release|Any CPU.ActiveCfg = Release|Any CPU
		{1AB38759-9CF3-416C-BD8B-62B8F1E10D52}.Release|Any CPU.Build.0 = Release|Any CPU
		{1AB38759-9CF3-416C-BD8B-62B8F1E10D52}.Release|Mixed Platforms.ActiveCfg = Release|x86
		{1AB38759-9CF3-416C-BD8B-62B8F1E10D52}.Release|Mixed Platforms.Build.0 = Release|x86
		{1AB38759-9CF3-416C-BD8B-62B8F1E10D52}.Release|Win32.ActiveCfg = Release|x86
		{1AB38759-9CF3-416C-BD8B-62B8F1E10D52}.Release|Win32.Build.0 = Release|x86
		{1AB38759-9CF3-416C-BD8B-62B8F1E10D52}.Release|x64.ActiveCfg = Release|x64
		{1AB38759-9CF3-416C-BD8B-62B8F1E10D52}.Release|x64.Build.0 = Release|x64
		{1AB38759-9CF3-416C-BD8B-62B8F1E10D52}.Release|x86.ActiveCfg = Release|x86
		{1AB38759-9CF3-416C-BD8B-62B8F1E10D52}.Release|x86.Build.0 = Release|x86
	EndGlobalSection
	GlobalSection(SolutionProperties) = preSolution
		HideSolutionNode = FALSE
	EndGlobalSection
EndGlobal
