
Microsoft Visual Studio Solution File, Format Version 12.00
# Visual Studio 2013
VisualStudioVersion = 12.0.30723.0
MinimumVisualStudioVersion = 10.0.40219.1
Project("{2150E333-8FDC-42A3-9474-1A3956D46DE8}") = "x. GIT", "x. GIT", "{4722DFEF-F10F-43C4-80B8-EAA5B0BC73BB}"
	ProjectSection(SolutionItems) = preProject
		.gitattributes = .gitattributes
		.gitignore = .gitignore
		COPYRIGHT.md = COPYRIGHT.md
		LICENSE.md = LICENSE.md
		README.md = README.md
	EndProjectSection
EndProject
Project("{2150E333-8FDC-42A3-9474-1A3956D46DE8}") = "4. KernelPlans", "4. KernelPlans", "{37FDC73D-9010-4519-8667-E2B960BF98CA}"
	ProjectSection(SolutionItems) = preProject
		KernelPlans\RTLR_CPU.cpp = KernelPlans\RTLR_CPU.cpp
		KernelPlans\RTLR_GPU.cpp = KernelPlans\RTLR_GPU.cpp
	EndProjectSection
EndProject
Project("{8BC9CEB8-8B4A-11D0-8D11-00A0C91BC942}") = "NeuroflowLib", "NeuroflowLib\NeuroflowLib.vcxproj", "{1E3F9155-8960-457D-8A38-9F1E20F07763}"
	ProjectSection(ProjectDependencies) = postProject
		{0532E840-6A8B-4E0B-B832-37A90C848557} = {0532E840-6A8B-4E0B-B832-37A90C848557}
	EndProjectSection
EndProject
Project("{8BC9CEB8-8B4A-11D0-8D11-00A0C91BC942}") = "NeuroflowTestConsole", "NeuroflowTestConsole\NeuroflowTestConsole.vcxproj", "{D8C45AC1-FEB7-4465-98A2-D868168330F3}"
	ProjectSection(ProjectDependencies) = postProject
		{0532E840-6A8B-4E0B-B832-37A90C848557} = {0532E840-6A8B-4E0B-B832-37A90C848557}
		{1E3F9155-8960-457D-8A38-9F1E20F07763} = {1E3F9155-8960-457D-8A38-9F1E20F07763}
	EndProjectSection
EndProject
Project("{2150E333-8FDC-42A3-9474-1A3956D46DE8}") = "3. Tools", "3. Tools", "{3E97ECE8-9DE2-4448-8AD4-E9D4163F5F29}"
	ProjectSection(SolutionItems) = preProject
		Tools\gencppver.exe = Tools\gencppver.exe
		Tools\gencppver.exe.config = Tools\gencppver.exe.config
	EndProjectSection
EndProject
Project("{8BC9CEB8-8B4A-11D0-8D11-00A0C91BC942}") = "NeuroflowNativeUT", "NeuroflowNativeUT\NeuroflowNativeUT.vcxproj", "{16C640C2-B50D-4494-A459-4E8F6D082F33}"
	ProjectSection(ProjectDependencies) = postProject
		{0532E840-6A8B-4E0B-B832-37A90C848557} = {0532E840-6A8B-4E0B-B832-37A90C848557}
		{1E3F9155-8960-457D-8A38-9F1E20F07763} = {1E3F9155-8960-457D-8A38-9F1E20F07763}
	EndProjectSection
EndProject
Project("{2150E333-8FDC-42A3-9474-1A3956D46DE8}") = ".nuget", ".nuget", "{9CAF6689-7C77-47BF-849A-53C1BB3868B8}"
	ProjectSection(SolutionItems) = preProject
		.nuget\NuGet.Config = .nuget\NuGet.Config
		.nuget\NuGet.exe = .nuget\NuGet.exe
		.nuget\NuGet.targets = .nuget\NuGet.targets
	EndProjectSection
EndProject
Project("{8BC9CEB8-8B4A-11D0-8D11-00A0C91BC942}") = "Linqlike", "Linqlike\Linqlike.vcxproj", "{0532E840-6A8B-4E0B-B832-37A90C848557}"
EndProject
Project("{8BC9CEB8-8B4A-11D0-8D11-00A0C91BC942}") = "LinqlikeUT", "LinqlikeUT\LinqlikeUT.vcxproj", "{3128C709-07D4-45F1-BB12-CCACB89CC26F}"
	ProjectSection(ProjectDependencies) = postProject
		{0532E840-6A8B-4E0B-B832-37A90C848557} = {0532E840-6A8B-4E0B-B832-37A90C848557}
	EndProjectSection
EndProject
Project("{2150E333-8FDC-42A3-9474-1A3956D46DE8}") = "1. Native", "1. Native", "{B89CD194-5D09-4773-92FA-605CA827D02B}"
EndProject
Project("{2150E333-8FDC-42A3-9474-1A3956D46DE8}") = "2. Managed", "2. Managed", "{B35618D0-216D-43E4-A68C-B9E8132B62C3}"
EndProject
Project("{2150E333-8FDC-42A3-9474-1A3956D46DE8}") = "1. Libs", "1. Libs", "{5694D4DF-D237-447B-9A5C-14BA7B01B8F5}"
EndProject
Project("{2150E333-8FDC-42A3-9474-1A3956D46DE8}") = "z. Solution Items", "z. Solution Items", "{7AA19B31-EB02-4C7C-B17A-F50D16DEBF62}"
	ProjectSection(SolutionItems) = preProject
		Performance1.psess = Performance1.psess
	EndProjectSection
EndProject
Global
	GlobalSection(SolutionConfigurationPlatforms) = preSolution
		Debug|Any CPU = Debug|Any CPU
		Debug|Mixed Platforms = Debug|Mixed Platforms
		Debug|Win32 = Debug|Win32
		Debug|x64 = Debug|x64
		Debug|x86 = Debug|x86
		Profiler|Any CPU = Profiler|Any CPU
		Profiler|Mixed Platforms = Profiler|Mixed Platforms
		Profiler|Win32 = Profiler|Win32
		Profiler|x64 = Profiler|x64
		Profiler|x86 = Profiler|x86
		Release|Any CPU = Release|Any CPU
		Release|Mixed Platforms = Release|Mixed Platforms
		Release|Win32 = Release|Win32
		Release|x64 = Release|x64
		Release|x86 = Release|x86
	EndGlobalSection
	GlobalSection(ProjectConfigurationPlatforms) = postSolution
		{1E3F9155-8960-457D-8A38-9F1E20F07763}.Debug|Any CPU.ActiveCfg = Debug|Win32
		{1E3F9155-8960-457D-8A38-9F1E20F07763}.Debug|Mixed Platforms.ActiveCfg = Debug|Win32
		{1E3F9155-8960-457D-8A38-9F1E20F07763}.Debug|Mixed Platforms.Build.0 = Debug|Win32
		{1E3F9155-8960-457D-8A38-9F1E20F07763}.Debug|Win32.ActiveCfg = Debug|Win32
		{1E3F9155-8960-457D-8A38-9F1E20F07763}.Debug|Win32.Build.0 = Debug|Win32
		{1E3F9155-8960-457D-8A38-9F1E20F07763}.Debug|x64.ActiveCfg = Debug|x64
		{1E3F9155-8960-457D-8A38-9F1E20F07763}.Debug|x64.Build.0 = Debug|x64
		{1E3F9155-8960-457D-8A38-9F1E20F07763}.Debug|x86.ActiveCfg = Debug|Win32
		{1E3F9155-8960-457D-8A38-9F1E20F07763}.Debug|x86.Build.0 = Debug|Win32
		{1E3F9155-8960-457D-8A38-9F1E20F07763}.Profiler|Any CPU.ActiveCfg = Release|Win32
		{1E3F9155-8960-457D-8A38-9F1E20F07763}.Profiler|Mixed Platforms.ActiveCfg = Release|Win32
		{1E3F9155-8960-457D-8A38-9F1E20F07763}.Profiler|Mixed Platforms.Build.0 = Release|Win32
		{1E3F9155-8960-457D-8A38-9F1E20F07763}.Profiler|Win32.ActiveCfg = Release|Win32
		{1E3F9155-8960-457D-8A38-9F1E20F07763}.Profiler|Win32.Build.0 = Release|Win32
		{1E3F9155-8960-457D-8A38-9F1E20F07763}.Profiler|x64.ActiveCfg = Release|x64
		{1E3F9155-8960-457D-8A38-9F1E20F07763}.Profiler|x64.Build.0 = Release|x64
		{1E3F9155-8960-457D-8A38-9F1E20F07763}.Profiler|x86.ActiveCfg = Profiler|Win32
		{1E3F9155-8960-457D-8A38-9F1E20F07763}.Profiler|x86.Build.0 = Profiler|Win32
		{1E3F9155-8960-457D-8A38-9F1E20F07763}.Release|Any CPU.ActiveCfg = Release|Win32
		{1E3F9155-8960-457D-8A38-9F1E20F07763}.Release|Mixed Platforms.ActiveCfg = Release|Win32
		{1E3F9155-8960-457D-8A38-9F1E20F07763}.Release|Mixed Platforms.Build.0 = Release|Win32
		{1E3F9155-8960-457D-8A38-9F1E20F07763}.Release|Win32.ActiveCfg = Release|Win32
		{1E3F9155-8960-457D-8A38-9F1E20F07763}.Release|Win32.Build.0 = Release|Win32
		{1E3F9155-8960-457D-8A38-9F1E20F07763}.Release|x64.ActiveCfg = Release|x64
		{1E3F9155-8960-457D-8A38-9F1E20F07763}.Release|x64.Build.0 = Release|x64
		{1E3F9155-8960-457D-8A38-9F1E20F07763}.Release|x86.ActiveCfg = Release|Win32
		{1E3F9155-8960-457D-8A38-9F1E20F07763}.Release|x86.Build.0 = Release|Win32
		{D8C45AC1-FEB7-4465-98A2-D868168330F3}.Debug|Any CPU.ActiveCfg = Debug|Win32
		{D8C45AC1-FEB7-4465-98A2-D868168330F3}.Debug|Mixed Platforms.ActiveCfg = Debug|Win32
		{D8C45AC1-FEB7-4465-98A2-D868168330F3}.Debug|Mixed Platforms.Build.0 = Debug|Win32
		{D8C45AC1-FEB7-4465-98A2-D868168330F3}.Debug|Win32.ActiveCfg = Debug|Win32
		{D8C45AC1-FEB7-4465-98A2-D868168330F3}.Debug|x64.ActiveCfg = Debug|x64
		{D8C45AC1-FEB7-4465-98A2-D868168330F3}.Debug|x64.Build.0 = Debug|x64
		{D8C45AC1-FEB7-4465-98A2-D868168330F3}.Debug|x86.ActiveCfg = Debug|Win32
		{D8C45AC1-FEB7-4465-98A2-D868168330F3}.Debug|x86.Build.0 = Debug|Win32
		{D8C45AC1-FEB7-4465-98A2-D868168330F3}.Profiler|Any CPU.ActiveCfg = Release|Win32
		{D8C45AC1-FEB7-4465-98A2-D868168330F3}.Profiler|Mixed Platforms.ActiveCfg = Release|Win32
		{D8C45AC1-FEB7-4465-98A2-D868168330F3}.Profiler|Mixed Platforms.Build.0 = Release|Win32
		{D8C45AC1-FEB7-4465-98A2-D868168330F3}.Profiler|Win32.ActiveCfg = Release|Win32
		{D8C45AC1-FEB7-4465-98A2-D868168330F3}.Profiler|x64.ActiveCfg = Release|x64
		{D8C45AC1-FEB7-4465-98A2-D868168330F3}.Profiler|x64.Build.0 = Release|x64
		{D8C45AC1-FEB7-4465-98A2-D868168330F3}.Profiler|x86.ActiveCfg = Profiler|Win32
		{D8C45AC1-FEB7-4465-98A2-D868168330F3}.Profiler|x86.Build.0 = Profiler|Win32
		{D8C45AC1-FEB7-4465-98A2-D868168330F3}.Release|Any CPU.ActiveCfg = Release|Win32
		{D8C45AC1-FEB7-4465-98A2-D868168330F3}.Release|Mixed Platforms.ActiveCfg = Release|Win32
		{D8C45AC1-FEB7-4465-98A2-D868168330F3}.Release|Mixed Platforms.Build.0 = Release|Win32
		{D8C45AC1-FEB7-4465-98A2-D868168330F3}.Release|Win32.ActiveCfg = Release|Win32
		{D8C45AC1-FEB7-4465-98A2-D868168330F3}.Release|x64.ActiveCfg = Release|x64
		{D8C45AC1-FEB7-4465-98A2-D868168330F3}.Release|x86.ActiveCfg = Release|Win32
		{16C640C2-B50D-4494-A459-4E8F6D082F33}.Debug|Any CPU.ActiveCfg = Debug|Win32
		{16C640C2-B50D-4494-A459-4E8F6D082F33}.Debug|Mixed Platforms.ActiveCfg = Debug|Win32
		{16C640C2-B50D-4494-A459-4E8F6D082F33}.Debug|Mixed Platforms.Build.0 = Debug|Win32
		{16C640C2-B50D-4494-A459-4E8F6D082F33}.Debug|Win32.ActiveCfg = Debug|Win32
		{16C640C2-B50D-4494-A459-4E8F6D082F33}.Debug|Win32.Build.0 = Debug|Win32
		{16C640C2-B50D-4494-A459-4E8F6D082F33}.Debug|x64.ActiveCfg = Debug|x64
		{16C640C2-B50D-4494-A459-4E8F6D082F33}.Debug|x64.Build.0 = Debug|x64
		{16C640C2-B50D-4494-A459-4E8F6D082F33}.Debug|x86.ActiveCfg = Debug|Win32
		{16C640C2-B50D-4494-A459-4E8F6D082F33}.Debug|x86.Build.0 = Debug|Win32
		{16C640C2-B50D-4494-A459-4E8F6D082F33}.Profiler|Any CPU.ActiveCfg = Release|Win32
		{16C640C2-B50D-4494-A459-4E8F6D082F33}.Profiler|Mixed Platforms.ActiveCfg = Release|Win32
		{16C640C2-B50D-4494-A459-4E8F6D082F33}.Profiler|Mixed Platforms.Build.0 = Release|Win32
		{16C640C2-B50D-4494-A459-4E8F6D082F33}.Profiler|Win32.ActiveCfg = Release|Win32
		{16C640C2-B50D-4494-A459-4E8F6D082F33}.Profiler|Win32.Build.0 = Release|Win32
		{16C640C2-B50D-4494-A459-4E8F6D082F33}.Profiler|x64.ActiveCfg = Release|x64
		{16C640C2-B50D-4494-A459-4E8F6D082F33}.Profiler|x64.Build.0 = Release|x64
		{16C640C2-B50D-4494-A459-4E8F6D082F33}.Profiler|x86.ActiveCfg = Profiler|Win32
		{16C640C2-B50D-4494-A459-4E8F6D082F33}.Profiler|x86.Build.0 = Profiler|Win32
		{16C640C2-B50D-4494-A459-4E8F6D082F33}.Release|Any CPU.ActiveCfg = Release|Win32
		{16C640C2-B50D-4494-A459-4E8F6D082F33}.Release|Mixed Platforms.ActiveCfg = Release|Win32
		{16C640C2-B50D-4494-A459-4E8F6D082F33}.Release|Mixed Platforms.Build.0 = Release|Win32
		{16C640C2-B50D-4494-A459-4E8F6D082F33}.Release|Win32.ActiveCfg = Release|Win32
		{16C640C2-B50D-4494-A459-4E8F6D082F33}.Release|Win32.Build.0 = Release|Win32
		{16C640C2-B50D-4494-A459-4E8F6D082F33}.Release|x64.ActiveCfg = Release|x64
		{16C640C2-B50D-4494-A459-4E8F6D082F33}.Release|x64.Build.0 = Release|x64
		{16C640C2-B50D-4494-A459-4E8F6D082F33}.Release|x86.ActiveCfg = Release|Win32
		{16C640C2-B50D-4494-A459-4E8F6D082F33}.Release|x86.Build.0 = Release|Win32
		{0532E840-6A8B-4E0B-B832-37A90C848557}.Debug|Any CPU.ActiveCfg = Debug|Win32
		{0532E840-6A8B-4E0B-B832-37A90C848557}.Debug|Mixed Platforms.ActiveCfg = Debug|Win32
		{0532E840-6A8B-4E0B-B832-37A90C848557}.Debug|Mixed Platforms.Build.0 = Debug|Win32
		{0532E840-6A8B-4E0B-B832-37A90C848557}.Debug|Win32.ActiveCfg = Debug|Win32
		{0532E840-6A8B-4E0B-B832-37A90C848557}.Debug|Win32.Build.0 = Debug|Win32
		{0532E840-6A8B-4E0B-B832-37A90C848557}.Debug|x64.ActiveCfg = Debug|x64
		{0532E840-6A8B-4E0B-B832-37A90C848557}.Debug|x64.Build.0 = Debug|x64
		{0532E840-6A8B-4E0B-B832-37A90C848557}.Debug|x86.ActiveCfg = Debug|Win32
		{0532E840-6A8B-4E0B-B832-37A90C848557}.Debug|x86.Build.0 = Debug|Win32
		{0532E840-6A8B-4E0B-B832-37A90C848557}.Profiler|Any CPU.ActiveCfg = Release|Win32
		{0532E840-6A8B-4E0B-B832-37A90C848557}.Profiler|Mixed Platforms.ActiveCfg = Release|Win32
		{0532E840-6A8B-4E0B-B832-37A90C848557}.Profiler|Mixed Platforms.Build.0 = Release|Win32
		{0532E840-6A8B-4E0B-B832-37A90C848557}.Profiler|Win32.ActiveCfg = Release|Win32
		{0532E840-6A8B-4E0B-B832-37A90C848557}.Profiler|Win32.Build.0 = Release|Win32
		{0532E840-6A8B-4E0B-B832-37A90C848557}.Profiler|x64.ActiveCfg = Release|x64
		{0532E840-6A8B-4E0B-B832-37A90C848557}.Profiler|x64.Build.0 = Release|x64
		{0532E840-6A8B-4E0B-B832-37A90C848557}.Profiler|x86.ActiveCfg = Profiler|Win32
		{0532E840-6A8B-4E0B-B832-37A90C848557}.Profiler|x86.Build.0 = Profiler|Win32
		{0532E840-6A8B-4E0B-B832-37A90C848557}.Release|Any CPU.ActiveCfg = Release|Win32
		{0532E840-6A8B-4E0B-B832-37A90C848557}.Release|Mixed Platforms.ActiveCfg = Release|Win32
		{0532E840-6A8B-4E0B-B832-37A90C848557}.Release|Mixed Platforms.Build.0 = Release|Win32
		{0532E840-6A8B-4E0B-B832-37A90C848557}.Release|Win32.ActiveCfg = Release|Win32
		{0532E840-6A8B-4E0B-B832-37A90C848557}.Release|Win32.Build.0 = Release|Win32
		{0532E840-6A8B-4E0B-B832-37A90C848557}.Release|x64.ActiveCfg = Release|x64
		{0532E840-6A8B-4E0B-B832-37A90C848557}.Release|x64.Build.0 = Release|x64
		{0532E840-6A8B-4E0B-B832-37A90C848557}.Release|x86.ActiveCfg = Release|Win32
		{0532E840-6A8B-4E0B-B832-37A90C848557}.Release|x86.Build.0 = Release|Win32
		{3128C709-07D4-45F1-BB12-CCACB89CC26F}.Debug|Any CPU.ActiveCfg = Debug|Win32
		{3128C709-07D4-45F1-BB12-CCACB89CC26F}.Debug|Mixed Platforms.ActiveCfg = Debug|Win32
		{3128C709-07D4-45F1-BB12-CCACB89CC26F}.Debug|Mixed Platforms.Build.0 = Debug|Win32
		{3128C709-07D4-45F1-BB12-CCACB89CC26F}.Debug|Win32.ActiveCfg = Debug|Win32
		{3128C709-07D4-45F1-BB12-CCACB89CC26F}.Debug|Win32.Build.0 = Debug|Win32
		{3128C709-07D4-45F1-BB12-CCACB89CC26F}.Debug|x64.ActiveCfg = Debug|x64
		{3128C709-07D4-45F1-BB12-CCACB89CC26F}.Debug|x64.Build.0 = Debug|x64
		{3128C709-07D4-45F1-BB12-CCACB89CC26F}.Debug|x86.ActiveCfg = Debug|Win32
		{3128C709-07D4-45F1-BB12-CCACB89CC26F}.Debug|x86.Build.0 = Debug|Win32
		{3128C709-07D4-45F1-BB12-CCACB89CC26F}.Profiler|Any CPU.ActiveCfg = Release|Win32
		{3128C709-07D4-45F1-BB12-CCACB89CC26F}.Profiler|Mixed Platforms.ActiveCfg = Release|Win32
		{3128C709-07D4-45F1-BB12-CCACB89CC26F}.Profiler|Mixed Platforms.Build.0 = Release|Win32
		{3128C709-07D4-45F1-BB12-CCACB89CC26F}.Profiler|Win32.ActiveCfg = Release|Win32
		{3128C709-07D4-45F1-BB12-CCACB89CC26F}.Profiler|Win32.Build.0 = Release|Win32
		{3128C709-07D4-45F1-BB12-CCACB89CC26F}.Profiler|x64.ActiveCfg = Release|x64
		{3128C709-07D4-45F1-BB12-CCACB89CC26F}.Profiler|x64.Build.0 = Release|x64
		{3128C709-07D4-45F1-BB12-CCACB89CC26F}.Profiler|x86.ActiveCfg = Profiler|Win32
		{3128C709-07D4-45F1-BB12-CCACB89CC26F}.Profiler|x86.Build.0 = Profiler|Win32
		{3128C709-07D4-45F1-BB12-CCACB89CC26F}.Release|Any CPU.ActiveCfg = Release|Win32
		{3128C709-07D4-45F1-BB12-CCACB89CC26F}.Release|Mixed Platforms.ActiveCfg = Release|Win32
		{3128C709-07D4-45F1-BB12-CCACB89CC26F}.Release|Mixed Platforms.Build.0 = Release|Win32
		{3128C709-07D4-45F1-BB12-CCACB89CC26F}.Release|Win32.ActiveCfg = Release|Win32
		{3128C709-07D4-45F1-BB12-CCACB89CC26F}.Release|Win32.Build.0 = Release|Win32
		{3128C709-07D4-45F1-BB12-CCACB89CC26F}.Release|x64.ActiveCfg = Release|x64
		{3128C709-07D4-45F1-BB12-CCACB89CC26F}.Release|x64.Build.0 = Release|x64
		{3128C709-07D4-45F1-BB12-CCACB89CC26F}.Release|x86.ActiveCfg = Release|Win32
		{3128C709-07D4-45F1-BB12-CCACB89CC26F}.Release|x86.Build.0 = Release|Win32
	EndGlobalSection
	GlobalSection(SolutionProperties) = preSolution
		HideSolutionNode = FALSE
	EndGlobalSection
	GlobalSection(NestedProjects) = preSolution
		{1E3F9155-8960-457D-8A38-9F1E20F07763} = {B89CD194-5D09-4773-92FA-605CA827D02B}
		{D8C45AC1-FEB7-4465-98A2-D868168330F3} = {B89CD194-5D09-4773-92FA-605CA827D02B}
		{16C640C2-B50D-4494-A459-4E8F6D082F33} = {B89CD194-5D09-4773-92FA-605CA827D02B}
		{0532E840-6A8B-4E0B-B832-37A90C848557} = {5694D4DF-D237-447B-9A5C-14BA7B01B8F5}
		{3128C709-07D4-45F1-BB12-CCACB89CC26F} = {5694D4DF-D237-447B-9A5C-14BA7B01B8F5}
		{5694D4DF-D237-447B-9A5C-14BA7B01B8F5} = {B89CD194-5D09-4773-92FA-605CA827D02B}
	EndGlobalSection
EndGlobal
