
Microsoft Visual Studio Solution File, Format Version 12.00
# Visual Studio 2013
VisualStudioVersion = 12.0.30723.0
MinimumVisualStudioVersion = 10.0.40219.1
Project("{FAE04EC0-301F-11D3-BF4B-00C04F79EFBC}") = "Neuroflow", "Neuroflow\Neuroflow.csproj", "{EB83BF8D-63AD-4D0F-9F1C-686A4F04475C}"
EndProject
Project("{FAE04EC0-301F-11D3-BF4B-00C04F79EFBC}") = "Neuroflow.UT", "Neuroflow.UT\Neuroflow.UT.csproj", "{259845FA-9834-41E9-A53E-8AE96E1A09EA}"
	ProjectSection(ProjectDependencies) = postProject
		{6417A480-6C0D-4F73-8447-CE864B378204} = {6417A480-6C0D-4F73-8447-CE864B378204}
	EndProjectSection
EndProject
Project("{FAE04EC0-301F-11D3-BF4B-00C04F79EFBC}") = "TestConsole", "TestConsole\TestConsole.csproj", "{DF6AD2FA-8708-4E0F-B873-E85F6E6B69E6}"
EndProject
Project("{8BC9CEB8-8B4A-11D0-8D11-00A0C91BC942}") = "Neuroflow.Native", "Neuroflow.Native\Neuroflow.Native.vcxproj", "{137F4CFE-529F-4886-9FAF-BE4B4847C754}"
EndProject
Project("{8BC9CEB8-8B4A-11D0-8D11-00A0C91BC942}") = "NeuroflowN", "NeuroflowN\NeuroflowN.vcxproj", "{6417A480-6C0D-4F73-8447-CE864B378204}"
EndProject
Project("{2150E333-8FDC-42A3-9474-1A3956D46DE8}") = "!GIT", "!GIT", "{4722DFEF-F10F-43C4-80B8-EAA5B0BC73BB}"
	ProjectSection(SolutionItems) = preProject
		.gitattributes = .gitattributes
		.gitignore = .gitignore
		COPYRIGHT.md = COPYRIGHT.md
		LICENSE.md = LICENSE.md
		README.md = README.md
	EndProjectSection
EndProject
Project("{8BC9CEB8-8B4A-11D0-8D11-00A0C91BC942}") = "NeuroflowN.UT", "NeuroflowN.UT\NeuroflowN.UT.vcxproj", "{698EBDD7-4FEB-4FD5-89FA-5A269EC610F3}"
EndProject
Project("{2150E333-8FDC-42A3-9474-1A3956D46DE8}") = "KernelPlans", "KernelPlans", "{37FDC73D-9010-4519-8667-E2B960BF98CA}"
	ProjectSection(SolutionItems) = preProject
		KernelPlans\RTLR_CPU.cpp = KernelPlans\RTLR_CPU.cpp
		KernelPlans\RTLR_GPU.cpp = KernelPlans\RTLR_GPU.cpp
	EndProjectSection
EndProject
Project("{2150E333-8FDC-42A3-9474-1A3956D46DE8}") = "Tools", "Tools", "{3E97ECE8-9DE2-4448-8AD4-E9D4163F5F29}"
	ProjectSection(SolutionItems) = preProject
		Tools\gencppver.exe = Tools\gencppver.exe
		Tools\gencppver.exe.config = Tools\gencppver.exe.config
	EndProjectSection
EndProject
Project("{2150E333-8FDC-42A3-9474-1A3956D46DE8}") = ".nuget", ".nuget", "{9CAF6689-7C77-47BF-849A-53C1BB3868B8}"
	ProjectSection(SolutionItems) = preProject
		.nuget\NuGet.Config = .nuget\NuGet.Config
		.nuget\NuGet.exe = .nuget\NuGet.exe
		.nuget\NuGet.targets = .nuget\NuGet.targets
	EndProjectSection
EndProject
Project("{2150E333-8FDC-42A3-9474-1A3956D46DE8}") = "Solution Items", "Solution Items", "{7AA19B31-EB02-4C7C-B17A-F50D16DEBF62}"
	ProjectSection(SolutionItems) = preProject
		Performance1.psess = Performance1.psess
	EndProjectSection
EndProject
Global
	GlobalSection(SolutionConfigurationPlatforms) = preSolution
		Debug|Any CPU = Debug|Any CPU
		Debug|Mixed Platforms = Debug|Mixed Platforms
		Debug|Win32 = Debug|Win32
		Debug|x64 = Debug|x64
		Debug|x86 = Debug|x86
		Profiler|Any CPU = Profiler|Any CPU
		Profiler|Mixed Platforms = Profiler|Mixed Platforms
		Profiler|Win32 = Profiler|Win32
		Profiler|x64 = Profiler|x64
		Profiler|x86 = Profiler|x86
		Release|Any CPU = Release|Any CPU
		Release|Mixed Platforms = Release|Mixed Platforms
		Release|Win32 = Release|Win32
		Release|x64 = Release|x64
		Release|x86 = Release|x86
	EndGlobalSection
	GlobalSection(ProjectConfigurationPlatforms) = postSolution
		{EB83BF8D-63AD-4D0F-9F1C-686A4F04475C}.Debug|Any CPU.ActiveCfg = Debug|x86
		{EB83BF8D-63AD-4D0F-9F1C-686A4F04475C}.Debug|Mixed Platforms.ActiveCfg = Debug|x86
		{EB83BF8D-63AD-4D0F-9F1C-686A4F04475C}.Debug|Mixed Platforms.Build.0 = Debug|x86
		{EB83BF8D-63AD-4D0F-9F1C-686A4F04475C}.Debug|Win32.ActiveCfg = Debug|x86
		{EB83BF8D-63AD-4D0F-9F1C-686A4F04475C}.Debug|x64.ActiveCfg = Debug|x64
		{EB83BF8D-63AD-4D0F-9F1C-686A4F04475C}.Debug|x86.ActiveCfg = Debug|x86
		{EB83BF8D-63AD-4D0F-9F1C-686A4F04475C}.Profiler|Any CPU.ActiveCfg = Release|x86
		{EB83BF8D-63AD-4D0F-9F1C-686A4F04475C}.Profiler|Mixed Platforms.ActiveCfg = Release|x86
		{EB83BF8D-63AD-4D0F-9F1C-686A4F04475C}.Profiler|Mixed Platforms.Build.0 = Release|x86
		{EB83BF8D-63AD-4D0F-9F1C-686A4F04475C}.Profiler|Win32.ActiveCfg = Release|x86
		{EB83BF8D-63AD-4D0F-9F1C-686A4F04475C}.Profiler|x64.ActiveCfg = Release|x64
		{EB83BF8D-63AD-4D0F-9F1C-686A4F04475C}.Profiler|x86.ActiveCfg = Release|x86
		{EB83BF8D-63AD-4D0F-9F1C-686A4F04475C}.Profiler|x86.Build.0 = Release|x86
		{EB83BF8D-63AD-4D0F-9F1C-686A4F04475C}.Release|Any CPU.ActiveCfg = Release|x86
		{EB83BF8D-63AD-4D0F-9F1C-686A4F04475C}.Release|Mixed Platforms.ActiveCfg = Release|x86
		{EB83BF8D-63AD-4D0F-9F1C-686A4F04475C}.Release|Mixed Platforms.Build.0 = Release|x86
		{EB83BF8D-63AD-4D0F-9F1C-686A4F04475C}.Release|Win32.ActiveCfg = Release|x86
		{EB83BF8D-63AD-4D0F-9F1C-686A4F04475C}.Release|x64.ActiveCfg = Release|x64
		{EB83BF8D-63AD-4D0F-9F1C-686A4F04475C}.Release|x64.Build.0 = Release|x64
		{EB83BF8D-63AD-4D0F-9F1C-686A4F04475C}.Release|x86.ActiveCfg = Release|x86
		{259845FA-9834-41E9-A53E-8AE96E1A09EA}.Debug|Any CPU.ActiveCfg = Debug|x86
		{259845FA-9834-41E9-A53E-8AE96E1A09EA}.Debug|Mixed Platforms.ActiveCfg = Debug|x86
		{259845FA-9834-41E9-A53E-8AE96E1A09EA}.Debug|Mixed Platforms.Build.0 = Debug|x86
		{259845FA-9834-41E9-A53E-8AE96E1A09EA}.Debug|Win32.ActiveCfg = Debug|x86
		{259845FA-9834-41E9-A53E-8AE96E1A09EA}.Debug|x64.ActiveCfg = Debug|x64
		{259845FA-9834-41E9-A53E-8AE96E1A09EA}.Debug|x64.Build.0 = Debug|x64
		{259845FA-9834-41E9-A53E-8AE96E1A09EA}.Debug|x86.ActiveCfg = Debug|x86
		{259845FA-9834-41E9-A53E-8AE96E1A09EA}.Profiler|Any CPU.ActiveCfg = Release|x86
		{259845FA-9834-41E9-A53E-8AE96E1A09EA}.Profiler|Mixed Platforms.ActiveCfg = Release|x86
		{259845FA-9834-41E9-A53E-8AE96E1A09EA}.Profiler|Mixed Platforms.Build.0 = Release|x86
		{259845FA-9834-41E9-A53E-8AE96E1A09EA}.Profiler|Win32.ActiveCfg = Release|x86
		{259845FA-9834-41E9-A53E-8AE96E1A09EA}.Profiler|x64.ActiveCfg = Release|x64
		{259845FA-9834-41E9-A53E-8AE96E1A09EA}.Profiler|x86.ActiveCfg = Release|x86
		{259845FA-9834-41E9-A53E-8AE96E1A09EA}.Profiler|x86.Build.0 = Release|x86
		{259845FA-9834-41E9-A53E-8AE96E1A09EA}.Release|Any CPU.ActiveCfg = Release|x86
		{259845FA-9834-41E9-A53E-8AE96E1A09EA}.Release|Mixed Platforms.ActiveCfg = Release|x86
		{259845FA-9834-41E9-A53E-8AE96E1A09EA}.Release|Mixed Platforms.Build.0 = Release|x86
		{259845FA-9834-41E9-A53E-8AE96E1A09EA}.Release|Win32.ActiveCfg = Release|x86
		{259845FA-9834-41E9-A53E-8AE96E1A09EA}.Release|x64.ActiveCfg = Release|x64
		{259845FA-9834-41E9-A53E-8AE96E1A09EA}.Release|x64.Build.0 = Release|x64
		{259845FA-9834-41E9-A53E-8AE96E1A09EA}.Release|x86.ActiveCfg = Release|x86
		{DF6AD2FA-8708-4E0F-B873-E85F6E6B69E6}.Debug|Any CPU.ActiveCfg = Debug|Any CPU
		{DF6AD2FA-8708-4E0F-B873-E85F6E6B69E6}.Debug|Any CPU.Build.0 = Debug|Any CPU
		{DF6AD2FA-8708-4E0F-B873-E85F6E6B69E6}.Debug|Mixed Platforms.ActiveCfg = Debug|x86
		{DF6AD2FA-8708-4E0F-B873-E85F6E6B69E6}.Debug|Mixed Platforms.Build.0 = Debug|x86
		{DF6AD2FA-8708-4E0F-B873-E85F6E6B69E6}.Debug|Win32.ActiveCfg = Debug|x86
		{DF6AD2FA-8708-4E0F-B873-E85F6E6B69E6}.Debug|x64.ActiveCfg = Debug|x64
		{DF6AD2FA-8708-4E0F-B873-E85F6E6B69E6}.Debug|x86.ActiveCfg = Debug|x86
		{DF6AD2FA-8708-4E0F-B873-E85F6E6B69E6}.Profiler|Any CPU.ActiveCfg = Release|Any CPU
		{DF6AD2FA-8708-4E0F-B873-E85F6E6B69E6}.Profiler|Any CPU.Build.0 = Release|Any CPU
		{DF6AD2FA-8708-4E0F-B873-E85F6E6B69E6}.Profiler|Mixed Platforms.ActiveCfg = Release|x86
		{DF6AD2FA-8708-4E0F-B873-E85F6E6B69E6}.Profiler|Mixed Platforms.Build.0 = Release|x86
		{DF6AD2FA-8708-4E0F-B873-E85F6E6B69E6}.Profiler|Win32.ActiveCfg = Release|x86
		{DF6AD2FA-8708-4E0F-B873-E85F6E6B69E6}.Profiler|x64.ActiveCfg = Release|x64
		{DF6AD2FA-8708-4E0F-B873-E85F6E6B69E6}.Profiler|x86.ActiveCfg = Release|x86
		{DF6AD2FA-8708-4E0F-B873-E85F6E6B69E6}.Release|Any CPU.ActiveCfg = Release|Any CPU
		{DF6AD2FA-8708-4E0F-B873-E85F6E6B69E6}.Release|Any CPU.Build.0 = Release|Any CPU
		{DF6AD2FA-8708-4E0F-B873-E85F6E6B69E6}.Release|Mixed Platforms.ActiveCfg = Release|x86
		{DF6AD2FA-8708-4E0F-B873-E85F6E6B69E6}.Release|Mixed Platforms.Build.0 = Release|x86
		{DF6AD2FA-8708-4E0F-B873-E85F6E6B69E6}.Release|Win32.ActiveCfg = Release|x86
		{DF6AD2FA-8708-4E0F-B873-E85F6E6B69E6}.Release|x64.ActiveCfg = Release|x64
		{DF6AD2FA-8708-4E0F-B873-E85F6E6B69E6}.Release|x86.ActiveCfg = Release|x86
		{137F4CFE-529F-4886-9FAF-BE4B4847C754}.Debug|Any CPU.ActiveCfg = Debug|Win32
		{137F4CFE-529F-4886-9FAF-BE4B4847C754}.Debug|Mixed Platforms.ActiveCfg = Debug|Win32
		{137F4CFE-529F-4886-9FAF-BE4B4847C754}.Debug|Mixed Platforms.Build.0 = Debug|Win32
		{137F4CFE-529F-4886-9FAF-BE4B4847C754}.Debug|Win32.ActiveCfg = Debug|Win32
		{137F4CFE-529F-4886-9FAF-BE4B4847C754}.Debug|x64.ActiveCfg = Debug|x64
		{137F4CFE-529F-4886-9FAF-BE4B4847C754}.Debug|x86.ActiveCfg = Debug|Win32
		{137F4CFE-529F-4886-9FAF-BE4B4847C754}.Profiler|Any CPU.ActiveCfg = Release|Win32
		{137F4CFE-529F-4886-9FAF-BE4B4847C754}.Profiler|Mixed Platforms.ActiveCfg = Release|Win32
		{137F4CFE-529F-4886-9FAF-BE4B4847C754}.Profiler|Mixed Platforms.Build.0 = Release|Win32
		{137F4CFE-529F-4886-9FAF-BE4B4847C754}.Profiler|Win32.ActiveCfg = Release|Win32
		{137F4CFE-529F-4886-9FAF-BE4B4847C754}.Profiler|x64.ActiveCfg = Release|x64
		{137F4CFE-529F-4886-9FAF-BE4B4847C754}.Profiler|x86.ActiveCfg = Release|Win32
		{137F4CFE-529F-4886-9FAF-BE4B4847C754}.Profiler|x86.Build.0 = Release|Win32
		{137F4CFE-529F-4886-9FAF-BE4B4847C754}.Release|Any CPU.ActiveCfg = Release|Win32
		{137F4CFE-529F-4886-9FAF-BE4B4847C754}.Release|Mixed Platforms.ActiveCfg = Release|Win32
		{137F4CFE-529F-4886-9FAF-BE4B4847C754}.Release|Mixed Platforms.Build.0 = Release|Win32
		{137F4CFE-529F-4886-9FAF-BE4B4847C754}.Release|Win32.ActiveCfg = Release|Win32
		{137F4CFE-529F-4886-9FAF-BE4B4847C754}.Release|x64.ActiveCfg = Release|x64
		{137F4CFE-529F-4886-9FAF-BE4B4847C754}.Release|x64.Build.0 = Release|x64
		{137F4CFE-529F-4886-9FAF-BE4B4847C754}.Release|x86.ActiveCfg = Release|Win32
		{6417A480-6C0D-4F73-8447-CE864B378204}.Debug|Any CPU.ActiveCfg = Debug|Win32
		{6417A480-6C0D-4F73-8447-CE864B378204}.Debug|Mixed Platforms.ActiveCfg = Debug|Win32
		{6417A480-6C0D-4F73-8447-CE864B378204}.Debug|Mixed Platforms.Build.0 = Debug|Win32
		{6417A480-6C0D-4F73-8447-CE864B378204}.Debug|Win32.ActiveCfg = Debug|Win32
		{6417A480-6C0D-4F73-8447-CE864B378204}.Debug|x64.ActiveCfg = Debug|x64
		{6417A480-6C0D-4F73-8447-CE864B378204}.Debug|x86.ActiveCfg = Debug|Win32
		{6417A480-6C0D-4F73-8447-CE864B378204}.Profiler|Any CPU.ActiveCfg = Release|Win32
		{6417A480-6C0D-4F73-8447-CE864B378204}.Profiler|Mixed Platforms.ActiveCfg = Release|Win32
		{6417A480-6C0D-4F73-8447-CE864B378204}.Profiler|Mixed Platforms.Build.0 = Release|Win32
		{6417A480-6C0D-4F73-8447-CE864B378204}.Profiler|Win32.ActiveCfg = Release|Win32
		{6417A480-6C0D-4F73-8447-CE864B378204}.Profiler|x64.ActiveCfg = Release|x64
		{6417A480-6C0D-4F73-8447-CE864B378204}.Profiler|x86.ActiveCfg = Release|Win32
		{6417A480-6C0D-4F73-8447-CE864B378204}.Profiler|x86.Build.0 = Release|Win32
		{6417A480-6C0D-4F73-8447-CE864B378204}.Release|Any CPU.ActiveCfg = Release|Win32
		{6417A480-6C0D-4F73-8447-CE864B378204}.Release|Mixed Platforms.ActiveCfg = Release|Win32
		{6417A480-6C0D-4F73-8447-CE864B378204}.Release|Mixed Platforms.Build.0 = Release|Win32
		{6417A480-6C0D-4F73-8447-CE864B378204}.Release|Win32.ActiveCfg = Release|Win32
		{6417A480-6C0D-4F73-8447-CE864B378204}.Release|x64.ActiveCfg = Release|x64
		{6417A480-6C0D-4F73-8447-CE864B378204}.Release|x64.Build.0 = Release|x64
		{6417A480-6C0D-4F73-8447-CE864B378204}.Release|x86.ActiveCfg = Release|Win32
		{698EBDD7-4FEB-4FD5-89FA-5A269EC610F3}.Debug|Any CPU.ActiveCfg = Debug|Win32
		{698EBDD7-4FEB-4FD5-89FA-5A269EC610F3}.Debug|Mixed Platforms.ActiveCfg = Debug|Win32
		{698EBDD7-4FEB-4FD5-89FA-5A269EC610F3}.Debug|Mixed Platforms.Build.0 = Debug|Win32
		{698EBDD7-4FEB-4FD5-89FA-5A269EC610F3}.Debug|Win32.ActiveCfg = Debug|Win32
		{698EBDD7-4FEB-4FD5-89FA-5A269EC610F3}.Debug|x64.ActiveCfg = Debug|x64
		{698EBDD7-4FEB-4FD5-89FA-5A269EC610F3}.Debug|x64.Build.0 = Debug|x64
		{698EBDD7-4FEB-4FD5-89FA-5A269EC610F3}.Debug|x86.ActiveCfg = Debug|Win32
		{698EBDD7-4FEB-4FD5-89FA-5A269EC610F3}.Profiler|Any CPU.ActiveCfg = Release|Win32
		{698EBDD7-4FEB-4FD5-89FA-5A269EC610F3}.Profiler|Mixed Platforms.ActiveCfg = Release|Win32
		{698EBDD7-4FEB-4FD5-89FA-5A269EC610F3}.Profiler|Mixed Platforms.Build.0 = Release|Win32
		{698EBDD7-4FEB-4FD5-89FA-5A269EC610F3}.Profiler|Win32.ActiveCfg = Release|Win32
		{698EBDD7-4FEB-4FD5-89FA-5A269EC610F3}.Profiler|x64.ActiveCfg = Release|x64
		{698EBDD7-4FEB-4FD5-89FA-5A269EC610F3}.Profiler|x64.Build.0 = Release|x64
		{698EBDD7-4FEB-4FD5-89FA-5A269EC610F3}.Profiler|x86.ActiveCfg = Release|Win32
		{698EBDD7-4FEB-4FD5-89FA-5A269EC610F3}.Release|Any CPU.ActiveCfg = Release|Win32
		{698EBDD7-4FEB-4FD5-89FA-5A269EC610F3}.Release|Mixed Platforms.ActiveCfg = Release|Win32
		{698EBDD7-4FEB-4FD5-89FA-5A269EC610F3}.Release|Mixed Platforms.Build.0 = Release|Win32
		{698EBDD7-4FEB-4FD5-89FA-5A269EC610F3}.Release|Win32.ActiveCfg = Release|Win32
		{698EBDD7-4FEB-4FD5-89FA-5A269EC610F3}.Release|x64.ActiveCfg = Release|x64
		{698EBDD7-4FEB-4FD5-89FA-5A269EC610F3}.Release|x64.Build.0 = Release|x64
		{698EBDD7-4FEB-4FD5-89FA-5A269EC610F3}.Release|x86.ActiveCfg = Release|Win32
	EndGlobalSection
	GlobalSection(SolutionProperties) = preSolution
		HideSolutionNode = FALSE
	EndGlobalSection
EndGlobal
