
Microsoft Visual Studio Solution File, Format Version 12.00
# Visual Studio 2012
Project("{FAE04EC0-301F-11D3-BF4B-00C04F79EFBC}") = "ColorTest", "ColorTest\ColorTest.csproj", "{D4452D49-C8D2-43B5-A4E2-1559713314D3}"
EndProject
Project("{FAE04EC0-301F-11D3-BF4B-00C04F79EFBC}") = "ColorTestUT", "ColorTestUT\ColorTestUT.csproj", "{8D09C82B-AB02-4C73-A3A8-5D6D3EB6AEA7}"
EndProject
Project("{FAE04EC0-301F-11D3-BF4B-00C04F79EFBC}") = "WatColor", "WatColor\WatColor.csproj", "{9C9EF28F-370B-4DB8-8BA2-DEBC673CE3FE}"
EndProject
Project("{FAE04EC0-301F-11D3-BF4B-00C04F79EFBC}") = "ComputeFreeParameters", "ComputeFreeParameters\ComputeFreeParameters.csproj", "{A2E667B3-6657-4E4B-8240-44350CFF7CF9}"
EndProject
Project("{FAE04EC0-301F-11D3-BF4B-00C04F79EFBC}") = "MixColor", "MixColor\MixColor.csproj", "{C2D80BB5-C589-4824-A266-530D4A19A19D}"
EndProject
Global
	GlobalSection(TeamFoundationVersionControl) = preSolution
		SccNumberOfProjects = 6
		SccEnterpriseProvider = {4CA58AB2-18FA-4F8D-95D4-32DDF27D184C}
		SccTeamFoundationServer = https://gabormezo.visualstudio.com/defaultcollection
		SccLocalPath0 = .
		SccProjectUniqueName1 = ColorTest\\ColorTest.csproj
		SccProjectName1 = ColorTest
		SccLocalPath1 = ColorTest
		SccProjectUniqueName2 = ColorTestUT\\ColorTestUT.csproj
		SccProjectName2 = ColorTestUT
		SccLocalPath2 = ColorTestUT
		SccProjectUniqueName3 = ComputeFreeParameters\\ComputeFreeParameters.csproj
		SccProjectName3 = ComputeFreeParameters
		SccLocalPath3 = ComputeFreeParameters
		SccProjectUniqueName4 = MixColor\\MixColor.csproj
		SccProjectName4 = MixColor
		SccLocalPath4 = MixColor
		SccProjectUniqueName5 = WatColor\\WatColor.csproj
		SccProjectName5 = WatColor
		SccLocalPath5 = WatColor
	EndGlobalSection
	GlobalSection(SolutionConfigurationPlatforms) = preSolution
		Debug|Any CPU = Debug|Any CPU
		Debug|Mixed Platforms = Debug|Mixed Platforms
		Debug|x64 = Debug|x64
		Debug|x86 = Debug|x86
		Release|Any CPU = Release|Any CPU
		Release|Mixed Platforms = Release|Mixed Platforms
		Release|x64 = Release|x64
		Release|x86 = Release|x86
	EndGlobalSection
	GlobalSection(ProjectConfigurationPlatforms) = postSolution
		{D4452D49-C8D2-43B5-A4E2-1559713314D3}.Debug|Any CPU.ActiveCfg = Debug|Any CPU
		{D4452D49-C8D2-43B5-A4E2-1559713314D3}.Debug|Any CPU.Build.0 = Debug|Any CPU
		{D4452D49-C8D2-43B5-A4E2-1559713314D3}.Debug|Mixed Platforms.ActiveCfg = Debug|Any CPU
		{D4452D49-C8D2-43B5-A4E2-1559713314D3}.Debug|Mixed Platforms.Build.0 = Debug|Any CPU
		{D4452D49-C8D2-43B5-A4E2-1559713314D3}.Debug|x64.ActiveCfg = Debug|x64
		{D4452D49-C8D2-43B5-A4E2-1559713314D3}.Debug|x64.Build.0 = Debug|x64
		{D4452D49-C8D2-43B5-A4E2-1559713314D3}.Debug|x86.ActiveCfg = Debug|x86
		{D4452D49-C8D2-43B5-A4E2-1559713314D3}.Debug|x86.Build.0 = Debug|x86
		{D4452D49-C8D2-43B5-A4E2-1559713314D3}.Release|Any CPU.ActiveCfg = Release|Any CPU
		{D4452D49-C8D2-43B5-A4E2-1559713314D3}.Release|Any CPU.Build.0 = Release|Any CPU
		{D4452D49-C8D2-43B5-A4E2-1559713314D3}.Release|Mixed Platforms.ActiveCfg = Release|x86
		{D4452D49-C8D2-43B5-A4E2-1559713314D3}.Release|Mixed Platforms.Build.0 = Release|x86
		{D4452D49-C8D2-43B5-A4E2-1559713314D3}.Release|x64.ActiveCfg = Release|x64
		{D4452D49-C8D2-43B5-A4E2-1559713314D3}.Release|x64.Build.0 = Release|x64
		{D4452D49-C8D2-43B5-A4E2-1559713314D3}.Release|x86.ActiveCfg = Release|x86
		{D4452D49-C8D2-43B5-A4E2-1559713314D3}.Release|x86.Build.0 = Release|x86
		{8D09C82B-AB02-4C73-A3A8-5D6D3EB6AEA7}.Debug|Any CPU.ActiveCfg = Debug|Any CPU
		{8D09C82B-AB02-4C73-A3A8-5D6D3EB6AEA7}.Debug|Any CPU.Build.0 = Debug|Any CPU
		{8D09C82B-AB02-4C73-A3A8-5D6D3EB6AEA7}.Debug|Mixed Platforms.ActiveCfg = Debug|Any CPU
		{8D09C82B-AB02-4C73-A3A8-5D6D3EB6AEA7}.Debug|Mixed Platforms.Build.0 = Debug|Any CPU
		{8D09C82B-AB02-4C73-A3A8-5D6D3EB6AEA7}.Debug|x64.ActiveCfg = Debug|x64
		{8D09C82B-AB02-4C73-A3A8-5D6D3EB6AEA7}.Debug|x64.Build.0 = Debug|x64
		{8D09C82B-AB02-4C73-A3A8-5D6D3EB6AEA7}.Debug|x86.ActiveCfg = Debug|Any CPU
		{8D09C82B-AB02-4C73-A3A8-5D6D3EB6AEA7}.Release|Any CPU.ActiveCfg = Release|Any CPU
		{8D09C82B-AB02-4C73-A3A8-5D6D3EB6AEA7}.Release|Any CPU.Build.0 = Release|Any CPU
		{8D09C82B-AB02-4C73-A3A8-5D6D3EB6AEA7}.Release|Mixed Platforms.ActiveCfg = Release|Any CPU
		{8D09C82B-AB02-4C73-A3A8-5D6D3EB6AEA7}.Release|Mixed Platforms.Build.0 = Release|Any CPU
		{8D09C82B-AB02-4C73-A3A8-5D6D3EB6AEA7}.Release|x64.ActiveCfg = Release|x64
		{8D09C82B-AB02-4C73-A3A8-5D6D3EB6AEA7}.Release|x64.Build.0 = Release|x64
		{8D09C82B-AB02-4C73-A3A8-5D6D3EB6AEA7}.Release|x86.ActiveCfg = Release|Any CPU
		{9C9EF28F-370B-4DB8-8BA2-DEBC673CE3FE}.Debug|Any CPU.ActiveCfg = Debug|Any CPU
		{9C9EF28F-370B-4DB8-8BA2-DEBC673CE3FE}.Debug|Any CPU.Build.0 = Debug|Any CPU
		{9C9EF28F-370B-4DB8-8BA2-DEBC673CE3FE}.Debug|Mixed Platforms.ActiveCfg = Debug|Any CPU
		{9C9EF28F-370B-4DB8-8BA2-DEBC673CE3FE}.Debug|Mixed Platforms.Build.0 = Debug|Any CPU
		{9C9EF28F-370B-4DB8-8BA2-DEBC673CE3FE}.Debug|x64.ActiveCfg = Debug|x64
		{9C9EF28F-370B-4DB8-8BA2-DEBC673CE3FE}.Debug|x64.Build.0 = Debug|x64
		{9C9EF28F-370B-4DB8-8BA2-DEBC673CE3FE}.Debug|x86.ActiveCfg = Debug|Any CPU
		{9C9EF28F-370B-4DB8-8BA2-DEBC673CE3FE}.Release|Any CPU.ActiveCfg = Release|Any CPU
		{9C9EF28F-370B-4DB8-8BA2-DEBC673CE3FE}.Release|Any CPU.Build.0 = Release|Any CPU
		{9C9EF28F-370B-4DB8-8BA2-DEBC673CE3FE}.Release|Mixed Platforms.ActiveCfg = Release|Any CPU
		{9C9EF28F-370B-4DB8-8BA2-DEBC673CE3FE}.Release|Mixed Platforms.Build.0 = Release|Any CPU
		{9C9EF28F-370B-4DB8-8BA2-DEBC673CE3FE}.Release|x64.ActiveCfg = Release|x64
		{9C9EF28F-370B-4DB8-8BA2-DEBC673CE3FE}.Release|x64.Build.0 = Release|x64
		{9C9EF28F-370B-4DB8-8BA2-DEBC673CE3FE}.Release|x86.ActiveCfg = Release|Any CPU
		{A2E667B3-6657-4E4B-8240-44350CFF7CF9}.Debug|Any CPU.ActiveCfg = Debug|Any CPU
		{A2E667B3-6657-4E4B-8240-44350CFF7CF9}.Debug|Any CPU.Build.0 = Debug|Any CPU
		{A2E667B3-6657-4E4B-8240-44350CFF7CF9}.Debug|Mixed Platforms.ActiveCfg = Debug|Any CPU
		{A2E667B3-6657-4E4B-8240-44350CFF7CF9}.Debug|Mixed Platforms.Build.0 = Debug|Any CPU
		{A2E667B3-6657-4E4B-8240-44350CFF7CF9}.Debug|x64.ActiveCfg = Debug|x64
		{A2E667B3-6657-4E4B-8240-44350CFF7CF9}.Debug|x64.Build.0 = Debug|x64
		{A2E667B3-6657-4E4B-8240-44350CFF7CF9}.Debug|x86.ActiveCfg = Debug|Any CPU
		{A2E667B3-6657-4E4B-8240-44350CFF7CF9}.Release|Any CPU.ActiveCfg = Release|Any CPU
		{A2E667B3-6657-4E4B-8240-44350CFF7CF9}.Release|Any CPU.Build.0 = Release|Any CPU
		{A2E667B3-6657-4E4B-8240-44350CFF7CF9}.Release|Mixed Platforms.ActiveCfg = Release|Any CPU
		{A2E667B3-6657-4E4B-8240-44350CFF7CF9}.Release|Mixed Platforms.Build.0 = Release|Any CPU
		{A2E667B3-6657-4E4B-8240-44350CFF7CF9}.Release|x64.ActiveCfg = Release|x64
		{A2E667B3-6657-4E4B-8240-44350CFF7CF9}.Release|x64.Build.0 = Release|x64
		{A2E667B3-6657-4E4B-8240-44350CFF7CF9}.Release|x86.ActiveCfg = Release|Any CPU
		{C2D80BB5-C589-4824-A266-530D4A19A19D}.Debug|Any CPU.ActiveCfg = Debug|Any CPU
		{C2D80BB5-C589-4824-A266-530D4A19A19D}.Debug|Any CPU.Build.0 = Debug|Any CPU
		{C2D80BB5-C589-4824-A266-530D4A19A19D}.Debug|Mixed Platforms.ActiveCfg = Debug|Any CPU
		{C2D80BB5-C589-4824-A266-530D4A19A19D}.Debug|Mixed Platforms.Build.0 = Debug|Any CPU
		{C2D80BB5-C589-4824-A266-530D4A19A19D}.Debug|x64.ActiveCfg = Debug|x64
		{C2D80BB5-C589-4824-A266-530D4A19A19D}.Debug|x64.Build.0 = Debug|x64
		{C2D80BB5-C589-4824-A266-530D4A19A19D}.Debug|x86.ActiveCfg = Debug|Any CPU
		{C2D80BB5-C589-4824-A266-530D4A19A19D}.Release|Any CPU.ActiveCfg = Release|Any CPU
		{C2D80BB5-C589-4824-A266-530D4A19A19D}.Release|Any CPU.Build.0 = Release|Any CPU
		{C2D80BB5-C589-4824-A266-530D4A19A19D}.Release|Mixed Platforms.ActiveCfg = Release|Any CPU
		{C2D80BB5-C589-4824-A266-530D4A19A19D}.Release|Mixed Platforms.Build.0 = Release|Any CPU
		{C2D80BB5-C589-4824-A266-530D4A19A19D}.Release|x64.ActiveCfg = Release|x64
		{C2D80BB5-C589-4824-A266-530D4A19A19D}.Release|x64.Build.0 = Release|x64
		{C2D80BB5-C589-4824-A266-530D4A19A19D}.Release|x86.ActiveCfg = Release|Any CPU
	EndGlobalSection
	GlobalSection(SolutionProperties) = preSolution
		HideSolutionNode = FALSE
	EndGlobalSection
EndGlobal
