
Microsoft Visual Studio Solution File, Format Version 11.00
# Visual Studio 2010
Project("{FAE04EC0-301F-11D3-BF4B-00C04F79EFBC}") = "NeoCompTestClient", "NeoCompTestClient.csproj", "{F80428BE-88D6-489E-8A02-121944B175F4}"
EndProject
Project("{FAE04EC0-301F-11D3-BF4B-00C04F79EFBC}") = "NeoComp.Core", "..\NeoComp.Core\NeoComp.Core.csproj", "{E5E43A08-F672-4433-96FD-53687BECBD44}"
EndProject
Project("{FAE04EC0-301F-11D3-BF4B-00C04F79EFBC}") = "NeoComp.Activities", "..\NeoComp.Activities\NeoComp.Activities.csproj", "{2E57B492-458A-495C-B960-B8CCF04B782F}"
EndProject
Project("{FAE04EC0-301F-11D3-BF4B-00C04F79EFBC}") = "NeoComp.Activities.Design", "..\NeoComp.Activities.Design\NeoComp.Activities.Design.csproj", "{52005861-9A45-4B33-8556-A11F9CFE42C1}"
EndProject
Global
	GlobalSection(SolutionConfigurationPlatforms) = preSolution
		Debug|Any CPU = Debug|Any CPU
		Debug|Mixed Platforms = Debug|Mixed Platforms
		Debug|x86 = Debug|x86
		Release|Any CPU = Release|Any CPU
		Release|Mixed Platforms = Release|Mixed Platforms
		Release|x86 = Release|x86
	EndGlobalSection
	GlobalSection(ProjectConfigurationPlatforms) = postSolution
		{F80428BE-88D6-489E-8A02-121944B175F4}.Debug|Any CPU.ActiveCfg = Debug|x86
		{F80428BE-88D6-489E-8A02-121944B175F4}.Debug|Mixed Platforms.ActiveCfg = Debug|x86
		{F80428BE-88D6-489E-8A02-121944B175F4}.Debug|Mixed Platforms.Build.0 = Debug|x86
		{F80428BE-88D6-489E-8A02-121944B175F4}.Debug|x86.ActiveCfg = Debug|x86
		{F80428BE-88D6-489E-8A02-121944B175F4}.Debug|x86.Build.0 = Debug|x86
		{F80428BE-88D6-489E-8A02-121944B175F4}.Release|Any CPU.ActiveCfg = Release|x86
		{F80428BE-88D6-489E-8A02-121944B175F4}.Release|Mixed Platforms.ActiveCfg = Release|x86
		{F80428BE-88D6-489E-8A02-121944B175F4}.Release|Mixed Platforms.Build.0 = Release|x86
		{F80428BE-88D6-489E-8A02-121944B175F4}.Release|x86.ActiveCfg = Release|x86
		{F80428BE-88D6-489E-8A02-121944B175F4}.Release|x86.Build.0 = Release|x86
		{E5E43A08-F672-4433-96FD-53687BECBD44}.Debug|Any CPU.ActiveCfg = Debug|Any CPU
		{E5E43A08-F672-4433-96FD-53687BECBD44}.Debug|Any CPU.Build.0 = Debug|Any CPU
		{E5E43A08-F672-4433-96FD-53687BECBD44}.Debug|Mixed Platforms.ActiveCfg = Debug|Any CPU
		{E5E43A08-F672-4433-96FD-53687BECBD44}.Debug|Mixed Platforms.Build.0 = Debug|Any CPU
		{E5E43A08-F672-4433-96FD-53687BECBD44}.Debug|x86.ActiveCfg = Debug|Any CPU
		{E5E43A08-F672-4433-96FD-53687BECBD44}.Release|Any CPU.ActiveCfg = Release|Any CPU
		{E5E43A08-F672-4433-96FD-53687BECBD44}.Release|Any CPU.Build.0 = Release|Any CPU
		{E5E43A08-F672-4433-96FD-53687BECBD44}.Release|Mixed Platforms.ActiveCfg = Release|Any CPU
		{E5E43A08-F672-4433-96FD-53687BECBD44}.Release|Mixed Platforms.Build.0 = Release|Any CPU
		{E5E43A08-F672-4433-96FD-53687BECBD44}.Release|x86.ActiveCfg = Release|Any CPU
		{2E57B492-458A-495C-B960-B8CCF04B782F}.Debug|Any CPU.ActiveCfg = Debug|Any CPU
		{2E57B492-458A-495C-B960-B8CCF04B782F}.Debug|Any CPU.Build.0 = Debug|Any CPU
		{2E57B492-458A-495C-B960-B8CCF04B782F}.Debug|Mixed Platforms.ActiveCfg = Debug|Any CPU
		{2E57B492-458A-495C-B960-B8CCF04B782F}.Debug|Mixed Platforms.Build.0 = Debug|Any CPU
		{2E57B492-458A-495C-B960-B8CCF04B782F}.Debug|x86.ActiveCfg = Debug|Any CPU
		{2E57B492-458A-495C-B960-B8CCF04B782F}.Release|Any CPU.ActiveCfg = Release|Any CPU
		{2E57B492-458A-495C-B960-B8CCF04B782F}.Release|Any CPU.Build.0 = Release|Any CPU
		{2E57B492-458A-495C-B960-B8CCF04B782F}.Release|Mixed Platforms.ActiveCfg = Release|Any CPU
		{2E57B492-458A-495C-B960-B8CCF04B782F}.Release|Mixed Platforms.Build.0 = Release|Any CPU
		{2E57B492-458A-495C-B960-B8CCF04B782F}.Release|x86.ActiveCfg = Release|Any CPU
		{52005861-9A45-4B33-8556-A11F9CFE42C1}.Debug|Any CPU.ActiveCfg = Debug|Any CPU
		{52005861-9A45-4B33-8556-A11F9CFE42C1}.Debug|Any CPU.Build.0 = Debug|Any CPU
		{52005861-9A45-4B33-8556-A11F9CFE42C1}.Debug|Mixed Platforms.ActiveCfg = Debug|Any CPU
		{52005861-9A45-4B33-8556-A11F9CFE42C1}.Debug|Mixed Platforms.Build.0 = Debug|Any CPU
		{52005861-9A45-4B33-8556-A11F9CFE42C1}.Debug|x86.ActiveCfg = Debug|Any CPU
		{52005861-9A45-4B33-8556-A11F9CFE42C1}.Release|Any CPU.ActiveCfg = Release|Any CPU
		{52005861-9A45-4B33-8556-A11F9CFE42C1}.Release|Any CPU.Build.0 = Release|Any CPU
		{52005861-9A45-4B33-8556-A11F9CFE42C1}.Release|Mixed Platforms.ActiveCfg = Release|Any CPU
		{52005861-9A45-4B33-8556-A11F9CFE42C1}.Release|Mixed Platforms.Build.0 = Release|Any CPU
		{52005861-9A45-4B33-8556-A11F9CFE42C1}.Release|x86.ActiveCfg = Release|Any CPU
	EndGlobalSection
	GlobalSection(SolutionProperties) = preSolution
		HideSolutionNode = FALSE
	EndGlobalSection
EndGlobal
