
Microsoft Visual Studio Solution File, Format Version 11.00
# Visual Studio 2010
Project("{FAE04EC0-301F-11D3-BF4B-00C04F79EFBC}") = "LeCunConsole", "LeCunConsole\LeCunConsole.csproj", "{8B3B54F6-B9FB-4E69-81EA-4EB8E3DE016B}"
EndProject
Project("{FAE04EC0-301F-11D3-BF4B-00C04F79EFBC}") = "LeCun.Features", "LeCun.Features\LeCun.Features.csproj", "{1112AE0C-B24A-4223-901F-D8922DC79645}"
EndProject
Global
	GlobalSection(SolutionConfigurationPlatforms) = preSolution
		Debug|x86 = Debug|x86
		Release|x86 = Release|x86
	EndGlobalSection
	GlobalSection(ProjectConfigurationPlatforms) = postSolution
		{8B3B54F6-B9FB-4E69-81EA-4EB8E3DE016B}.Debug|x86.ActiveCfg = Debug|x86
		{8B3B54F6-B9FB-4E69-81EA-4EB8E3DE016B}.Debug|x86.Build.0 = Debug|x86
		{8B3B54F6-B9FB-4E69-81EA-4EB8E3DE016B}.Release|x86.ActiveCfg = Release|x86
		{8B3B54F6-B9FB-4E69-81EA-4EB8E3DE016B}.Release|x86.Build.0 = Release|x86
		{1112AE0C-B24A-4223-901F-D8922DC79645}.Debug|x86.ActiveCfg = Debug|x86
		{1112AE0C-B24A-4223-901F-D8922DC79645}.Debug|x86.Build.0 = Debug|x86
		{1112AE0C-B24A-4223-901F-D8922DC79645}.Release|x86.ActiveCfg = Release|x86
		{1112AE0C-B24A-4223-901F-D8922DC79645}.Release|x86.Build.0 = Release|x86
	EndGlobalSection
	GlobalSection(SolutionProperties) = preSolution
		HideSolutionNode = FALSE
	EndGlobalSection
EndGlobal
