
Microsoft Visual Studio Solution File, Format Version 11.00
# Visual Studio 2010
Project("{FAE04EC0-301F-11D3-BF4B-00C04F79EFBC}") = "Neuroflow.ComputationAPI", "Neuroflow.ComputationAPI\Neuroflow.ComputationAPI.csproj", "{D6A8F4FE-1693-41D3-B5DF-7BE6BA2B5866}"
EndProject
Project("{FAE04EC0-301F-11D3-BF4B-00C04F79EFBC}") = "Neuroflow.Tests", "..\Neuroflow.Tests\Neuroflow.Tests.csproj", "{AC1739C9-8C9D-46BA-9AA9-5A7D49730BCD}"
EndProject
Project("{2150E333-8FDC-42A3-9474-1A3956D46DE8}") = "Solution Items", "Solution Items", "{92B50C52-40FE-4C75-82B6-2B0CE4B47407}"
	ProjectSection(SolutionItems) = preProject
		Local.testsettings = Local.testsettings
		NeuroflowOh.vsmdi = NeuroflowOh.vsmdi
		TraceAndTestImpact.testsettings = TraceAndTestImpact.testsettings
	EndProjectSection
EndProject
Project("{FAE04EC0-301F-11D3-BF4B-00C04F79EFBC}") = "Neuroflow.Core", "..\Neuroflow.Core\Neuroflow.Core.csproj", "{2D1A335C-7E2F-407B-9360-D303E9F53593}"
EndProject
Project("{FAE04EC0-301F-11D3-BF4B-00C04F79EFBC}") = "Neuroflow.Networks", "Neuroflow.Networks\Neuroflow.Networks.csproj", "{827BBA8D-A1B3-4B72-AD85-D59EE87650B8}"
EndProject
Project("{FAE04EC0-301F-11D3-BF4B-00C04F79EFBC}") = "Neuroflow.Performance", "..\Neuroflow.Performance\Neuroflow.Performance.csproj", "{E08DD1CE-B80B-4301-8CBF-758E5B11FEFB}"
EndProject
Global
	GlobalSection(TestCaseManagementSettings) = postSolution
		CategoryFile = NeuroflowOh.vsmdi
	EndGlobalSection
	GlobalSection(SolutionConfigurationPlatforms) = preSolution
		Debug|Any CPU = Debug|Any CPU
		Debug|Mixed Platforms = Debug|Mixed Platforms
		Debug|x86 = Debug|x86
		Release|Any CPU = Release|Any CPU
		Release|Mixed Platforms = Release|Mixed Platforms
		Release|x86 = Release|x86
	EndGlobalSection
	GlobalSection(ProjectConfigurationPlatforms) = postSolution
		{D6A8F4FE-1693-41D3-B5DF-7BE6BA2B5866}.Debug|Any CPU.ActiveCfg = Debug|Any CPU
		{D6A8F4FE-1693-41D3-B5DF-7BE6BA2B5866}.Debug|Any CPU.Build.0 = Debug|Any CPU
		{D6A8F4FE-1693-41D3-B5DF-7BE6BA2B5866}.Debug|Mixed Platforms.ActiveCfg = Debug|Any CPU
		{D6A8F4FE-1693-41D3-B5DF-7BE6BA2B5866}.Debug|Mixed Platforms.Build.0 = Debug|Any CPU
		{D6A8F4FE-1693-41D3-B5DF-7BE6BA2B5866}.Debug|x86.ActiveCfg = Debug|Any CPU
		{D6A8F4FE-1693-41D3-B5DF-7BE6BA2B5866}.Release|Any CPU.ActiveCfg = Release|Any CPU
		{D6A8F4FE-1693-41D3-B5DF-7BE6BA2B5866}.Release|Any CPU.Build.0 = Release|Any CPU
		{D6A8F4FE-1693-41D3-B5DF-7BE6BA2B5866}.Release|Mixed Platforms.ActiveCfg = Release|Any CPU
		{D6A8F4FE-1693-41D3-B5DF-7BE6BA2B5866}.Release|Mixed Platforms.Build.0 = Release|Any CPU
		{D6A8F4FE-1693-41D3-B5DF-7BE6BA2B5866}.Release|x86.ActiveCfg = Release|Any CPU
		{AC1739C9-8C9D-46BA-9AA9-5A7D49730BCD}.Debug|Any CPU.ActiveCfg = Debug|Any CPU
		{AC1739C9-8C9D-46BA-9AA9-5A7D49730BCD}.Debug|Any CPU.Build.0 = Debug|Any CPU
		{AC1739C9-8C9D-46BA-9AA9-5A7D49730BCD}.Debug|Mixed Platforms.ActiveCfg = Debug|Any CPU
		{AC1739C9-8C9D-46BA-9AA9-5A7D49730BCD}.Debug|Mixed Platforms.Build.0 = Debug|Any CPU
		{AC1739C9-8C9D-46BA-9AA9-5A7D49730BCD}.Debug|x86.ActiveCfg = Debug|Any CPU
		{AC1739C9-8C9D-46BA-9AA9-5A7D49730BCD}.Release|Any CPU.ActiveCfg = Release|Any CPU
		{AC1739C9-8C9D-46BA-9AA9-5A7D49730BCD}.Release|Any CPU.Build.0 = Release|Any CPU
		{AC1739C9-8C9D-46BA-9AA9-5A7D49730BCD}.Release|Mixed Platforms.ActiveCfg = Release|Any CPU
		{AC1739C9-8C9D-46BA-9AA9-5A7D49730BCD}.Release|Mixed Platforms.Build.0 = Release|Any CPU
		{AC1739C9-8C9D-46BA-9AA9-5A7D49730BCD}.Release|x86.ActiveCfg = Release|Any CPU
		{2D1A335C-7E2F-407B-9360-D303E9F53593}.Debug|Any CPU.ActiveCfg = Debug|Any CPU
		{2D1A335C-7E2F-407B-9360-D303E9F53593}.Debug|Any CPU.Build.0 = Debug|Any CPU
		{2D1A335C-7E2F-407B-9360-D303E9F53593}.Debug|Mixed Platforms.ActiveCfg = Debug|Any CPU
		{2D1A335C-7E2F-407B-9360-D303E9F53593}.Debug|Mixed Platforms.Build.0 = Debug|Any CPU
		{2D1A335C-7E2F-407B-9360-D303E9F53593}.Debug|x86.ActiveCfg = Debug|Any CPU
		{2D1A335C-7E2F-407B-9360-D303E9F53593}.Release|Any CPU.ActiveCfg = Release|Any CPU
		{2D1A335C-7E2F-407B-9360-D303E9F53593}.Release|Any CPU.Build.0 = Release|Any CPU
		{2D1A335C-7E2F-407B-9360-D303E9F53593}.Release|Mixed Platforms.ActiveCfg = Release|Any CPU
		{2D1A335C-7E2F-407B-9360-D303E9F53593}.Release|Mixed Platforms.Build.0 = Release|Any CPU
		{2D1A335C-7E2F-407B-9360-D303E9F53593}.Release|x86.ActiveCfg = Release|Any CPU
		{827BBA8D-A1B3-4B72-AD85-D59EE87650B8}.Debug|Any CPU.ActiveCfg = Debug|Any CPU
		{827BBA8D-A1B3-4B72-AD85-D59EE87650B8}.Debug|Any CPU.Build.0 = Debug|Any CPU
		{827BBA8D-A1B3-4B72-AD85-D59EE87650B8}.Debug|Mixed Platforms.ActiveCfg = Debug|Any CPU
		{827BBA8D-A1B3-4B72-AD85-D59EE87650B8}.Debug|Mixed Platforms.Build.0 = Debug|Any CPU
		{827BBA8D-A1B3-4B72-AD85-D59EE87650B8}.Debug|x86.ActiveCfg = Debug|Any CPU
		{827BBA8D-A1B3-4B72-AD85-D59EE87650B8}.Release|Any CPU.ActiveCfg = Release|Any CPU
		{827BBA8D-A1B3-4B72-AD85-D59EE87650B8}.Release|Any CPU.Build.0 = Release|Any CPU
		{827BBA8D-A1B3-4B72-AD85-D59EE87650B8}.Release|Mixed Platforms.ActiveCfg = Release|Any CPU
		{827BBA8D-A1B3-4B72-AD85-D59EE87650B8}.Release|Mixed Platforms.Build.0 = Release|Any CPU
		{827BBA8D-A1B3-4B72-AD85-D59EE87650B8}.Release|x86.ActiveCfg = Release|Any CPU
		{E08DD1CE-B80B-4301-8CBF-758E5B11FEFB}.Debug|Any CPU.ActiveCfg = Debug|x86
		{E08DD1CE-B80B-4301-8CBF-758E5B11FEFB}.Debug|Mixed Platforms.ActiveCfg = Debug|x86
		{E08DD1CE-B80B-4301-8CBF-758E5B11FEFB}.Debug|Mixed Platforms.Build.0 = Debug|x86
		{E08DD1CE-B80B-4301-8CBF-758E5B11FEFB}.Debug|x86.ActiveCfg = Debug|x86
		{E08DD1CE-B80B-4301-8CBF-758E5B11FEFB}.Debug|x86.Build.0 = Debug|x86
		{E08DD1CE-B80B-4301-8CBF-758E5B11FEFB}.Release|Any CPU.ActiveCfg = Release|x86
		{E08DD1CE-B80B-4301-8CBF-758E5B11FEFB}.Release|Mixed Platforms.ActiveCfg = Release|x86
		{E08DD1CE-B80B-4301-8CBF-758E5B11FEFB}.Release|Mixed Platforms.Build.0 = Release|x86
		{E08DD1CE-B80B-4301-8CBF-758E5B11FEFB}.Release|x86.ActiveCfg = Release|x86
		{E08DD1CE-B80B-4301-8CBF-758E5B11FEFB}.Release|x86.Build.0 = Release|x86
	EndGlobalSection
	GlobalSection(SolutionProperties) = preSolution
		HideSolutionNode = FALSE
	EndGlobalSection
EndGlobal
