<?xml version="1.0" encoding="utf-8"?>
<Project ToolsVersion="4.0" xmlns="http://schemas.microsoft.com/developer/msbuild/2003">
  <ItemGroup>
    <ClInclude Include="linqlike.h" />
    <ClInclude Include="linqlike_any.h" />
    <ClInclude Include="linqlike_base.h" />
    <ClInclude Include="linqlike_concat.h" />
    <ClInclude Include="linqlike_first.h" />
    <ClInclude Include="linqlike_first_or_default.h" />
    <ClInclude Include="linqlike_from.h" />
    <ClInclude Include="linqlike_group_by.h" />
    <ClInclude Include="linqlike_order_by.h" />
    <ClInclude Include="linqlike_row_num.h" />
    <ClInclude Include="linqlike_select.h" />
    <ClInclude Include="linqlike_sort.h" />
    <ClInclude Include="linqlike_to_list.h" />
    <ClInclude Include="linqlike_to_vector.h" />
    <ClInclude Include="linqlike_where.h" />
    <ClInclude Include="linqlike_of_type.h" />
    <ClInclude Include="linqlike_cast.h" />
    <ClInclude Include="linqlike_to_map.h" />
    <ClInclude Include="linqlike_size.h" />
    <ClInclude Include="linqlike_sum.h" />
    <ClInclude Include="linqlike_distinct.h" />
  </ItemGroup>
</Project>