
Microsoft Visual Studio Solution File, Format Version 12.00
# Visual Studio 2013
VisualStudioVersion = 12.0.21005.1
MinimumVisualStudioVersion = 10.0.40219.1
Project("{002A2DE9-8BB6-484D-9802-7E4AD4084715}") = "nf_core", "nf_core\nf_core.visualdproj", "{6AAA958F-C9E4-4368-9040-7C622360C54A}"
EndProject
Global
	GlobalSection(SolutionConfigurationPlatforms) = preSolution
		Debug|Win32 = Debug|Win32
		Release|Win32 = Release|Win32
	EndGlobalSection
	GlobalSection(ProjectConfigurationPlatforms) = postSolution
		{6AAA958F-C9E4-4368-9040-7C622360C54A}.Debug|Win32.ActiveCfg = Debug|Win32
		{6AAA958F-C9E4-4368-9040-7C622360C54A}.Debug|Win32.Build.0 = Debug|Win32
		{6AAA958F-C9E4-4368-9040-7C622360C54A}.Release|Win32.ActiveCfg = Release|Win32
		{6AAA958F-C9E4-4368-9040-7C622360C54A}.Release|Win32.Build.0 = Release|Win32
	EndGlobalSection
	GlobalSection(SolutionProperties) = preSolution
		HideSolutionNode = FALSE
	EndGlobalSection
	GlobalSection(MonoDevelopProperties) = preSolution
		StartupItem = nf_core\nf_core.dproj
	EndGlobalSection
EndGlobal
