
Microsoft Visual Studio Solution File, Format Version 11.00
# Visual Studio 2010
Project("{FAE04EC0-301F-11D3-BF4B-00C04F79EFBC}") = "Neuroflow", "Neuroflow\Neuroflow.csproj", "{D0DB06C6-6891-462F-BC1D-1E39AE751288}"
EndProject
Project("{FAE04EC0-301F-11D3-BF4B-00C04F79EFBC}") = "Neuroflow.Design", "Neuroflow.Design\Neuroflow.Design.csproj", "{3B71189E-2819-4164-8346-24B8E2C5BE04}"
EndProject
Project("{2150E333-8FDC-42A3-9474-1A3956D46DE8}") = "Neuroflow Framework", "Neuroflow Framework", "{182530C9-FCAF-4E9C-A02B-07DF837F96F1}"
EndProject
Project("{2150E333-8FDC-42A3-9474-1A3956D46DE8}") = "Test", "Test", "{2B7D7594-1C94-4B8F-9151-8760E54450A4}"
EndProject
Project("{FAE04EC0-301F-11D3-BF4B-00C04F79EFBC}") = "Neuroflow.TestConsole", "Neuroflow.TestConsole\Neuroflow.TestConsole.csproj", "{363CE544-C4E5-4F59-B632-E559C85893B1}"
EndProject
Project("{FAE04EC0-301F-11D3-BF4B-00C04F79EFBC}") = "ImgNoise", "Tests\ImgNoise\ImgNoise.csproj", "{2BAF4D57-FD06-4DF5-83CA-6D359E2A99E9}"
EndProject
Project("{FAE04EC0-301F-11D3-BF4B-00C04F79EFBC}") = "PussyDetector", "Tests\PussyDetector\PussyDetector.csproj", "{CE6D5FF8-70F8-438D-843E-9647C1DFB2E9}"
EndProject
Project("{2150E333-8FDC-42A3-9474-1A3956D46DE8}") = ".lib", ".lib", "{6753D973-7F43-4B90-845E-6C8BF33E55C5}"
EndProject
Project("{2150E333-8FDC-42A3-9474-1A3956D46DE8}") = "AForgeImaging", "AForgeImaging", "{AD8C409D-4363-4761-827D-FE3DFA88E012}"
	ProjectSection(SolutionItems) = preProject
		.lib\AForgeImaging\AForge.dll = .lib\AForgeImaging\AForge.dll
		.lib\AForgeImaging\AForge.Imaging.dll = .lib\AForgeImaging\AForge.Imaging.dll
		.lib\AForgeImaging\AForge.Imaging.pdb = .lib\AForgeImaging\AForge.Imaging.pdb
		.lib\AForgeImaging\AForge.Imaging.xml = .lib\AForgeImaging\AForge.Imaging.xml
		.lib\AForgeImaging\AForge.Math.dll = .lib\AForgeImaging\AForge.Math.dll
		.lib\AForgeImaging\AForge.Math.pdb = .lib\AForgeImaging\AForge.Math.pdb
		.lib\AForgeImaging\AForge.Math.xml = .lib\AForgeImaging\AForge.Math.xml
		.lib\AForgeImaging\AForge.pdb = .lib\AForgeImaging\AForge.pdb
		.lib\AForgeImaging\AForge.xml = .lib\AForgeImaging\AForge.xml
	EndProjectSection
EndProject
Project("{FAE04EC0-301F-11D3-BF4B-00C04F79EFBC}") = "NeuroflowTests", "NeuroflowTests\NeuroflowTests.csproj", "{E9B5C7C8-7457-4A5F-9C41-5EDCE44E0DFB}"
EndProject
Project("{2150E333-8FDC-42A3-9474-1A3956D46DE8}") = "Solution Items", "Solution Items", "{695C60CB-43CD-49C0-81C1-9A25AB4B8250}"
	ProjectSection(SolutionItems) = preProject
		Local.testsettings = Local.testsettings
		Neuroflow.vsmdi = Neuroflow.vsmdi
		TraceAndTestImpact.testsettings = TraceAndTestImpact.testsettings
	EndProjectSection
EndProject
Global
	GlobalSection(TestCaseManagementSettings) = postSolution
		CategoryFile = Neuroflow.vsmdi
	EndGlobalSection
	GlobalSection(SolutionConfigurationPlatforms) = preSolution
		Debug|Any CPU = Debug|Any CPU
		Debug|Mixed Platforms = Debug|Mixed Platforms
		Debug|x86 = Debug|x86
		Release|Any CPU = Release|Any CPU
		Release|Mixed Platforms = Release|Mixed Platforms
		Release|x86 = Release|x86
	EndGlobalSection
	GlobalSection(ProjectConfigurationPlatforms) = postSolution
		{D0DB06C6-6891-462F-BC1D-1E39AE751288}.Debug|Any CPU.ActiveCfg = Debug|Any CPU
		{D0DB06C6-6891-462F-BC1D-1E39AE751288}.Debug|Any CPU.Build.0 = Debug|Any CPU
		{D0DB06C6-6891-462F-BC1D-1E39AE751288}.Debug|Mixed Platforms.ActiveCfg = Debug|Any CPU
		{D0DB06C6-6891-462F-BC1D-1E39AE751288}.Debug|Mixed Platforms.Build.0 = Debug|Any CPU
		{D0DB06C6-6891-462F-BC1D-1E39AE751288}.Debug|x86.ActiveCfg = Debug|Any CPU
		{D0DB06C6-6891-462F-BC1D-1E39AE751288}.Release|Any CPU.ActiveCfg = Release|Any CPU
		{D0DB06C6-6891-462F-BC1D-1E39AE751288}.Release|Any CPU.Build.0 = Release|Any CPU
		{D0DB06C6-6891-462F-BC1D-1E39AE751288}.Release|Mixed Platforms.ActiveCfg = Release|Any CPU
		{D0DB06C6-6891-462F-BC1D-1E39AE751288}.Release|Mixed Platforms.Build.0 = Release|Any CPU
		{D0DB06C6-6891-462F-BC1D-1E39AE751288}.Release|x86.ActiveCfg = Release|Any CPU
		{3B71189E-2819-4164-8346-24B8E2C5BE04}.Debug|Any CPU.ActiveCfg = Debug|Any CPU
		{3B71189E-2819-4164-8346-24B8E2C5BE04}.Debug|Any CPU.Build.0 = Debug|Any CPU
		{3B71189E-2819-4164-8346-24B8E2C5BE04}.Debug|Mixed Platforms.ActiveCfg = Debug|Any CPU
		{3B71189E-2819-4164-8346-24B8E2C5BE04}.Debug|Mixed Platforms.Build.0 = Debug|Any CPU
		{3B71189E-2819-4164-8346-24B8E2C5BE04}.Debug|x86.ActiveCfg = Debug|Any CPU
		{3B71189E-2819-4164-8346-24B8E2C5BE04}.Release|Any CPU.ActiveCfg = Release|Any CPU
		{3B71189E-2819-4164-8346-24B8E2C5BE04}.Release|Any CPU.Build.0 = Release|Any CPU
		{3B71189E-2819-4164-8346-24B8E2C5BE04}.Release|Mixed Platforms.ActiveCfg = Release|Any CPU
		{3B71189E-2819-4164-8346-24B8E2C5BE04}.Release|Mixed Platforms.Build.0 = Release|Any CPU
		{3B71189E-2819-4164-8346-24B8E2C5BE04}.Release|x86.ActiveCfg = Release|Any CPU
		{363CE544-C4E5-4F59-B632-E559C85893B1}.Debug|Any CPU.ActiveCfg = Debug|Any CPU
		{363CE544-C4E5-4F59-B632-E559C85893B1}.Debug|Any CPU.Build.0 = Debug|Any CPU
		{363CE544-C4E5-4F59-B632-E559C85893B1}.Debug|Mixed Platforms.ActiveCfg = Debug|x86
		{363CE544-C4E5-4F59-B632-E559C85893B1}.Debug|Mixed Platforms.Build.0 = Debug|x86
		{363CE544-C4E5-4F59-B632-E559C85893B1}.Debug|x86.ActiveCfg = Debug|x86
		{363CE544-C4E5-4F59-B632-E559C85893B1}.Debug|x86.Build.0 = Debug|x86
		{363CE544-C4E5-4F59-B632-E559C85893B1}.Release|Any CPU.ActiveCfg = Release|Any CPU
		{363CE544-C4E5-4F59-B632-E559C85893B1}.Release|Any CPU.Build.0 = Release|Any CPU
		{363CE544-C4E5-4F59-B632-E559C85893B1}.Release|Mixed Platforms.ActiveCfg = Release|Any CPU
		{363CE544-C4E5-4F59-B632-E559C85893B1}.Release|Mixed Platforms.Build.0 = Release|Any CPU
		{363CE544-C4E5-4F59-B632-E559C85893B1}.Release|x86.ActiveCfg = Release|x86
		{363CE544-C4E5-4F59-B632-E559C85893B1}.Release|x86.Build.0 = Release|x86
		{2BAF4D57-FD06-4DF5-83CA-6D359E2A99E9}.Debug|Any CPU.ActiveCfg = Debug|Any CPU
		{2BAF4D57-FD06-4DF5-83CA-6D359E2A99E9}.Debug|Any CPU.Build.0 = Debug|Any CPU
		{2BAF4D57-FD06-4DF5-83CA-6D359E2A99E9}.Debug|Mixed Platforms.ActiveCfg = Debug|Any CPU
		{2BAF4D57-FD06-4DF5-83CA-6D359E2A99E9}.Debug|Mixed Platforms.Build.0 = Debug|Any CPU
		{2BAF4D57-FD06-4DF5-83CA-6D359E2A99E9}.Debug|x86.ActiveCfg = Debug|Any CPU
		{2BAF4D57-FD06-4DF5-83CA-6D359E2A99E9}.Release|Any CPU.ActiveCfg = Release|Any CPU
		{2BAF4D57-FD06-4DF5-83CA-6D359E2A99E9}.Release|Any CPU.Build.0 = Release|Any CPU
		{2BAF4D57-FD06-4DF5-83CA-6D359E2A99E9}.Release|Mixed Platforms.ActiveCfg = Release|Any CPU
		{2BAF4D57-FD06-4DF5-83CA-6D359E2A99E9}.Release|Mixed Platforms.Build.0 = Release|Any CPU
		{2BAF4D57-FD06-4DF5-83CA-6D359E2A99E9}.Release|x86.ActiveCfg = Release|Any CPU
		{CE6D5FF8-70F8-438D-843E-9647C1DFB2E9}.Debug|Any CPU.ActiveCfg = Debug|Any CPU
		{CE6D5FF8-70F8-438D-843E-9647C1DFB2E9}.Debug|Any CPU.Build.0 = Debug|Any CPU
		{CE6D5FF8-70F8-438D-843E-9647C1DFB2E9}.Debug|Mixed Platforms.ActiveCfg = Debug|x86
		{CE6D5FF8-70F8-438D-843E-9647C1DFB2E9}.Debug|Mixed Platforms.Build.0 = Debug|x86
		{CE6D5FF8-70F8-438D-843E-9647C1DFB2E9}.Debug|x86.ActiveCfg = Debug|x86
		{CE6D5FF8-70F8-438D-843E-9647C1DFB2E9}.Debug|x86.Build.0 = Debug|x86
		{CE6D5FF8-70F8-438D-843E-9647C1DFB2E9}.Release|Any CPU.ActiveCfg = Release|Any CPU
		{CE6D5FF8-70F8-438D-843E-9647C1DFB2E9}.Release|Any CPU.Build.0 = Release|Any CPU
		{CE6D5FF8-70F8-438D-843E-9647C1DFB2E9}.Release|Mixed Platforms.ActiveCfg = Release|x86
		{CE6D5FF8-70F8-438D-843E-9647C1DFB2E9}.Release|Mixed Platforms.Build.0 = Release|x86
		{CE6D5FF8-70F8-438D-843E-9647C1DFB2E9}.Release|x86.ActiveCfg = Release|x86
		{CE6D5FF8-70F8-438D-843E-9647C1DFB2E9}.Release|x86.Build.0 = Release|x86
		{E9B5C7C8-7457-4A5F-9C41-5EDCE44E0DFB}.Debug|Any CPU.ActiveCfg = Debug|Any CPU
		{E9B5C7C8-7457-4A5F-9C41-5EDCE44E0DFB}.Debug|Any CPU.Build.0 = Debug|Any CPU
		{E9B5C7C8-7457-4A5F-9C41-5EDCE44E0DFB}.Debug|Mixed Platforms.ActiveCfg = Debug|Any CPU
		{E9B5C7C8-7457-4A5F-9C41-5EDCE44E0DFB}.Debug|Mixed Platforms.Build.0 = Debug|Any CPU
		{E9B5C7C8-7457-4A5F-9C41-5EDCE44E0DFB}.Debug|x86.ActiveCfg = Debug|Any CPU
		{E9B5C7C8-7457-4A5F-9C41-5EDCE44E0DFB}.Release|Any CPU.ActiveCfg = Release|Any CPU
		{E9B5C7C8-7457-4A5F-9C41-5EDCE44E0DFB}.Release|Any CPU.Build.0 = Release|Any CPU
		{E9B5C7C8-7457-4A5F-9C41-5EDCE44E0DFB}.Release|Mixed Platforms.ActiveCfg = Release|Any CPU
		{E9B5C7C8-7457-4A5F-9C41-5EDCE44E0DFB}.Release|Mixed Platforms.Build.0 = Release|Any CPU
		{E9B5C7C8-7457-4A5F-9C41-5EDCE44E0DFB}.Release|x86.ActiveCfg = Release|Any CPU
	EndGlobalSection
	GlobalSection(SolutionProperties) = preSolution
		HideSolutionNode = FALSE
	EndGlobalSection
	GlobalSection(NestedProjects) = preSolution
		{3B71189E-2819-4164-8346-24B8E2C5BE04} = {182530C9-FCAF-4E9C-A02B-07DF837F96F1}
		{D0DB06C6-6891-462F-BC1D-1E39AE751288} = {182530C9-FCAF-4E9C-A02B-07DF837F96F1}
		{363CE544-C4E5-4F59-B632-E559C85893B1} = {2B7D7594-1C94-4B8F-9151-8760E54450A4}
		{2BAF4D57-FD06-4DF5-83CA-6D359E2A99E9} = {2B7D7594-1C94-4B8F-9151-8760E54450A4}
		{CE6D5FF8-70F8-438D-843E-9647C1DFB2E9} = {2B7D7594-1C94-4B8F-9151-8760E54450A4}
		{AD8C409D-4363-4761-827D-FE3DFA88E012} = {6753D973-7F43-4B90-845E-6C8BF33E55C5}
	EndGlobalSection
EndGlobal
