<?xml version="1.0" encoding="utf-8"?>
<Project ToolsVersion="4.0" xmlns="http://schemas.microsoft.com/developer/msbuild/2003">
  <ItemGroup>
    <Filter Include="Source Files">
      <UniqueIdentifier>{4FC737F1-C7A5-4376-A066-2A32D752A2FF}</UniqueIdentifier>
      <Extensions>cpp;c;cc;cxx;def;odl;idl;hpj;bat;asm;asmx</Extensions>
    </Filter>
    <Filter Include="Header Files">
      <UniqueIdentifier>{93995380-89BD-4b04-88EB-625FBE52EBFB}</UniqueIdentifier>
      <Extensions>h;hpp;hxx;hm;inl;inc;xsd</Extensions>
    </Filter>
    <Filter Include="Resource Files">
      <UniqueIdentifier>{67DA6AB6-F800-4c08-8B7A-83BB121AAD01}</UniqueIdentifier>
      <Extensions>rc;ico;cur;bmp;dlg;rc2;rct;bin;rgs;gif;jpg;jpeg;jpe;resx;tiff;tif;png;wav;mfcribbon-ms</Extensions>
    </Filter>
  </ItemGroup>
  <ItemGroup>
    <Text Include="ReadMe.txt" />
  </ItemGroup>
  <ItemGroup>
    <ClInclude Include="stdafx.h">
      <Filter>Header Files</Filter>
    </ClInclude>
    <ClInclude Include="targetver.h">
      <Filter>Header Files</Filter>
    </ClInclude>
    <ClInclude Include="IntRange.h">
      <Filter>Header Files</Filter>
    </ClInclude>
    <ClInclude Include="InputValueAccess.h">
      <Filter>Header Files</Filter>
    </ClInclude>
    <ClInclude Include="ErrorValueAccess.h">
      <Filter>Header Files</Filter>
    </ClInclude>
    <ClInclude Include="LayerForwardCompute.h">
      <Filter>Header Files</Filter>
    </ClInclude>
    <ClInclude Include="resource.h">
      <Filter>Header Files</Filter>
    </ClInclude>
    <ClInclude Include="UpperLayerInfo.h">
      <Filter>Header Files</Filter>
    </ClInclude>
    <ClInclude Include="Enums.h">
      <Filter>Header Files</Filter>
    </ClInclude>
    <ClInclude Include="INativeNeuralNetworkImpl.h">
      <Filter>Header Files</Filter>
    </ClInclude>
    <ClInclude Include="Factory.h">
      <Filter>Header Files</Filter>
    </ClInclude>
    <ClInclude Include="StagingView.h">
      <Filter>Header Files</Filter>
    </ClInclude>
    <ClInclude Include="CPPAmpNN.h">
      <Filter>Header Files</Filter>
    </ClInclude>
    <ClInclude Include="Disposable.h">
      <Filter>Header Files</Filter>
    </ClInclude>
    <ClInclude Include="Typedefs.h">
      <Filter>Header Files</Filter>
    </ClInclude>
    <ClInclude Include="CPPAmpValueBuffer.h">
      <Filter>Header Files</Filter>
    </ClInclude>
    <ClInclude Include="CPPAmpVectorBuffer.h">
      <Filter>Header Files</Filter>
    </ClInclude>
    <ClInclude Include="IVectorBuffer.h">
      <Filter>Header Files</Filter>
    </ClInclude>
  </ItemGroup>
  <ItemGroup>
    <ClCompile Include="stdafx.cpp">
      <Filter>Source Files</Filter>
    </ClCompile>
    <ClCompile Include="LayerForwardCompute.cpp">
      <Filter>Source Files</Filter>
    </ClCompile>
    <ClCompile Include="Factory.cpp">
      <Filter>Source Files</Filter>
    </ClCompile>
    <ClCompile Include="CPPAmpNN.cpp">
      <Filter>Source Files</Filter>
    </ClCompile>
    <ClCompile Include="CPPAmpValueBuffer.cpp">
      <Filter>Source Files</Filter>
    </ClCompile>
    <ClCompile Include="CPPAmpVectorBuffer.cpp">
      <Filter>Source Files</Filter>
    </ClCompile>
  </ItemGroup>
</Project>