<?xml version="1.0" encoding="utf-8"?>
<Project ToolsVersion="4.0" xmlns="http://schemas.microsoft.com/developer/msbuild/2003">
  <ItemGroup>
    <Filter Include="Source Files">
      <UniqueIdentifier>{4FC737F1-C7A5-4376-A066-2A32D752A2FF}</UniqueIdentifier>
      <Extensions>cpp;c;cc;cxx;def;odl;idl;hpj;bat;asm;asmx</Extensions>
    </Filter>
    <Filter Include="Header Files">
      <UniqueIdentifier>{93995380-89BD-4b04-88EB-625FBE52EBFB}</UniqueIdentifier>
      <Extensions>h;hpp;hxx;hm;inl;inc;xsd</Extensions>
    </Filter>
    <Filter Include="Resource Files">
      <UniqueIdentifier>{67DA6AB6-F800-4c08-8B7A-83BB121AAD01}</UniqueIdentifier>
      <Extensions>rc;ico;cur;bmp;dlg;rc2;rct;bin;rgs;gif;jpg;jpeg;jpe;resx;tiff;tif;png;wav;mfcribbon-ms</Extensions>
    </Filter>
    <Filter Include="Header Files\OCL">
      <UniqueIdentifier>{8ed6d79e-c84f-4e59-9b5c-336ad295dc78}</UniqueIdentifier>
    </Filter>
    <Filter Include="Source Files\OCL">
      <UniqueIdentifier>{1f46803c-410a-4888-9583-ef087343c0c9}</UniqueIdentifier>
    </Filter>
  </ItemGroup>
  <ItemGroup>
    <Text Include="ReadMe.txt" />
  </ItemGroup>
  <ItemGroup>
    <ClInclude Include="stdafx.h">
      <Filter>Header Files</Filter>
    </ClInclude>
    <ClInclude Include="targetver.h">
      <Filter>Header Files</Filter>
    </ClInclude>
    <ClInclude Include="DataArray.h">
      <Filter>Header Files</Filter>
    </ClInclude>
    <ClInclude Include="DataArrayFactory.h">
      <Filter>Header Files</Filter>
    </ClInclude>
    <ClInclude Include="DeviceInfo.h">
      <Filter>Header Files</Filter>
    </ClInclude>
    <ClInclude Include="Error.h">
      <Filter>Header Files</Filter>
    </ClInclude>
    <ClInclude Include="GetSize.h">
      <Filter>Header Files</Filter>
    </ClInclude>
    <ClInclude Include="GetVectorSize.h">
      <Filter>Header Files</Filter>
    </ClInclude>
    <ClInclude Include="IComputeActivation.h">
      <Filter>Header Files</Filter>
    </ClInclude>
    <ClInclude Include="IDeviceArray.h">
      <Filter>Header Files</Filter>
    </ClInclude>
    <ClInclude Include="IDeviceArray2.h">
      <Filter>Header Files</Filter>
    </ClInclude>
    <ClInclude Include="IDeviceArrayManagement.h">
      <Filter>Header Files</Filter>
    </ClInclude>
    <ClInclude Include="ILearningAlgo.h">
      <Filter>Header Files</Filter>
    </ClInclude>
    <ClInclude Include="ILearningAlgoFactory.h">
      <Filter>Header Files</Filter>
    </ClInclude>
    <ClInclude Include="IMultilayerPerceptronAdapter.h">
      <Filter>Header Files</Filter>
    </ClInclude>
    <ClInclude Include="IVectorUtils.h">
      <Filter>Header Files</Filter>
    </ClInclude>
    <ClInclude Include="LearningAlgo.h">
      <Filter>Header Files</Filter>
    </ClInclude>
    <ClInclude Include="NfObject.h">
      <Filter>Header Files</Filter>
    </ClInclude>
    <ClInclude Include="NNMetadata.h">
      <Filter>Header Files</Filter>
    </ClInclude>
    <ClInclude Include="NUtils.h">
      <Filter>Header Files</Filter>
    </ClInclude>
    <ClInclude Include="OCL.h">
      <Filter>Header Files\OCL</Filter>
    </ClInclude>
    <ClInclude Include="OCLBuffer1.h">
      <Filter>Header Files\OCL</Filter>
    </ClInclude>
    <ClInclude Include="OCLBuffer2.h">
      <Filter>Header Files\OCL</Filter>
    </ClInclude>
    <ClInclude Include="OCLComputeActivation.h">
      <Filter>Header Files\OCL</Filter>
    </ClInclude>
    <ClInclude Include="OCLComputeForwardKernel.h">
      <Filter>Header Files\OCL</Filter>
    </ClInclude>
    <ClInclude Include="OCLComputeGradientDescent.h">
      <Filter>Header Files\OCL</Filter>
    </ClInclude>
    <ClInclude Include="OCLComputeGradientsKernel.h">
      <Filter>Header Files\OCL</Filter>
    </ClInclude>
    <ClInclude Include="OCLComputeInternalErrorsKernel.h">
      <Filter>Header Files\OCL</Filter>
    </ClInclude>
    <ClInclude Include="OCLComputeOutputErrorsKernel.h">
      <Filter>Header Files\OCL</Filter>
    </ClInclude>
    <ClInclude Include="OCLContextImpl.h">
      <Filter>Header Files\OCL</Filter>
    </ClInclude>
    <ClInclude Include="OCLDataArray.h">
      <Filter>Header Files\OCL</Filter>
    </ClInclude>
    <ClInclude Include="OCLDataArrayFactory.h">
      <Filter>Header Files\OCL</Filter>
    </ClInclude>
    <ClInclude Include="OCLDeviceArrayManagement.h">
      <Filter>Header Files\OCL</Filter>
    </ClInclude>
    <ClInclude Include="OCLError.h">
      <Filter>Header Files\OCL</Filter>
    </ClInclude>
    <ClInclude Include="OCLGradientDescentLearningAlgo.h">
      <Filter>Header Files\OCL</Filter>
    </ClInclude>
    <ClInclude Include="OCLIntCtx.h">
      <Filter>Header Files\OCL</Filter>
    </ClInclude>
    <ClInclude Include="OCLKernelBase.h">
      <Filter>Header Files\OCL</Filter>
    </ClInclude>
    <ClInclude Include="OCLKernelToExecute.h">
      <Filter>Header Files\OCL</Filter>
    </ClInclude>
    <ClInclude Include="OCLLearningAlgoFactory.h">
      <Filter>Header Files\OCL</Filter>
    </ClInclude>
    <ClInclude Include="OCLMultilayerPerceptronAdapter.h">
      <Filter>Header Files\OCL</Filter>
    </ClInclude>
    <ClInclude Include="OCLStructs.h">
      <Filter>Header Files\OCL</Filter>
    </ClInclude>
    <ClInclude Include="OCLTypedefs.h">
      <Filter>Header Files\OCL</Filter>
    </ClInclude>
    <ClInclude Include="OCLVectorKernelName.h">
      <Filter>Header Files\OCL</Filter>
    </ClInclude>
    <ClInclude Include="OCLVectorUtils.h">
      <Filter>Header Files\OCL</Filter>
    </ClInclude>
    <ClInclude Include="Typedefs.h">
      <Filter>Header Files</Filter>
    </ClInclude>
    <ClInclude Include="Registry.h">
      <Filter>Header Files</Filter>
    </ClInclude>
    <ClInclude Include="OCLProgram.h">
      <Filter>Header Files\OCL</Filter>
    </ClInclude>
    <ClInclude Include="OCLProgramUnit.h">
      <Filter>Header Files\OCL</Filter>
    </ClInclude>
    <ClInclude Include="OCLVault.h">
      <Filter>Header Files\OCL</Filter>
    </ClInclude>
    <ClInclude Include="OCLVersionableKernelBase.h">
      <Filter>Header Files\OCL</Filter>
    </ClInclude>
    <ClInclude Include="OCLComputationState.h">
      <Filter>Header Files\OCL</Filter>
    </ClInclude>
    <ClInclude Include="OCLComputeGradientsRTLRKernel.h">
      <Filter>Header Files\OCL</Filter>
    </ClInclude>
    <ClInclude Include="OCLOutOfOrderQueue.h">
      <Filter>Header Files</Filter>
    </ClInclude>
  </ItemGroup>
  <ItemGroup>
    <ClCompile Include="stdafx.cpp">
      <Filter>Source Files</Filter>
    </ClCompile>
    <ClCompile Include="OCLBuffer1.cpp">
      <Filter>Source Files\OCL</Filter>
    </ClCompile>
    <ClCompile Include="OCLComputeActivation.cpp">
      <Filter>Source Files\OCL</Filter>
    </ClCompile>
    <ClCompile Include="OCLComputeForwardKernel.cpp">
      <Filter>Source Files\OCL</Filter>
    </ClCompile>
    <ClCompile Include="OCLComputeGradientDescent.cpp">
      <Filter>Source Files\OCL</Filter>
    </ClCompile>
    <ClCompile Include="OCLComputeGradientsKernel.cpp">
      <Filter>Source Files\OCL</Filter>
    </ClCompile>
    <ClCompile Include="OCLComputeInternalErrorsKernel.cpp">
      <Filter>Source Files\OCL</Filter>
    </ClCompile>
    <ClCompile Include="OCLComputeOutputErrorsKernel.cpp">
      <Filter>Source Files\OCL</Filter>
    </ClCompile>
    <ClCompile Include="OCLContextImpl.cpp">
      <Filter>Source Files\OCL</Filter>
    </ClCompile>
    <ClCompile Include="OCLDataArray.cpp">
      <Filter>Source Files\OCL</Filter>
    </ClCompile>
    <ClCompile Include="OCLDeviceArrayManagement.cpp">
      <Filter>Source Files\OCL</Filter>
    </ClCompile>
    <ClCompile Include="OCLGradientDescentLearningAlgo.cpp">
      <Filter>Source Files\OCL</Filter>
    </ClCompile>
    <ClCompile Include="OCLIntCtx.cpp">
      <Filter>Source Files\OCL</Filter>
    </ClCompile>
    <ClCompile Include="OCLKernelBase.cpp">
      <Filter>Source Files\OCL</Filter>
    </ClCompile>
    <ClCompile Include="OCLLearningAlgoFactory.cpp">
      <Filter>Source Files\OCL</Filter>
    </ClCompile>
    <ClCompile Include="OCLMultilayerPerceptronAdapter.cpp">
      <Filter>Source Files\OCL</Filter>
    </ClCompile>
    <ClCompile Include="OCLVectorKernelName.cpp">
      <Filter>Source Files\OCL</Filter>
    </ClCompile>
    <ClCompile Include="OCLVectorUtils.cpp">
      <Filter>Source Files\OCL</Filter>
    </ClCompile>
    <ClCompile Include="OCLProgram.cpp">
      <Filter>Source Files\OCL</Filter>
    </ClCompile>
    <ClCompile Include="OCLProgramUnit.cpp">
      <Filter>Source Files\OCL</Filter>
    </ClCompile>
    <ClCompile Include="OCLVault.cpp">
      <Filter>Source Files\OCL</Filter>
    </ClCompile>
    <ClCompile Include="OCLKernelToExecute.cpp">
      <Filter>Source Files\OCL</Filter>
    </ClCompile>
    <ClCompile Include="OCLComputationState.cpp">
      <Filter>Source Files\OCL</Filter>
    </ClCompile>
    <ClCompile Include="OCLComputeGradientsRTLRKernel.cpp">
      <Filter>Source Files\OCL</Filter>
    </ClCompile>
    <ClCompile Include="OCLOutOfOrderQueue.cpp">
      <Filter>Source Files</Filter>
    </ClCompile>
  </ItemGroup>
</Project>